Microsoft Visual Studio Solution File, Format Version 12.00
Project("{9A19103F-16F7-4668-BE54-9A1E7A4F7556}") = "this", "this.proj", "{49C904F5-6685-4892-8D5F-5CBCFD21BE10}"
EndProject
Project("{9A19103F-16F7-4668-BE54-9A1E7A4F7556}") = "inxton_axopen_abstractions", "..\abstractions\src\AXOpen.Abstractions\inxton_axopen_abstractions.csproj", "{E7B8B7FD-8F52-4CFE-A290-59849D1F973D}"
EndProject
Project("{9A19103F-16F7-4668-BE54-9A1E7A4F7556}") = "AXOpen.Base.Abstractions", "..\base\src\AXOpen.Base.Abstractions\AXOpen.Base.Abstractions.csproj", "{378BBA57-005A-4603-92EA-B1FD4FE743D3}"
EndProject
Project("{9A19103F-16F7-4668-BE54-9A1E7A4F7556}") = "AXOpen.Logging.Serilog", "..\base\src\AXOpen.Logging\AXOpen.Logging.Serilog.csproj", "{F3B132B4-B197-43F5-81CF-8166B6BF5AD8}"
EndProject
Project("{9A19103F-16F7-4668-BE54-9A1E7A4F7556}") = "AXOpen.VisualComposer", "..\base\src\AXOpen.VisualComposer\AXOpen.VisualComposer.csproj", "{7B821F36-6BDE-4878-85A6-25F95A8F0E93}"
EndProject
Project("{9A19103F-16F7-4668-BE54-9A1E7A4F7556}") = "inxton_axopen_components_abstractions", "..\components.abstractions\src\AXOpen.Components.Abstractions\inxton_axopen_components_abstractions.csproj", "{C46BECD8-B9AE-4DBC-BF0F-D0FC419EB10F}"
EndProject
Project("{9A19103F-16F7-4668-BE54-9A1E7A4F7556}") = "AXOpen.Components.Robotics.blazorapp", "app\ix-blazor\AXOpen.Components.Robotics.blazorapp.csproj", "{E2EB9F83-77B1-41D1-95B0-9381EBED9B89}"
EndProject
Project("{9A19103F-16F7-4668-BE54-9A1E7A4F7556}") = "app_axopen_components_robotics", "app\ix\app_axopen_components_robotics.csproj", "{81403B5A-041C-4A7A-82AE-EB18FFECEB11}"
EndProject
Project("{9A19103F-16F7-4668-BE54-9A1E7A4F7556}") = "AXOpen.Components.Robotics.blazor", "src\AXOpen.Components.Robotics.blazor\AXOpen.Components.Robotics.blazor.csproj", "{27740B62-F380-4163-A9CF-68F94764E043}"
EndProject
Project("{9A19103F-16F7-4668-BE54-9A1E7A4F7556}") = "inxton_axopen_components_robotics", "src\AXOpen.Components.Robotics\inxton_axopen_components_robotics.csproj", "{C13738CF-2C7C-4D77-9DCB-15E0F61D2F4F}"
EndProject
Project("{9A19103F-16F7-4668-BE54-9A1E7A4F7556}") = "AXOpen.Components.Robotics_tests", "tests\AXOpen.Components.Robotics.Tests\AXOpen.Components.Robotics_tests.csproj", "{BC384CDF-7906-43E3-91EC-D1EFFD782096}"
EndProject
Project("{9A19103F-16F7-4668-BE54-9A1E7A4F7556}") = "axopen_core_blazor", "..\core\src\AXOpen.Core.Blazor\axopen_core_blazor.csproj", "{D78464CB-31B1-489A-BBFB-110E12FDB1A1}"
EndProject
Project("{9A19103F-16F7-4668-BE54-9A1E7A4F7556}") = "inxton_axopen_core", "..\core\src\AXOpen.Core\inxton_axopen_core.csproj", "{FC2861F6-1678-44BB-A2DB-4C40AD2C77A7}"
EndProject
Project("{9A19103F-16F7-4668-BE54-9A1E7A4F7556}") = "AXOpen.Data.Json", "..\data\src\repositories\Json\AXOpen.Data.Json.csproj", "{8F25017B-4481-4A90-99BF-27FEEB92FC89}"
EndProject
Project("{9A19103F-16F7-4668-BE54-9A1E7A4F7556}") = "inxton_axopen_io", "..\io\src\AXOpen.Io\inxton_axopen_io.csproj", "{C6E304C4-B7F5-4911-9F9A-992209F47BCA}"
EndProject
Project("{9A19103F-16F7-4668-BE54-9A1E7A4F7556}") = "inxton_ax_sdk", "..\sdk-ax\ctrl\ix\inxton_ax_sdk.csproj", "{D38F4958-6468-475C-B5F2-9EA1451957B9}"
EndProject
Project("{9A19103F-16F7-4668-BE54-9A1E7A4F7556}") = "AXOpen.Security.Blazor", "..\Security\src\AXOpen.Security.Blazor\AXOpen.Security.Blazor.csproj", "{3DA6D54C-9CE3-4EA7-8AD9-370FFCEEACC2}"
EndProject
Project("{9A19103F-16F7-4668-BE54-9A1E7A4F7556}") = "AXOpen.Security", "..\Security\src\AXOpen.Security\AXOpen.Security.csproj", "{F2EE1C68-EFE9-478F-8AE2-BBCFAEF59C22}"
EndProject
Project("{9A19103F-16F7-4668-BE54-9A1E7A4F7556}") = "inxton_axopen_simatic1500", "..\simatic1500\ctrl\ix\inxton_axopen_simatic1500.csproj", "{774F1D7F-C3CB-4F4A-A099-74CCAACA998F}"
EndProject
Project("{9A19103F-16F7-4668-BE54-9A1E7A4F7556}") = "inxton_axopen_timers", "..\timers\src\AXOpen.Timers\inxton_axopen_timers.csproj", "{E9B9F590-EB01-4FBE-AA0E-D46C4EEADC43}"
EndProject
Project("{9A19103F-16F7-4668-BE54-9A1E7A4F7556}") = "AXOpen.ToolBox", "..\toolbox\src\AXOpen.ToolBox\AXOpen.ToolBox.csproj", "{A60589F3-24F6-4377-9E4A-D5C9FD267EAA}"
EndProject
Project("{2150E333-8FDC-42A3-9474-1A3956D46DE8}") = "AXOpen.Abstractions", "..\abstractions\src\AXOpen.Abstractions", "{DED06024-81BA-41B9-96CC-94D26739C2DF}"
EndProject
Project("{2150E333-8FDC-42A3-9474-1A3956D46DE8}") = "src", "..\abstractions\src", "{B83AF04B-696C-4858-862B-E218916A3A91}"
EndProject
Project("{2150E333-8FDC-42A3-9474-1A3956D46DE8}") = "abstractions", "..\abstractions", "{C35B6598-D13A-4A89-81A9-27B562E5F170}"
EndProject
Project("{2150E333-8FDC-42A3-9474-1A3956D46DE8}") = "AXOpen.Base.Abstractions", "..\base\src\AXOpen.Base.Abstractions", "{EE642F54-0F65-4C78-B42D-FE7493A7F1C1}"
EndProject
Project("{2150E333-8FDC-42A3-9474-1A3956D46DE8}") = "AXOpen.Logging", "..\base\src\AXOpen.Logging", "{563F845D-5297-4FBA-96A5-5AFEE024F833}"
EndProject
Project("{2150E333-8FDC-42A3-9474-1A3956D46DE8}") = "AXOpen.VisualComposer", "..\base\src\AXOpen.VisualComposer", "{59AE39AC-3C39-42A8-96DD-6A0625E9D738}"
EndProject
Project("{2150E333-8FDC-42A3-9474-1A3956D46DE8}") = "src", "..\base\src", "{6EC43066-C617-4C03-BA4E-58052F8F47F2}"
EndProject
Project("{2150E333-8FDC-42A3-9474-1A3956D46DE8}") = "base", "..\base", "{965040DD-1E3A-46DB-AB05-20DD5791A4A9}"
EndProject
Project("{2150E333-8FDC-42A3-9474-1A3956D46DE8}") = "AXOpen.Components.Abstractions", "..\components.abstractions\src\AXOpen.Components.Abstractions", "{C003AC75-D6FA-4979-9C5A-9B990759CE65}"
EndProject
Project("{2150E333-8FDC-42A3-9474-1A3956D46DE8}") = "src", "..\components.abstractions\src", "{3E1E9055-7DC2-4FFB-8483-C126D7D77645}"
EndProject
Project("{2150E333-8FDC-42A3-9474-1A3956D46DE8}") = "components.abstractions", "..\components.abstractions", "{48A16D9B-2404-49CF-8176-63012D1C8811}"
EndProject
Project("{2150E333-8FDC-42A3-9474-1A3956D46DE8}") = "ix-blazor", "app\ix-blazor", "{65211C5D-36B6-43E5-988F-2C0476199B26}"
EndProject
Project("{2150E333-8FDC-42A3-9474-1A3956D46DE8}") = "ix", "app\ix", "{9935E31D-D1A6-4E51-AA8A-DD1FA72E4333}"
EndProject
Project("{2150E333-8FDC-42A3-9474-1A3956D46DE8}") = "app", "app", "{76076576-1121-406F-81A2-64504CB94384}"
EndProject
Project("{2150E333-8FDC-42A3-9474-1A3956D46DE8}") = "AXOpen.Components.Robotics.blazor", "src\AXOpen.Components.Robotics.blazor", "{9FC936B0-B4FF-4C0B-A576-6A3669399BD3}"
EndProject
Project("{2150E333-8FDC-42A3-9474-1A3956D46DE8}") = "AXOpen.Components.Robotics", "src\AXOpen.Components.Robotics", "{D9A4FE7E-B0EA-4721-B1B6-569B8561F639}"
EndProject
Project("{2150E333-8FDC-42A3-9474-1A3956D46DE8}") = "src", "src", "{9A32344D-D0B4-4ADE-9217-FC59236D2256}"
EndProject
Project("{2150E333-8FDC-42A3-9474-1A3956D46DE8}") = "AXOpen.Components.Robotics.Tests", "tests\AXOpen.Components.Robotics.Tests", "{BA8B0AC0-BB72-4330-A86B-01AE518FADF0}"
EndProject
Project("{2150E333-8FDC-42A3-9474-1A3956D46DE8}") = "tests", "tests", "{35D09F7A-807A-41F1-9D5B-8FA3792DB947}"
EndProject
Project("{2150E333-8FDC-42A3-9474-1A3956D46DE8}") = "components.robotics", "..\components.robotics", "{62D6C128-6B58-46F6-8495-91B1EB9D4B84}"
EndProject
Project("{2150E333-8FDC-42A3-9474-1A3956D46DE8}") = "AXOpen.Core.Blazor", "..\core\src\AXOpen.Core.Blazor", "{912D12A8-01B8-4CBD-915F-5E0CBDDBFC52}"
EndProject
Project("{2150E333-8FDC-42A3-9474-1A3956D46DE8}") = "AXOpen.Core", "..\core\src\AXOpen.Core", "{D842FFDA-AD48-4D94-B10F-D672362F2C9F}"
EndProject
Project("{2150E333-8FDC-42A3-9474-1A3956D46DE8}") = "src", "..\core\src", "{2FEED754-4072-440C-807F-048FA7B40AF3}"
EndProject
Project("{2150E333-8FDC-42A3-9474-1A3956D46DE8}") = "core", "..\core", "{00DA9C55-FA5C-4A83-A2C3-AD621C427B03}"
EndProject
Project("{2150E333-8FDC-42A3-9474-1A3956D46DE8}") = "Json", "..\data\src\repositories\Json", "{4CDF7A5A-8CD2-4E94-BEE4-D46BC8652FED}"
EndProject
Project("{2150E333-8FDC-42A3-9474-1A3956D46DE8}") = "repositories", "..\data\src\repositories", "{D8694F01-A4A9-451A-9F18-3FD999F566DE}"
EndProject
Project("{2150E333-8FDC-42A3-9474-1A3956D46DE8}") = "src", "..\data\src", "{718ACBCE-9796-4607-9D41-3F0DF4D55F3D}"
EndProject
Project("{2150E333-8FDC-42A3-9474-1A3956D46DE8}") = "data", "..\data", "{0C079723-1EBE-4DF6-AC64-C52FB1D4F207}"
EndProject
Project("{2150E333-8FDC-42A3-9474-1A3956D46DE8}") = "AXOpen.Io", "..\io\src\AXOpen.Io", "{40C12F5B-53F4-4285-8B68-36F037A2420B}"
EndProject
Project("{2150E333-8FDC-42A3-9474-1A3956D46DE8}") = "src", "..\io\src", "{355DFFB7-34D6-40AC-8B40-B0E45523DC7B}"
EndProject
Project("{2150E333-8FDC-42A3-9474-1A3956D46DE8}") = "io", "..\io", "{39A57E6B-EFD4-457C-BF69-53ADC5053B7B}"
EndProject
Project("{2150E333-8FDC-42A3-9474-1A3956D46DE8}") = "ix", "..\sdk-ax\ctrl\ix", "{C323D213-C9A3-479E-9CAC-37C66CA126EE}"
EndProject
Project("{2150E333-8FDC-42A3-9474-1A3956D46DE8}") = "ctrl", "..\sdk-ax\ctrl", "{90C2F00F-7C44-4328-8F90-ECC4C90B4711}"
EndProject
Project("{2150E333-8FDC-42A3-9474-1A3956D46DE8}") = "sdk-ax", "..\sdk-ax", "{8EDF9B1C-2881-42D1-9142-C0643B11A513}"
EndProject
Project("{2150E333-8FDC-42A3-9474-1A3956D46DE8}") = "AXOpen.Security.Blazor", "..\Security\src\AXOpen.Security.Blazor", "{89F26D4E-D9D0-4175-B595-4EA87B7AE520}"
EndProject
Project("{2150E333-8FDC-42A3-9474-1A3956D46DE8}") = "AXOpen.Security", "..\Security\src\AXOpen.Security", "{2FDCCF47-F20E-49C3-80CA-B126079FE165}"
EndProject
Project("{2150E333-8FDC-42A3-9474-1A3956D46DE8}") = "src", "..\Security\src", "{7D3AFF94-44AF-4B84-8358-6062926D6C7F}"
EndProject
Project("{2150E333-8FDC-42A3-9474-1A3956D46DE8}") = "Security", "..\Security", "{23E423D8-10EE-4429-91AD-242F99E1073E}"
EndProject
Project("{2150E333-8FDC-42A3-9474-1A3956D46DE8}") = "ix", "..\simatic1500\ctrl\ix", "{1E536457-51FC-4CCD-A5AD-79A3E92FED1A}"
EndProject
Project("{2150E333-8FDC-42A3-9474-1A3956D46DE8}") = "ctrl", "..\simatic1500\ctrl", "{CE80483F-16BB-4E57-967B-A86EA8A44187}"
EndProject
Project("{2150E333-8FDC-42A3-9474-1A3956D46DE8}") = "simatic1500", "..\simatic1500", "{2583CD12-E59F-42D8-A6EF-34CA5CCCF1FA}"
EndProject
Project("{2150E333-8FDC-42A3-9474-1A3956D46DE8}") = "AXOpen.Timers", "..\timers\src\AXOpen.Timers", "{AAAC72D6-1FBD-4CDF-BC5D-F65141E00963}"
EndProject
Project("{2150E333-8FDC-42A3-9474-1A3956D46DE8}") = "src", "..\timers\src", "{DA510F0B-0004-4128-9FD0-415174B27F1A}"
EndProject
Project("{2150E333-8FDC-42A3-9474-1A3956D46DE8}") = "timers", "..\timers", "{34EDCC2D-6BC1-4967-8B52-A7496E60D908}"
EndProject
Project("{2150E333-8FDC-42A3-9474-1A3956D46DE8}") = "AXOpen.ToolBox", "..\toolbox\src\AXOpen.ToolBox", "{FDED2FB1-23AD-4D25-B850-3B0E341CCD2E}"
EndProject
Project("{2150E333-8FDC-42A3-9474-1A3956D46DE8}") = "src", "..\toolbox\src", "{E25C2545-22A9-4098-B107-6F2B62466B9D}"
EndProject
Project("{2150E333-8FDC-42A3-9474-1A3956D46DE8}") = "toolbox", "..\toolbox", "{C681554E-3751-40F3-ADE9-77A8C39D4164}"
EndProject
Global
	GlobalSection(SolutionConfigurationPlatforms) = preSolution
		Debug|Any CPU = Debug|Any CPU
		Release|Any CPU = Release|Any CPU
	EndGlobalSection
	GlobalSection(ProjectConfigurationPlatforms) = postSolution
		{49C904F5-6685-4892-8D5F-5CBCFD21BE10}.Debug|Any CPU.ActiveCfg = Debug|Any CPU
		{49C904F5-6685-4892-8D5F-5CBCFD21BE10}.Debug|Any CPU.Build.0 = Debug|Any CPU
		{49C904F5-6685-4892-8D5F-5CBCFD21BE10}.Release|Any CPU.ActiveCfg = Release|Any CPU
		{49C904F5-6685-4892-8D5F-5CBCFD21BE10}.Release|Any CPU.Build.0 = Release|Any CPU
		{E7B8B7FD-8F52-4CFE-A290-59849D1F973D}.Debug|Any CPU.ActiveCfg = Debug|Any CPU
		{E7B8B7FD-8F52-4CFE-A290-59849D1F973D}.Debug|Any CPU.Build.0 = Debug|Any CPU
		{E7B8B7FD-8F52-4CFE-A290-59849D1F973D}.Release|Any CPU.ActiveCfg = Release|Any CPU
		{E7B8B7FD-8F52-4CFE-A290-59849D1F973D}.Release|Any CPU.Build.0 = Release|Any CPU
		{378BBA57-005A-4603-92EA-B1FD4FE743D3}.Debug|Any CPU.ActiveCfg = Debug|Any CPU
		{378BBA57-005A-4603-92EA-B1FD4FE743D3}.Debug|Any CPU.Build.0 = Debug|Any CPU
		{378BBA57-005A-4603-92EA-B1FD4FE743D3}.Release|Any CPU.ActiveCfg = Release|Any CPU
		{378BBA57-005A-4603-92EA-B1FD4FE743D3}.Release|Any CPU.Build.0 = Release|Any CPU
		{F3B132B4-B197-43F5-81CF-8166B6BF5AD8}.Debug|Any CPU.ActiveCfg = Debug|Any CPU
		{F3B132B4-B197-43F5-81CF-8166B6BF5AD8}.Debug|Any CPU.Build.0 = Debug|Any CPU
		{F3B132B4-B197-43F5-81CF-8166B6BF5AD8}.Release|Any CPU.ActiveCfg = Release|Any CPU
		{F3B132B4-B197-43F5-81CF-8166B6BF5AD8}.Release|Any CPU.Build.0 = Release|Any CPU
		{7B821F36-6BDE-4878-85A6-25F95A8F0E93}.Debug|Any CPU.ActiveCfg = Debug|Any CPU
		{7B821F36-6BDE-4878-85A6-25F95A8F0E93}.Debug|Any CPU.Build.0 = Debug|Any CPU
		{7B821F36-6BDE-4878-85A6-25F95A8F0E93}.Release|Any CPU.ActiveCfg = Release|Any CPU
		{7B821F36-6BDE-4878-85A6-25F95A8F0E93}.Release|Any CPU.Build.0 = Release|Any CPU
		{C46BECD8-B9AE-4DBC-BF0F-D0FC419EB10F}.Debug|Any CPU.ActiveCfg = Debug|Any CPU
		{C46BECD8-B9AE-4DBC-BF0F-D0FC419EB10F}.Debug|Any CPU.Build.0 = Debug|Any CPU
		{C46BECD8-B9AE-4DBC-BF0F-D0FC419EB10F}.Release|Any CPU.ActiveCfg = Release|Any CPU
		{C46BECD8-B9AE-4DBC-BF0F-D0FC419EB10F}.Release|Any CPU.Build.0 = Release|Any CPU
		{E2EB9F83-77B1-41D1-95B0-9381EBED9B89}.Debug|Any CPU.ActiveCfg = Debug|Any CPU
		{E2EB9F83-77B1-41D1-95B0-9381EBED9B89}.Debug|Any CPU.Build.0 = Debug|Any CPU
		{E2EB9F83-77B1-41D1-95B0-9381EBED9B89}.Release|Any CPU.ActiveCfg = Release|Any CPU
		{E2EB9F83-77B1-41D1-95B0-9381EBED9B89}.Release|Any CPU.Build.0 = Release|Any CPU
		{81403B5A-041C-4A7A-82AE-EB18FFECEB11}.Debug|Any CPU.ActiveCfg = Debug|Any CPU
		{81403B5A-041C-4A7A-82AE-EB18FFECEB11}.Debug|Any CPU.Build.0 = Debug|Any CPU
		{81403B5A-041C-4A7A-82AE-EB18FFECEB11}.Release|Any CPU.ActiveCfg = Release|Any CPU
		{81403B5A-041C-4A7A-82AE-EB18FFECEB11}.Release|Any CPU.Build.0 = Release|Any CPU
		{27740B62-F380-4163-A9CF-68F94764E043}.Debug|Any CPU.ActiveCfg = Debug|Any CPU
		{27740B62-F380-4163-A9CF-68F94764E043}.Debug|Any CPU.Build.0 = Debug|Any CPU
		{27740B62-F380-4163-A9CF-68F94764E043}.Release|Any CPU.ActiveCfg = Release|Any CPU
		{27740B62-F380-4163-A9CF-68F94764E043}.Release|Any CPU.Build.0 = Release|Any CPU
		{C13738CF-2C7C-4D77-9DCB-15E0F61D2F4F}.Debug|Any CPU.ActiveCfg = Debug|Any CPU
		{C13738CF-2C7C-4D77-9DCB-15E0F61D2F4F}.Debug|Any CPU.Build.0 = Debug|Any CPU
		{C13738CF-2C7C-4D77-9DCB-15E0F61D2F4F}.Release|Any CPU.ActiveCfg = Release|Any CPU
		{C13738CF-2C7C-4D77-9DCB-15E0F61D2F4F}.Release|Any CPU.Build.0 = Release|Any CPU
		{BC384CDF-7906-43E3-91EC-D1EFFD782096}.Debug|Any CPU.ActiveCfg = Debug|Any CPU
		{BC384CDF-7906-43E3-91EC-D1EFFD782096}.Debug|Any CPU.Build.0 = Debug|Any CPU
		{BC384CDF-7906-43E3-91EC-D1EFFD782096}.Release|Any CPU.ActiveCfg = Release|Any CPU
		{BC384CDF-7906-43E3-91EC-D1EFFD782096}.Release|Any CPU.Build.0 = Release|Any CPU
		{D78464CB-31B1-489A-BBFB-110E12FDB1A1}.Debug|Any CPU.ActiveCfg = Debug|Any CPU
		{D78464CB-31B1-489A-BBFB-110E12FDB1A1}.Debug|Any CPU.Build.0 = Debug|Any CPU
		{D78464CB-31B1-489A-BBFB-110E12FDB1A1}.Release|Any CPU.ActiveCfg = Release|Any CPU
		{D78464CB-31B1-489A-BBFB-110E12FDB1A1}.Release|Any CPU.Build.0 = Release|Any CPU
		{FC2861F6-1678-44BB-A2DB-4C40AD2C77A7}.Debug|Any CPU.ActiveCfg = Debug|Any CPU
		{FC2861F6-1678-44BB-A2DB-4C40AD2C77A7}.Debug|Any CPU.Build.0 = Debug|Any CPU
		{FC2861F6-1678-44BB-A2DB-4C40AD2C77A7}.Release|Any CPU.ActiveCfg = Release|Any CPU
		{FC2861F6-1678-44BB-A2DB-4C40AD2C77A7}.Release|Any CPU.Build.0 = Release|Any CPU
		{8F25017B-4481-4A90-99BF-27FEEB92FC89}.Debug|Any CPU.ActiveCfg = Debug|Any CPU
		{8F25017B-4481-4A90-99BF-27FEEB92FC89}.Debug|Any CPU.Build.0 = Debug|Any CPU
		{8F25017B-4481-4A90-99BF-27FEEB92FC89}.Release|Any CPU.ActiveCfg = Release|Any CPU
		{8F25017B-4481-4A90-99BF-27FEEB92FC89}.Release|Any CPU.Build.0 = Release|Any CPU
		{C6E304C4-B7F5-4911-9F9A-992209F47BCA}.Debug|Any CPU.ActiveCfg = Debug|Any CPU
		{C6E304C4-B7F5-4911-9F9A-992209F47BCA}.Debug|Any CPU.Build.0 = Debug|Any CPU
		{C6E304C4-B7F5-4911-9F9A-992209F47BCA}.Release|Any CPU.ActiveCfg = Release|Any CPU
		{C6E304C4-B7F5-4911-9F9A-992209F47BCA}.Release|Any CPU.Build.0 = Release|Any CPU
		{D38F4958-6468-475C-B5F2-9EA1451957B9}.Debug|Any CPU.ActiveCfg = Debug|Any CPU
		{D38F4958-6468-475C-B5F2-9EA1451957B9}.Debug|Any CPU.Build.0 = Debug|Any CPU
		{D38F4958-6468-475C-B5F2-9EA1451957B9}.Release|Any CPU.ActiveCfg = Release|Any CPU
		{D38F4958-6468-475C-B5F2-9EA1451957B9}.Release|Any CPU.Build.0 = Release|Any CPU
		{3DA6D54C-9CE3-4EA7-8AD9-370FFCEEACC2}.Debug|Any CPU.ActiveCfg = Debug|Any CPU
		{3DA6D54C-9CE3-4EA7-8AD9-370FFCEEACC2}.Debug|Any CPU.Build.0 = Debug|Any CPU
		{3DA6D54C-9CE3-4EA7-8AD9-370FFCEEACC2}.Release|Any CPU.ActiveCfg = Release|Any CPU
		{3DA6D54C-9CE3-4EA7-8AD9-370FFCEEACC2}.Release|Any CPU.Build.0 = Release|Any CPU
		{F2EE1C68-EFE9-478F-8AE2-BBCFAEF59C22}.Debug|Any CPU.ActiveCfg = Debug|Any CPU
		{F2EE1C68-EFE9-478F-8AE2-BBCFAEF59C22}.Debug|Any CPU.Build.0 = Debug|Any CPU
		{F2EE1C68-EFE9-478F-8AE2-BBCFAEF59C22}.Release|Any CPU.ActiveCfg = Release|Any CPU
		{F2EE1C68-EFE9-478F-8AE2-BBCFAEF59C22}.Release|Any CPU.Build.0 = Release|Any CPU
		{774F1D7F-C3CB-4F4A-A099-74CCAACA998F}.Debug|Any CPU.ActiveCfg = Debug|Any CPU
		{774F1D7F-C3CB-4F4A-A099-74CCAACA998F}.Debug|Any CPU.Build.0 = Debug|Any CPU
		{774F1D7F-C3CB-4F4A-A099-74CCAACA998F}.Release|Any CPU.ActiveCfg = Release|Any CPU
		{774F1D7F-C3CB-4F4A-A099-74CCAACA998F}.Release|Any CPU.Build.0 = Release|Any CPU
		{E9B9F590-EB01-4FBE-AA0E-D46C4EEADC43}.Debug|Any CPU.ActiveCfg = Debug|Any CPU
		{E9B9F590-EB01-4FBE-AA0E-D46C4EEADC43}.Debug|Any CPU.Build.0 = Debug|Any CPU
		{E9B9F590-EB01-4FBE-AA0E-D46C4EEADC43}.Release|Any CPU.ActiveCfg = Release|Any CPU
		{E9B9F590-EB01-4FBE-AA0E-D46C4EEADC43}.Release|Any CPU.Build.0 = Release|Any CPU
		{A60589F3-24F6-4377-9E4A-D5C9FD267EAA}.Debug|Any CPU.ActiveCfg = Debug|Any CPU
		{A60589F3-24F6-4377-9E4A-D5C9FD267EAA}.Debug|Any CPU.Build.0 = Debug|Any CPU
		{A60589F3-24F6-4377-9E4A-D5C9FD267EAA}.Release|Any CPU.ActiveCfg = Release|Any CPU
		{A60589F3-24F6-4377-9E4A-D5C9FD267EAA}.Release|Any CPU.Build.0 = Release|Any CPU
	EndGlobalSection
	GlobalSection(SolutionProperties) = preSolution
		HideSolutionNode = FALSE
	EndGlobalSection
	GlobalSection(NestedProjects) = preSolution
		{E7B8B7FD-8F52-4CFE-A290-59849D1F973D} = {DED06024-81BA-41B9-96CC-94D26739C2DF}
		{DED06024-81BA-41B9-96CC-94D26739C2DF} = {B83AF04B-696C-4858-862B-E218916A3A91}
		{B83AF04B-696C-4858-862B-E218916A3A91} = {C35B6598-D13A-4A89-81A9-27B562E5F170}
		{378BBA57-005A-4603-92EA-B1FD4FE743D3} = {EE642F54-0F65-4C78-B42D-FE7493A7F1C1}
		{EE642F54-0F65-4C78-B42D-FE7493A7F1C1} = {6EC43066-C617-4C03-BA4E-58052F8F47F2}
		{F3B132B4-B197-43F5-81CF-8166B6BF5AD8} = {563F845D-5297-4FBA-96A5-5AFEE024F833}
		{563F845D-5297-4FBA-96A5-5AFEE024F833} = {6EC43066-C617-4C03-BA4E-58052F8F47F2}
		{7B821F36-6BDE-4878-85A6-25F95A8F0E93} = {59AE39AC-3C39-42A8-96DD-6A0625E9D738}
		{59AE39AC-3C39-42A8-96DD-6A0625E9D738} = {6EC43066-C617-4C03-BA4E-58052F8F47F2}
		{6EC43066-C617-4C03-BA4E-58052F8F47F2} = {965040DD-1E3A-46DB-AB05-20DD5791A4A9}
		{C46BECD8-B9AE-4DBC-BF0F-D0FC419EB10F} = {C003AC75-D6FA-4979-9C5A-9B990759CE65}
		{C003AC75-D6FA-4979-9C5A-9B990759CE65} = {3E1E9055-7DC2-4FFB-8483-C126D7D77645}
		{3E1E9055-7DC2-4FFB-8483-C126D7D77645} = {48A16D9B-2404-49CF-8176-63012D1C8811}
		{E2EB9F83-77B1-41D1-95B0-9381EBED9B89} = {65211C5D-36B6-43E5-988F-2C0476199B26}
		{65211C5D-36B6-43E5-988F-2C0476199B26} = {76076576-1121-406F-81A2-64504CB94384}
		{81403B5A-041C-4A7A-82AE-EB18FFECEB11} = {9935E31D-D1A6-4E51-AA8A-DD1FA72E4333}
		{9935E31D-D1A6-4E51-AA8A-DD1FA72E4333} = {76076576-1121-406F-81A2-64504CB94384}
		{76076576-1121-406F-81A2-64504CB94384} = {62D6C128-6B58-46F6-8495-91B1EB9D4B84}
		{27740B62-F380-4163-A9CF-68F94764E043} = {9FC936B0-B4FF-4C0B-A576-6A3669399BD3}
		{9FC936B0-B4FF-4C0B-A576-6A3669399BD3} = {9A32344D-D0B4-4ADE-9217-FC59236D2256}
		{C13738CF-2C7C-4D77-9DCB-15E0F61D2F4F} = {D9A4FE7E-B0EA-4721-B1B6-569B8561F639}
		{D9A4FE7E-B0EA-4721-B1B6-569B8561F639} = {9A32344D-D0B4-4ADE-9217-FC59236D2256}
		{9A32344D-D0B4-4ADE-9217-FC59236D2256} = {62D6C128-6B58-46F6-8495-91B1EB9D4B84}
		{BC384CDF-7906-43E3-91EC-D1EFFD782096} = {BA8B0AC0-BB72-4330-A86B-01AE518FADF0}
		{BA8B0AC0-BB72-4330-A86B-01AE518FADF0} = {35D09F7A-807A-41F1-9D5B-8FA3792DB947}
		{35D09F7A-807A-41F1-9D5B-8FA3792DB947} = {62D6C128-6B58-46F6-8495-91B1EB9D4B84}
		{D78464CB-31B1-489A-BBFB-110E12FDB1A1} = {912D12A8-01B8-4CBD-915F-5E0CBDDBFC52}
		{912D12A8-01B8-4CBD-915F-5E0CBDDBFC52} = {2FEED754-4072-440C-807F-048FA7B40AF3}
		{FC2861F6-1678-44BB-A2DB-4C40AD2C77A7} = {D842FFDA-AD48-4D94-B10F-D672362F2C9F}
		{D842FFDA-AD48-4D94-B10F-D672362F2C9F} = {2FEED754-4072-440C-807F-048FA7B40AF3}
		{2FEED754-4072-440C-807F-048FA7B40AF3} = {00DA9C55-FA5C-4A83-A2C3-AD621C427B03}
		{8F25017B-4481-4A90-99BF-27FEEB92FC89} = {4CDF7A5A-8CD2-4E94-BEE4-D46BC8652FED}
		{4CDF7A5A-8CD2-4E94-BEE4-D46BC8652FED} = {D8694F01-A4A9-451A-9F18-3FD999F566DE}
		{D8694F01-A4A9-451A-9F18-3FD999F566DE} = {718ACBCE-9796-4607-9D41-3F0DF4D55F3D}
		{718ACBCE-9796-4607-9D41-3F0DF4D55F3D} = {0C079723-1EBE-4DF6-AC64-C52FB1D4F207}
		{C6E304C4-B7F5-4911-9F9A-992209F47BCA} = {40C12F5B-53F4-4285-8B68-36F037A2420B}
		{40C12F5B-53F4-4285-8B68-36F037A2420B} = {355DFFB7-34D6-40AC-8B40-B0E45523DC7B}
		{355DFFB7-34D6-40AC-8B40-B0E45523DC7B} = {39A57E6B-EFD4-457C-BF69-53ADC5053B7B}
		{D38F4958-6468-475C-B5F2-9EA1451957B9} = {C323D213-C9A3-479E-9CAC-37C66CA126EE}
		{C323D213-C9A3-479E-9CAC-37C66CA126EE} = {90C2F00F-7C44-4328-8F90-ECC4C90B4711}
		{90C2F00F-7C44-4328-8F90-ECC4C90B4711} = {8EDF9B1C-2881-42D1-9142-C0643B11A513}
		{3DA6D54C-9CE3-4EA7-8AD9-370FFCEEACC2} = {89F26D4E-D9D0-4175-B595-4EA87B7AE520}
		{89F26D4E-D9D0-4175-B595-4EA87B7AE520} = {7D3AFF94-44AF-4B84-8358-6062926D6C7F}
		{F2EE1C68-EFE9-478F-8AE2-BBCFAEF59C22} = {2FDCCF47-F20E-49C3-80CA-B126079FE165}
		{2FDCCF47-F20E-49C3-80CA-B126079FE165} = {7D3AFF94-44AF-4B84-8358-6062926D6C7F}
		{7D3AFF94-44AF-4B84-8358-6062926D6C7F} = {23E423D8-10EE-4429-91AD-242F99E1073E}
		{774F1D7F-C3CB-4F4A-A099-74CCAACA998F} = {1E536457-51FC-4CCD-A5AD-79A3E92FED1A}
		{1E536457-51FC-4CCD-A5AD-79A3E92FED1A} = {CE80483F-16BB-4E57-967B-A86EA8A44187}
		{CE80483F-16BB-4E57-967B-A86EA8A44187} = {2583CD12-E59F-42D8-A6EF-34CA5CCCF1FA}
		{E9B9F590-EB01-4FBE-AA0E-D46C4EEADC43} = {AAAC72D6-1FBD-4CDF-BC5D-F65141E00963}
		{AAAC72D6-1FBD-4CDF-BC5D-F65141E00963} = {DA510F0B-0004-4128-9FD0-415174B27F1A}
		{DA510F0B-0004-4128-9FD0-415174B27F1A} = {34EDCC2D-6BC1-4967-8B52-A7496E60D908}
		{A60589F3-24F6-4377-9E4A-D5C9FD267EAA} = {FDED2FB1-23AD-4D25-B850-3B0E341CCD2E}
		{FDED2FB1-23AD-4D25-B850-3B0E341CCD2E} = {E25C2545-22A9-4098-B107-6F2B62466B9D}
		{E25C2545-22A9-4098-B107-6F2B62466B9D} = {C681554E-3751-40F3-ADE9-77A8C39D4164}
	EndGlobalSection
	GlobalSection(ExtensibilityGlobals) = postSolution
		SolutionGuid = {2CFDF268-23BF-4E9B-B87C-3E5CFC683EA0}
	EndGlobalSection
EndGlobal
