Microsoft Visual Studio Solution File, Format Version 12.00
Project("{9A19103F-16F7-4668-BE54-9A1E7A4F7556}") = "p", "p.proj", "{C30D1FCC-CB7C-41D8-8FF9-EF7417A4FC67}"
EndProject
Project("{9A19103F-16F7-4668-BE54-9A1E7A4F7556}") = "ix_ax_axopen_abstractions", "..\abstractions\src\AXOpen.Abstractions\ix_ax_axopen_abstractions.csproj", "{083DF546-A3BB-42D1-8783-3C6FF1242045}"
EndProject
Project("{9A19103F-16F7-4668-BE54-9A1E7A4F7556}") = "AXOpen.Base.Abstractions", "..\base\src\AXOpen.Base.Abstractions\AXOpen.Base.Abstractions.csproj", "{36A44FE5-871D-4071-8446-6620609F3039}"
EndProject
Project("{9A19103F-16F7-4668-BE54-9A1E7A4F7556}") = "AXOpen.Logging.Serilog", "..\base\src\AXOpen.Logging\AXOpen.Logging.Serilog.csproj", "{44D589C6-88B3-4BE1-95FC-511237760454}"
EndProject
Project("{9A19103F-16F7-4668-BE54-9A1E7A4F7556}") = "axopen_core_blazor", "..\core\src\AXOpen.Core.Blazor\axopen_core_blazor.csproj", "{6994282C-A896-4A61-9800-AF88C5A5E967}"
EndProject
Project("{9A19103F-16F7-4668-BE54-9A1E7A4F7556}") = "ix_ax_axopen_core", "..\core\src\AXOpen.Core\ix_ax_axopen_core.csproj", "{14EBC05F-BF65-4632-B9E9-9E19E3557C42}"
EndProject
Project("{9A19103F-16F7-4668-BE54-9A1E7A4F7556}") = "AXOpen.Data.Json", "..\data\src\repositories\Json\AXOpen.Data.Json.csproj", "{B6976317-8F8F-450D-917F-FC7AD2F48DC0}"
EndProject
Project("{9A19103F-16F7-4668-BE54-9A1E7A4F7556}") = "inspectors.blazor", "app\ix-blazor\AXOpen.Inspectors.blazor\inspectors.blazor.csproj", "{4ECD6FAF-2B6B-49FF-99AE-6DB63AEE27BA}"
EndProject
Project("{9A19103F-16F7-4668-BE54-9A1E7A4F7556}") = "axopen_inspectors", "app\ix\axopen_inspectors.csproj", "{C23BC75D-E6D0-420C-A69C-4FC03ADB4FDF}"
EndProject
Project("{9A19103F-16F7-4668-BE54-9A1E7A4F7556}") = "AxOpen.Inspectors.Blazor", "src\AxOpen.Inspectors.Blazor\AxOpen.Inspectors.Blazor.csproj", "{DC663885-FD07-45A4-BEB4-3ECACBC34118}"
EndProject
Project("{9A19103F-16F7-4668-BE54-9A1E7A4F7556}") = "ix_ax_axopen_inspectors", "src\AxOpen.Inspectors\ix_ax_axopen_inspectors.csproj", "{A581D768-B7CC-4D52-BDF6-61C2BF4503C8}"
EndProject
Project("{9A19103F-16F7-4668-BE54-9A1E7A4F7556}") = "AXOpen.Inspectors_tests", "tests\AXOpen.Inspectors.Tests\AXOpen.Inspectors_tests.csproj", "{12E2401D-A45B-4271-9CD8-DB8F5EABC83E}"
EndProject
Project("{9A19103F-16F7-4668-BE54-9A1E7A4F7556}") = "AXOpen.Security.Blazor", "..\security\src\AXOpen.Security.Blazor\AXOpen.Security.Blazor.csproj", "{310B7CCA-D48B-47A1-9FBC-A8F8CFF240AE}"
EndProject
Project("{9A19103F-16F7-4668-BE54-9A1E7A4F7556}") = "AXOpen.Security", "..\security\src\AXOpen.Security\AXOpen.Security.csproj", "{232F4CA5-3455-42ED-868D-BF54CB484182}"
EndProject
Project("{2150E333-8FDC-42A3-9474-1A3956D46DE8}") = "AXOpen.Abstractions", "..\abstractions\src\AXOpen.Abstractions", "{8FAC44AE-5768-48B3-AC2B-399B8093149E}"
EndProject
Project("{2150E333-8FDC-42A3-9474-1A3956D46DE8}") = "src", "..\abstractions\src", "{FF161A39-ACB8-4EE3-B8CB-6210BFD49FE6}"
EndProject
Project("{2150E333-8FDC-42A3-9474-1A3956D46DE8}") = "abstractions", "..\abstractions", "{7BCF35E5-F9C1-4726-9595-86A450A8E2E5}"
EndProject
Project("{2150E333-8FDC-42A3-9474-1A3956D46DE8}") = "AXOpen.Base.Abstractions", "..\base\src\AXOpen.Base.Abstractions", "{14802236-162B-416E-9A60-35B8B55FF5E7}"
EndProject
Project("{2150E333-8FDC-42A3-9474-1A3956D46DE8}") = "AXOpen.Logging", "..\base\src\AXOpen.Logging", "{FD18548C-476C-4B3F-A996-883DF32314E0}"
EndProject
Project("{2150E333-8FDC-42A3-9474-1A3956D46DE8}") = "src", "..\base\src", "{38FEF4B3-2EBB-475C-8135-580642A1977F}"
EndProject
Project("{2150E333-8FDC-42A3-9474-1A3956D46DE8}") = "base", "..\base", "{F1DD2597-D46B-42F4-82EF-902F9AAC9B71}"
EndProject
Project("{2150E333-8FDC-42A3-9474-1A3956D46DE8}") = "AXOpen.Core.Blazor", "..\core\src\AXOpen.Core.Blazor", "{F4440574-F633-4981-93AF-E8469C7ADB7A}"
EndProject
Project("{2150E333-8FDC-42A3-9474-1A3956D46DE8}") = "AXOpen.Core", "..\core\src\AXOpen.Core", "{7CAFFBB2-851B-4919-A439-05B3E32D49EB}"
EndProject
Project("{2150E333-8FDC-42A3-9474-1A3956D46DE8}") = "src", "..\core\src", "{78F4BC25-0F8D-45F0-9692-5F40DB9EC72D}"
EndProject
Project("{2150E333-8FDC-42A3-9474-1A3956D46DE8}") = "core", "..\core", "{97843920-D876-4889-8DA9-8646F1DBC087}"
EndProject
Project("{2150E333-8FDC-42A3-9474-1A3956D46DE8}") = "Json", "..\data\src\repositories\Json", "{83AFB639-F873-4B9A-9A35-1A1CF989632D}"
EndProject
Project("{2150E333-8FDC-42A3-9474-1A3956D46DE8}") = "repositories", "..\data\src\repositories", "{1566BEE8-54DB-4F12-9ABD-FE2DDD54ACD0}"
EndProject
Project("{2150E333-8FDC-42A3-9474-1A3956D46DE8}") = "src", "..\data\src", "{E29EB47E-2A3B-4E85-99D3-41E3B3C356C8}"
EndProject
Project("{2150E333-8FDC-42A3-9474-1A3956D46DE8}") = "data", "..\data", "{B65DCE7D-DA26-42B6-A83A-8F339B7BEE8E}"
EndProject
Project("{2150E333-8FDC-42A3-9474-1A3956D46DE8}") = "AXOpen.Inspectors.blazor", "app\ix-blazor\AXOpen.Inspectors.blazor", "{81038925-948E-4E7D-ADBC-0D83F653BC16}"
EndProject
Project("{2150E333-8FDC-42A3-9474-1A3956D46DE8}") = "ix-blazor", "app\ix-blazor", "{F3DC433F-3F1E-4CC6-920B-07F5F16668E7}"
EndProject
Project("{2150E333-8FDC-42A3-9474-1A3956D46DE8}") = "ix", "app\ix", "{F6B0E4BF-8619-4DEA-9922-460456FA8064}"
EndProject
Project("{2150E333-8FDC-42A3-9474-1A3956D46DE8}") = "app", "app", "{FF499875-8241-41AC-8158-41F03A663469}"
EndProject
Project("{2150E333-8FDC-42A3-9474-1A3956D46DE8}") = "AxOpen.Inspectors.Blazor", "src\AxOpen.Inspectors.Blazor", "{9FD32D72-C5F3-4F82-9295-BDAB0BAA92A0}"
EndProject
Project("{2150E333-8FDC-42A3-9474-1A3956D46DE8}") = "AxOpen.Inspectors", "src\AxOpen.Inspectors", "{CDD4F555-FB36-40BE-B581-22B2EE94547C}"
EndProject
Project("{2150E333-8FDC-42A3-9474-1A3956D46DE8}") = "src", "src", "{545CEC26-469A-46B3-9AA9-D761BC67AC44}"
EndProject
Project("{2150E333-8FDC-42A3-9474-1A3956D46DE8}") = "AXOpen.Inspectors.Tests", "tests\AXOpen.Inspectors.Tests", "{884228B9-DD28-4407-B713-464DA6B36D27}"
EndProject
Project("{2150E333-8FDC-42A3-9474-1A3956D46DE8}") = "tests", "tests", "{8744F4AC-EA73-463F-AB9B-4648A0A0AB29}"
EndProject
Project("{2150E333-8FDC-42A3-9474-1A3956D46DE8}") = "inspectors", "..\inspectors", "{B843E67B-B4E9-487D-AB80-1A1D00CD1DB3}"
EndProject
Project("{2150E333-8FDC-42A3-9474-1A3956D46DE8}") = "AXOpen.Security.Blazor", "..\security\src\AXOpen.Security.Blazor", "{31B37278-A81D-445E-8D34-0AA677DBD50B}"
EndProject
Project("{2150E333-8FDC-42A3-9474-1A3956D46DE8}") = "AXOpen.Security", "..\security\src\AXOpen.Security", "{77B2F3D1-B10D-46E1-8D9D-DA2353875BD0}"
EndProject
Project("{2150E333-8FDC-42A3-9474-1A3956D46DE8}") = "src", "..\security\src", "{0254C0E8-6909-408A-BEE1-C7D74787102D}"
EndProject
Project("{2150E333-8FDC-42A3-9474-1A3956D46DE8}") = "security", "..\security", "{ED6687CB-5BA3-4303-AD44-1E2D7AFC4B12}"
EndProject
Global
	GlobalSection(SolutionConfigurationPlatforms) = preSolution
		Debug|Any CPU = Debug|Any CPU
		Release|Any CPU = Release|Any CPU
	EndGlobalSection
	GlobalSection(ProjectConfigurationPlatforms) = postSolution
		{C30D1FCC-CB7C-41D8-8FF9-EF7417A4FC67}.Debug|Any CPU.ActiveCfg = Debug|Any CPU
		{C30D1FCC-CB7C-41D8-8FF9-EF7417A4FC67}.Debug|Any CPU.Build.0 = Debug|Any CPU
		{C30D1FCC-CB7C-41D8-8FF9-EF7417A4FC67}.Release|Any CPU.ActiveCfg = Release|Any CPU
		{C30D1FCC-CB7C-41D8-8FF9-EF7417A4FC67}.Release|Any CPU.Build.0 = Release|Any CPU
		{083DF546-A3BB-42D1-8783-3C6FF1242045}.Debug|Any CPU.ActiveCfg = Debug|Any CPU
		{083DF546-A3BB-42D1-8783-3C6FF1242045}.Debug|Any CPU.Build.0 = Debug|Any CPU
		{083DF546-A3BB-42D1-8783-3C6FF1242045}.Release|Any CPU.ActiveCfg = Release|Any CPU
		{083DF546-A3BB-42D1-8783-3C6FF1242045}.Release|Any CPU.Build.0 = Release|Any CPU
		{36A44FE5-871D-4071-8446-6620609F3039}.Debug|Any CPU.ActiveCfg = Debug|Any CPU
		{36A44FE5-871D-4071-8446-6620609F3039}.Debug|Any CPU.Build.0 = Debug|Any CPU
		{36A44FE5-871D-4071-8446-6620609F3039}.Release|Any CPU.ActiveCfg = Release|Any CPU
		{36A44FE5-871D-4071-8446-6620609F3039}.Release|Any CPU.Build.0 = Release|Any CPU
		{44D589C6-88B3-4BE1-95FC-511237760454}.Debug|Any CPU.ActiveCfg = Debug|Any CPU
		{44D589C6-88B3-4BE1-95FC-511237760454}.Debug|Any CPU.Build.0 = Debug|Any CPU
		{44D589C6-88B3-4BE1-95FC-511237760454}.Release|Any CPU.ActiveCfg = Release|Any CPU
		{44D589C6-88B3-4BE1-95FC-511237760454}.Release|Any CPU.Build.0 = Release|Any CPU
		{6994282C-A896-4A61-9800-AF88C5A5E967}.Debug|Any CPU.ActiveCfg = Debug|Any CPU
		{6994282C-A896-4A61-9800-AF88C5A5E967}.Debug|Any CPU.Build.0 = Debug|Any CPU
		{6994282C-A896-4A61-9800-AF88C5A5E967}.Release|Any CPU.ActiveCfg = Release|Any CPU
		{6994282C-A896-4A61-9800-AF88C5A5E967}.Release|Any CPU.Build.0 = Release|Any CPU
		{14EBC05F-BF65-4632-B9E9-9E19E3557C42}.Debug|Any CPU.ActiveCfg = Debug|Any CPU
		{14EBC05F-BF65-4632-B9E9-9E19E3557C42}.Debug|Any CPU.Build.0 = Debug|Any CPU
		{14EBC05F-BF65-4632-B9E9-9E19E3557C42}.Release|Any CPU.ActiveCfg = Release|Any CPU
		{14EBC05F-BF65-4632-B9E9-9E19E3557C42}.Release|Any CPU.Build.0 = Release|Any CPU
		{B6976317-8F8F-450D-917F-FC7AD2F48DC0}.Debug|Any CPU.ActiveCfg = Debug|Any CPU
		{B6976317-8F8F-450D-917F-FC7AD2F48DC0}.Debug|Any CPU.Build.0 = Debug|Any CPU
		{B6976317-8F8F-450D-917F-FC7AD2F48DC0}.Release|Any CPU.ActiveCfg = Release|Any CPU
		{B6976317-8F8F-450D-917F-FC7AD2F48DC0}.Release|Any CPU.Build.0 = Release|Any CPU
		{4ECD6FAF-2B6B-49FF-99AE-6DB63AEE27BA}.Debug|Any CPU.ActiveCfg = Debug|Any CPU
		{4ECD6FAF-2B6B-49FF-99AE-6DB63AEE27BA}.Debug|Any CPU.Build.0 = Debug|Any CPU
		{4ECD6FAF-2B6B-49FF-99AE-6DB63AEE27BA}.Release|Any CPU.ActiveCfg = Release|Any CPU
		{4ECD6FAF-2B6B-49FF-99AE-6DB63AEE27BA}.Release|Any CPU.Build.0 = Release|Any CPU
		{C23BC75D-E6D0-420C-A69C-4FC03ADB4FDF}.Debug|Any CPU.ActiveCfg = Debug|Any CPU
		{C23BC75D-E6D0-420C-A69C-4FC03ADB4FDF}.Debug|Any CPU.Build.0 = Debug|Any CPU
		{C23BC75D-E6D0-420C-A69C-4FC03ADB4FDF}.Release|Any CPU.ActiveCfg = Release|Any CPU
		{C23BC75D-E6D0-420C-A69C-4FC03ADB4FDF}.Release|Any CPU.Build.0 = Release|Any CPU
		{DC663885-FD07-45A4-BEB4-3ECACBC34118}.Debug|Any CPU.ActiveCfg = Debug|Any CPU
		{DC663885-FD07-45A4-BEB4-3ECACBC34118}.Debug|Any CPU.Build.0 = Debug|Any CPU
		{DC663885-FD07-45A4-BEB4-3ECACBC34118}.Release|Any CPU.ActiveCfg = Release|Any CPU
		{DC663885-FD07-45A4-BEB4-3ECACBC34118}.Release|Any CPU.Build.0 = Release|Any CPU
		{A581D768-B7CC-4D52-BDF6-61C2BF4503C8}.Debug|Any CPU.ActiveCfg = Debug|Any CPU
		{A581D768-B7CC-4D52-BDF6-61C2BF4503C8}.Debug|Any CPU.Build.0 = Debug|Any CPU
		{A581D768-B7CC-4D52-BDF6-61C2BF4503C8}.Release|Any CPU.ActiveCfg = Release|Any CPU
		{A581D768-B7CC-4D52-BDF6-61C2BF4503C8}.Release|Any CPU.Build.0 = Release|Any CPU
		{12E2401D-A45B-4271-9CD8-DB8F5EABC83E}.Debug|Any CPU.ActiveCfg = Debug|Any CPU
		{12E2401D-A45B-4271-9CD8-DB8F5EABC83E}.Debug|Any CPU.Build.0 = Debug|Any CPU
		{12E2401D-A45B-4271-9CD8-DB8F5EABC83E}.Release|Any CPU.ActiveCfg = Release|Any CPU
		{12E2401D-A45B-4271-9CD8-DB8F5EABC83E}.Release|Any CPU.Build.0 = Release|Any CPU
		{310B7CCA-D48B-47A1-9FBC-A8F8CFF240AE}.Debug|Any CPU.ActiveCfg = Debug|Any CPU
		{310B7CCA-D48B-47A1-9FBC-A8F8CFF240AE}.Debug|Any CPU.Build.0 = Debug|Any CPU
		{310B7CCA-D48B-47A1-9FBC-A8F8CFF240AE}.Release|Any CPU.ActiveCfg = Release|Any CPU
		{310B7CCA-D48B-47A1-9FBC-A8F8CFF240AE}.Release|Any CPU.Build.0 = Release|Any CPU
		{232F4CA5-3455-42ED-868D-BF54CB484182}.Debug|Any CPU.ActiveCfg = Debug|Any CPU
		{232F4CA5-3455-42ED-868D-BF54CB484182}.Debug|Any CPU.Build.0 = Debug|Any CPU
		{232F4CA5-3455-42ED-868D-BF54CB484182}.Release|Any CPU.ActiveCfg = Release|Any CPU
		{232F4CA5-3455-42ED-868D-BF54CB484182}.Release|Any CPU.Build.0 = Release|Any CPU
	EndGlobalSection
	GlobalSection(SolutionProperties) = preSolution
		HideSolutionNode = FALSE
	EndGlobalSection
	GlobalSection(NestedProjects) = preSolution
		{083DF546-A3BB-42D1-8783-3C6FF1242045} = {8FAC44AE-5768-48B3-AC2B-399B8093149E}
		{8FAC44AE-5768-48B3-AC2B-399B8093149E} = {FF161A39-ACB8-4EE3-B8CB-6210BFD49FE6}
		{FF161A39-ACB8-4EE3-B8CB-6210BFD49FE6} = {7BCF35E5-F9C1-4726-9595-86A450A8E2E5}
		{36A44FE5-871D-4071-8446-6620609F3039} = {14802236-162B-416E-9A60-35B8B55FF5E7}
		{14802236-162B-416E-9A60-35B8B55FF5E7} = {38FEF4B3-2EBB-475C-8135-580642A1977F}
		{44D589C6-88B3-4BE1-95FC-511237760454} = {FD18548C-476C-4B3F-A996-883DF32314E0}
		{FD18548C-476C-4B3F-A996-883DF32314E0} = {38FEF4B3-2EBB-475C-8135-580642A1977F}
		{38FEF4B3-2EBB-475C-8135-580642A1977F} = {F1DD2597-D46B-42F4-82EF-902F9AAC9B71}
		{6994282C-A896-4A61-9800-AF88C5A5E967} = {F4440574-F633-4981-93AF-E8469C7ADB7A}
		{F4440574-F633-4981-93AF-E8469C7ADB7A} = {78F4BC25-0F8D-45F0-9692-5F40DB9EC72D}
		{14EBC05F-BF65-4632-B9E9-9E19E3557C42} = {7CAFFBB2-851B-4919-A439-05B3E32D49EB}
		{7CAFFBB2-851B-4919-A439-05B3E32D49EB} = {78F4BC25-0F8D-45F0-9692-5F40DB9EC72D}
		{78F4BC25-0F8D-45F0-9692-5F40DB9EC72D} = {97843920-D876-4889-8DA9-8646F1DBC087}
		{B6976317-8F8F-450D-917F-FC7AD2F48DC0} = {83AFB639-F873-4B9A-9A35-1A1CF989632D}
		{83AFB639-F873-4B9A-9A35-1A1CF989632D} = {1566BEE8-54DB-4F12-9ABD-FE2DDD54ACD0}
		{1566BEE8-54DB-4F12-9ABD-FE2DDD54ACD0} = {E29EB47E-2A3B-4E85-99D3-41E3B3C356C8}
		{E29EB47E-2A3B-4E85-99D3-41E3B3C356C8} = {B65DCE7D-DA26-42B6-A83A-8F339B7BEE8E}
		{4ECD6FAF-2B6B-49FF-99AE-6DB63AEE27BA} = {81038925-948E-4E7D-ADBC-0D83F653BC16}
		{81038925-948E-4E7D-ADBC-0D83F653BC16} = {F3DC433F-3F1E-4CC6-920B-07F5F16668E7}
		{F3DC433F-3F1E-4CC6-920B-07F5F16668E7} = {FF499875-8241-41AC-8158-41F03A663469}
		{C23BC75D-E6D0-420C-A69C-4FC03ADB4FDF} = {F6B0E4BF-8619-4DEA-9922-460456FA8064}
		{F6B0E4BF-8619-4DEA-9922-460456FA8064} = {FF499875-8241-41AC-8158-41F03A663469}
		{FF499875-8241-41AC-8158-41F03A663469} = {B843E67B-B4E9-487D-AB80-1A1D00CD1DB3}
		{DC663885-FD07-45A4-BEB4-3ECACBC34118} = {9FD32D72-C5F3-4F82-9295-BDAB0BAA92A0}
		{9FD32D72-C5F3-4F82-9295-BDAB0BAA92A0} = {545CEC26-469A-46B3-9AA9-D761BC67AC44}
		{A581D768-B7CC-4D52-BDF6-61C2BF4503C8} = {CDD4F555-FB36-40BE-B581-22B2EE94547C}
		{CDD4F555-FB36-40BE-B581-22B2EE94547C} = {545CEC26-469A-46B3-9AA9-D761BC67AC44}
		{545CEC26-469A-46B3-9AA9-D761BC67AC44} = {B843E67B-B4E9-487D-AB80-1A1D00CD1DB3}
		{12E2401D-A45B-4271-9CD8-DB8F5EABC83E} = {884228B9-DD28-4407-B713-464DA6B36D27}
		{884228B9-DD28-4407-B713-464DA6B36D27} = {8744F4AC-EA73-463F-AB9B-4648A0A0AB29}
		{8744F4AC-EA73-463F-AB9B-4648A0A0AB29} = {B843E67B-B4E9-487D-AB80-1A1D00CD1DB3}
		{310B7CCA-D48B-47A1-9FBC-A8F8CFF240AE} = {31B37278-A81D-445E-8D34-0AA677DBD50B}
		{31B37278-A81D-445E-8D34-0AA677DBD50B} = {0254C0E8-6909-408A-BEE1-C7D74787102D}
		{232F4CA5-3455-42ED-868D-BF54CB484182} = {77B2F3D1-B10D-46E1-8D9D-DA2353875BD0}
		{77B2F3D1-B10D-46E1-8D9D-DA2353875BD0} = {0254C0E8-6909-408A-BEE1-C7D74787102D}
		{0254C0E8-6909-408A-BEE1-C7D74787102D} = {ED6687CB-5BA3-4303-AD44-1E2D7AFC4B12}
	EndGlobalSection
	GlobalSection(ExtensibilityGlobals) = postSolution
		SolutionGuid = {53CEFEE9-B7F0-412D-944D-445C3BD58B29}
	EndGlobalSection
EndGlobal
