Microsoft Visual Studio Solution File, Format Version 12.00
Project("{9A19103F-16F7-4668-BE54-9A1E7A4F7556}") = "this", "this.proj", "{49C03978-5D9E-4A40-9211-6CC2AE65582D}"
EndProject
Project("{9A19103F-16F7-4668-BE54-9A1E7A4F7556}") = "ix_ax_axopen_abstractions", "..\abstractions\src\AXOpen.Abstractions\ix_ax_axopen_abstractions.csproj", "{670C4B92-B22E-4D6B-A0FF-B4879E8DDF95}"
EndProject
Project("{9A19103F-16F7-4668-BE54-9A1E7A4F7556}") = "AXOpen.Base.Abstractions", "..\base\src\AXOpen.Base.Abstractions\AXOpen.Base.Abstractions.csproj", "{52739E03-7660-4174-97C5-ACB45C5A14F9}"
EndProject
Project("{9A19103F-16F7-4668-BE54-9A1E7A4F7556}") = "AXOpen.Logging.Serilog", "..\base\src\AXOpen.Logging\AXOpen.Logging.Serilog.csproj", "{F1443337-5003-48AD-A225-47CF38844E16}"
EndProject
Project("{9A19103F-16F7-4668-BE54-9A1E7A4F7556}") = "AXOpen.VisualComposer", "..\base\src\AXOpen.VisualComposer\AXOpen.VisualComposer.csproj", "{2503CA50-E7FE-4E5B-B879-8AFFAD32A409}"
EndProject
Project("{9A19103F-16F7-4668-BE54-9A1E7A4F7556}") = "axopen_core_blazor", "..\core\src\AXOpen.Core.Blazor\axopen_core_blazor.csproj", "{B59E8ED2-D5D2-406B-AEC9-C1962A70D382}"
EndProject
Project("{9A19103F-16F7-4668-BE54-9A1E7A4F7556}") = "ix_ax_axopen_core", "..\core\src\AXOpen.Core\ix_ax_axopen_core.csproj", "{8D6CD7C6-1819-4223-A4D8-6691F25DFDA8}"
EndProject
Project("{9A19103F-16F7-4668-BE54-9A1E7A4F7556}") = "AXOpen.Data.Json", "..\data\src\repositories\Json\AXOpen.Data.Json.csproj", "{4674A43C-0295-42A1-B9CD-02232222FFAF}"
EndProject
Project("{9A19103F-16F7-4668-BE54-9A1E7A4F7556}") = "inspectors.blazor", "app\ix-blazor\AXOpen.Inspectors.blazor\inspectors.blazor.csproj", "{198EB7A8-9D41-45E3-89BC-3CD91EC145AE}"
EndProject
Project("{9A19103F-16F7-4668-BE54-9A1E7A4F7556}") = "axopen_inspectors", "app\ix\axopen_inspectors.csproj", "{40580D11-B186-4E84-B735-4EC54FC4FD64}"
EndProject
Project("{9A19103F-16F7-4668-BE54-9A1E7A4F7556}") = "AxOpen.Inspectors.Blazor", "src\AxOpen.Inspectors.Blazor\AxOpen.Inspectors.Blazor.csproj", "{D9E241E8-EC66-4642-BA0F-195339F18C92}"
EndProject
Project("{9A19103F-16F7-4668-BE54-9A1E7A4F7556}") = "ix_ax_axopen_inspectors", "src\AxOpen.Inspectors\ix_ax_axopen_inspectors.csproj", "{E03B0859-0D75-4364-99A5-59FAAEEB4E5B}"
EndProject
Project("{9A19103F-16F7-4668-BE54-9A1E7A4F7556}") = "AXOpen.Inspectors_tests_L1", "tests\AXOpen.Inspectors.Tests\AXOpen.Inspectors_tests_L1.csproj", "{5700E07F-2561-4F39-A1F3-F5AD94D8A335}"
EndProject
Project("{9A19103F-16F7-4668-BE54-9A1E7A4F7556}") = "ix_ax_ax_sdk", "..\sdk-ax\ctrl\ix\ix_ax_ax_sdk.csproj", "{E3D4EFB5-22DF-4818-8801-B33F46CD99EA}"
EndProject
Project("{9A19103F-16F7-4668-BE54-9A1E7A4F7556}") = "AXOpen.Security.Blazor", "..\Security\src\AXOpen.Security.Blazor\AXOpen.Security.Blazor.csproj", "{E2FE3861-8EB1-493F-95A1-4480C561957C}"
EndProject
Project("{9A19103F-16F7-4668-BE54-9A1E7A4F7556}") = "AXOpen.Security", "..\Security\src\AXOpen.Security\AXOpen.Security.csproj", "{C491D005-7822-4DFC-93F2-65F30AB76760}"
EndProject
Project("{9A19103F-16F7-4668-BE54-9A1E7A4F7556}") = "ix_ax_axopen_simatic1500", "..\simatic1500\ctrl\ix\ix_ax_axopen_simatic1500.csproj", "{FB73250C-D27B-4081-8D92-8C7BFFCD2512}"
EndProject
Project("{9A19103F-16F7-4668-BE54-9A1E7A4F7556}") = "ix_ax_axopen_timers", "..\timers\src\AXOpen.Timers\ix_ax_axopen_timers.csproj", "{917690F9-B9EB-4AE0-BE3F-55102BC00B99}"
EndProject
Project("{9A19103F-16F7-4668-BE54-9A1E7A4F7556}") = "AXOpen.ToolBox", "..\toolbox\src\AXOpen.ToolBox\AXOpen.ToolBox.csproj", "{4119D9B8-D7A0-4D68-AACF-452A99BFE80D}"
EndProject
Project("{2150E333-8FDC-42A3-9474-1A3956D46DE8}") = "AXOpen.Abstractions", "..\abstractions\src\AXOpen.Abstractions", "{D1F5EF13-0695-4B9C-BAA2-4F1E6F8EF87B}"
EndProject
Project("{2150E333-8FDC-42A3-9474-1A3956D46DE8}") = "src", "..\abstractions\src", "{538BEC69-47CF-4AF0-94CD-E7B669358595}"
EndProject
Project("{2150E333-8FDC-42A3-9474-1A3956D46DE8}") = "abstractions", "..\abstractions", "{3F9B24A7-5E73-4788-A667-BCB28A63CA51}"
EndProject
Project("{2150E333-8FDC-42A3-9474-1A3956D46DE8}") = "AXOpen.Base.Abstractions", "..\base\src\AXOpen.Base.Abstractions", "{09E2882A-164F-4BE0-A889-752022BD12DC}"
EndProject
Project("{2150E333-8FDC-42A3-9474-1A3956D46DE8}") = "AXOpen.Logging", "..\base\src\AXOpen.Logging", "{B8C2301E-8049-4383-83BA-DB6793D7E13A}"
EndProject
Project("{2150E333-8FDC-42A3-9474-1A3956D46DE8}") = "AXOpen.VisualComposer", "..\base\src\AXOpen.VisualComposer", "{79D155B2-918D-4AC1-B84C-AB61E54E34DC}"
EndProject
Project("{2150E333-8FDC-42A3-9474-1A3956D46DE8}") = "src", "..\base\src", "{5F2E4B38-0DD4-4F42-A9EE-6824AE336A50}"
EndProject
Project("{2150E333-8FDC-42A3-9474-1A3956D46DE8}") = "base", "..\base", "{3FC494F9-745B-4B12-97BE-2709B6C22D18}"
EndProject
Project("{2150E333-8FDC-42A3-9474-1A3956D46DE8}") = "AXOpen.Core.Blazor", "..\core\src\AXOpen.Core.Blazor", "{43C34EE4-5601-417D-9DC6-ED2A433874DE}"
EndProject
Project("{2150E333-8FDC-42A3-9474-1A3956D46DE8}") = "AXOpen.Core", "..\core\src\AXOpen.Core", "{EEB5679F-B918-42E9-AA1D-F3F417A49BE5}"
EndProject
Project("{2150E333-8FDC-42A3-9474-1A3956D46DE8}") = "src", "..\core\src", "{85A3F3B7-4850-42D0-85BA-7113EF8BC1B4}"
EndProject
Project("{2150E333-8FDC-42A3-9474-1A3956D46DE8}") = "core", "..\core", "{EA419573-0EFF-4381-BB93-7E7E605BA4EA}"
EndProject
Project("{2150E333-8FDC-42A3-9474-1A3956D46DE8}") = "Json", "..\data\src\repositories\Json", "{BD49DF5A-FB4F-4F2D-BB9F-EAB54EC2C9C6}"
EndProject
Project("{2150E333-8FDC-42A3-9474-1A3956D46DE8}") = "repositories", "..\data\src\repositories", "{1056DA3C-8827-41CC-BB4F-C4A672FB93CB}"
EndProject
Project("{2150E333-8FDC-42A3-9474-1A3956D46DE8}") = "src", "..\data\src", "{FC8A15CF-739C-493F-9A8B-7BE3447E0128}"
EndProject
Project("{2150E333-8FDC-42A3-9474-1A3956D46DE8}") = "data", "..\data", "{A2975E0B-BC32-4B14-8837-6E247A15F27E}"
EndProject
Project("{2150E333-8FDC-42A3-9474-1A3956D46DE8}") = "AXOpen.Inspectors.blazor", "app\ix-blazor\AXOpen.Inspectors.blazor", "{6F7CA16B-5D4E-4CC5-8330-48509EEA78B3}"
EndProject
Project("{2150E333-8FDC-42A3-9474-1A3956D46DE8}") = "ix-blazor", "app\ix-blazor", "{98C9B75C-7F63-4674-B73B-1BAB581D980A}"
EndProject
Project("{2150E333-8FDC-42A3-9474-1A3956D46DE8}") = "ix", "app\ix", "{BF3C4D40-DE3A-4F82-97DC-58E3DE90DFEE}"
EndProject
Project("{2150E333-8FDC-42A3-9474-1A3956D46DE8}") = "app", "app", "{4682E645-FCEA-46F1-BBEE-E88976A17F7F}"
EndProject
Project("{2150E333-8FDC-42A3-9474-1A3956D46DE8}") = "AxOpen.Inspectors.Blazor", "src\AxOpen.Inspectors.Blazor", "{1F6325D2-D5BE-4481-B200-1712EADCDE75}"
EndProject
Project("{2150E333-8FDC-42A3-9474-1A3956D46DE8}") = "AxOpen.Inspectors", "src\AxOpen.Inspectors", "{BA6919C5-6929-4C44-A98D-CF087B885804}"
EndProject
Project("{2150E333-8FDC-42A3-9474-1A3956D46DE8}") = "src", "src", "{EA1EBD33-BDE8-465A-B9E1-4B6E366813CC}"
EndProject
Project("{2150E333-8FDC-42A3-9474-1A3956D46DE8}") = "AXOpen.Inspectors.Tests", "tests\AXOpen.Inspectors.Tests", "{A3DD7B15-1F04-466D-B8BA-68230C98FFF4}"
EndProject
Project("{2150E333-8FDC-42A3-9474-1A3956D46DE8}") = "tests", "tests", "{A55F7CD0-CCCC-4892-BAD7-84D3CA2DCD65}"
EndProject
Project("{2150E333-8FDC-42A3-9474-1A3956D46DE8}") = "inspectors", "..\inspectors", "{8532BA10-772C-47BC-BF76-1AC0940E56A4}"
EndProject
Project("{2150E333-8FDC-42A3-9474-1A3956D46DE8}") = "ix", "..\sdk-ax\ctrl\ix", "{41849359-1E84-4483-9935-F044C9945CA1}"
EndProject
Project("{2150E333-8FDC-42A3-9474-1A3956D46DE8}") = "ctrl", "..\sdk-ax\ctrl", "{8C910DB8-CC6D-4A20-99D4-B9188BBA7FDA}"
EndProject
Project("{2150E333-8FDC-42A3-9474-1A3956D46DE8}") = "sdk-ax", "..\sdk-ax", "{06A73A72-C94B-4A5F-AAB8-0661C91CBE76}"
EndProject
Project("{2150E333-8FDC-42A3-9474-1A3956D46DE8}") = "AXOpen.Security.Blazor", "..\Security\src\AXOpen.Security.Blazor", "{D637C5CC-97ED-4628-8EDC-7C5C9C42AE13}"
EndProject
Project("{2150E333-8FDC-42A3-9474-1A3956D46DE8}") = "AXOpen.Security", "..\Security\src\AXOpen.Security", "{2A36410E-E110-4B05-BB63-A613FA1FE606}"
EndProject
Project("{2150E333-8FDC-42A3-9474-1A3956D46DE8}") = "src", "..\Security\src", "{ED6F4D78-BBBD-4A17-805E-32E2B6E8F802}"
EndProject
Project("{2150E333-8FDC-42A3-9474-1A3956D46DE8}") = "Security", "..\Security", "{976B3E6F-E1A8-41B1-9CE1-775F90878BD7}"
EndProject
Project("{2150E333-8FDC-42A3-9474-1A3956D46DE8}") = "ix", "..\simatic1500\ctrl\ix", "{14E94899-FFA5-48E8-89AF-4EFB59F6BC81}"
EndProject
Project("{2150E333-8FDC-42A3-9474-1A3956D46DE8}") = "ctrl", "..\simatic1500\ctrl", "{120CC8FA-9A0D-406F-888F-4722EBDB8599}"
EndProject
Project("{2150E333-8FDC-42A3-9474-1A3956D46DE8}") = "simatic1500", "..\simatic1500", "{7A78BAE2-DE31-4F22-B075-C2CB7460B6F6}"
EndProject
Project("{2150E333-8FDC-42A3-9474-1A3956D46DE8}") = "AXOpen.Timers", "..\timers\src\AXOpen.Timers", "{86388ADE-312E-4BFF-9253-DC4A04F754E0}"
EndProject
Project("{2150E333-8FDC-42A3-9474-1A3956D46DE8}") = "src", "..\timers\src", "{C9C78368-2425-435B-95FA-2AB2EDD22BA9}"
EndProject
Project("{2150E333-8FDC-42A3-9474-1A3956D46DE8}") = "timers", "..\timers", "{769738AB-E4EE-4BDE-8CCB-EC81B0C5066B}"
EndProject
Project("{2150E333-8FDC-42A3-9474-1A3956D46DE8}") = "AXOpen.ToolBox", "..\toolbox\src\AXOpen.ToolBox", "{0200C9D3-4D4B-4CC3-8BC3-F69A254846D9}"
EndProject
Project("{2150E333-8FDC-42A3-9474-1A3956D46DE8}") = "src", "..\toolbox\src", "{6D034981-EE1C-463A-A376-7DDD8A8EFEE7}"
EndProject
Project("{2150E333-8FDC-42A3-9474-1A3956D46DE8}") = "toolbox", "..\toolbox", "{8AFDA5EA-88D0-4CBA-A00E-0E97771683F3}"
EndProject
Global
	GlobalSection(SolutionConfigurationPlatforms) = preSolution
		Debug|Any CPU = Debug|Any CPU
		Release|Any CPU = Release|Any CPU
	EndGlobalSection
	GlobalSection(ProjectConfigurationPlatforms) = postSolution
		{49C03978-5D9E-4A40-9211-6CC2AE65582D}.Debug|Any CPU.ActiveCfg = Debug|Any CPU
		{49C03978-5D9E-4A40-9211-6CC2AE65582D}.Debug|Any CPU.Build.0 = Debug|Any CPU
		{49C03978-5D9E-4A40-9211-6CC2AE65582D}.Release|Any CPU.ActiveCfg = Release|Any CPU
		{49C03978-5D9E-4A40-9211-6CC2AE65582D}.Release|Any CPU.Build.0 = Release|Any CPU
		{670C4B92-B22E-4D6B-A0FF-B4879E8DDF95}.Debug|Any CPU.ActiveCfg = Debug|Any CPU
		{670C4B92-B22E-4D6B-A0FF-B4879E8DDF95}.Debug|Any CPU.Build.0 = Debug|Any CPU
		{670C4B92-B22E-4D6B-A0FF-B4879E8DDF95}.Release|Any CPU.ActiveCfg = Release|Any CPU
		{670C4B92-B22E-4D6B-A0FF-B4879E8DDF95}.Release|Any CPU.Build.0 = Release|Any CPU
		{52739E03-7660-4174-97C5-ACB45C5A14F9}.Debug|Any CPU.ActiveCfg = Debug|Any CPU
		{52739E03-7660-4174-97C5-ACB45C5A14F9}.Debug|Any CPU.Build.0 = Debug|Any CPU
		{52739E03-7660-4174-97C5-ACB45C5A14F9}.Release|Any CPU.ActiveCfg = Release|Any CPU
		{52739E03-7660-4174-97C5-ACB45C5A14F9}.Release|Any CPU.Build.0 = Release|Any CPU
		{F1443337-5003-48AD-A225-47CF38844E16}.Debug|Any CPU.ActiveCfg = Debug|Any CPU
		{F1443337-5003-48AD-A225-47CF38844E16}.Debug|Any CPU.Build.0 = Debug|Any CPU
		{F1443337-5003-48AD-A225-47CF38844E16}.Release|Any CPU.ActiveCfg = Release|Any CPU
		{F1443337-5003-48AD-A225-47CF38844E16}.Release|Any CPU.Build.0 = Release|Any CPU
		{2503CA50-E7FE-4E5B-B879-8AFFAD32A409}.Debug|Any CPU.ActiveCfg = Debug|Any CPU
		{2503CA50-E7FE-4E5B-B879-8AFFAD32A409}.Debug|Any CPU.Build.0 = Debug|Any CPU
		{2503CA50-E7FE-4E5B-B879-8AFFAD32A409}.Release|Any CPU.ActiveCfg = Release|Any CPU
		{2503CA50-E7FE-4E5B-B879-8AFFAD32A409}.Release|Any CPU.Build.0 = Release|Any CPU
		{B59E8ED2-D5D2-406B-AEC9-C1962A70D382}.Debug|Any CPU.ActiveCfg = Debug|Any CPU
		{B59E8ED2-D5D2-406B-AEC9-C1962A70D382}.Debug|Any CPU.Build.0 = Debug|Any CPU
		{B59E8ED2-D5D2-406B-AEC9-C1962A70D382}.Release|Any CPU.ActiveCfg = Release|Any CPU
		{B59E8ED2-D5D2-406B-AEC9-C1962A70D382}.Release|Any CPU.Build.0 = Release|Any CPU
		{8D6CD7C6-1819-4223-A4D8-6691F25DFDA8}.Debug|Any CPU.ActiveCfg = Debug|Any CPU
		{8D6CD7C6-1819-4223-A4D8-6691F25DFDA8}.Debug|Any CPU.Build.0 = Debug|Any CPU
		{8D6CD7C6-1819-4223-A4D8-6691F25DFDA8}.Release|Any CPU.ActiveCfg = Release|Any CPU
		{8D6CD7C6-1819-4223-A4D8-6691F25DFDA8}.Release|Any CPU.Build.0 = Release|Any CPU
		{4674A43C-0295-42A1-B9CD-02232222FFAF}.Debug|Any CPU.ActiveCfg = Debug|Any CPU
		{4674A43C-0295-42A1-B9CD-02232222FFAF}.Debug|Any CPU.Build.0 = Debug|Any CPU
		{4674A43C-0295-42A1-B9CD-02232222FFAF}.Release|Any CPU.ActiveCfg = Release|Any CPU
		{4674A43C-0295-42A1-B9CD-02232222FFAF}.Release|Any CPU.Build.0 = Release|Any CPU
		{198EB7A8-9D41-45E3-89BC-3CD91EC145AE}.Debug|Any CPU.ActiveCfg = Debug|Any CPU
		{198EB7A8-9D41-45E3-89BC-3CD91EC145AE}.Debug|Any CPU.Build.0 = Debug|Any CPU
		{198EB7A8-9D41-45E3-89BC-3CD91EC145AE}.Release|Any CPU.ActiveCfg = Release|Any CPU
		{198EB7A8-9D41-45E3-89BC-3CD91EC145AE}.Release|Any CPU.Build.0 = Release|Any CPU
		{40580D11-B186-4E84-B735-4EC54FC4FD64}.Debug|Any CPU.ActiveCfg = Debug|Any CPU
		{40580D11-B186-4E84-B735-4EC54FC4FD64}.Debug|Any CPU.Build.0 = Debug|Any CPU
		{40580D11-B186-4E84-B735-4EC54FC4FD64}.Release|Any CPU.ActiveCfg = Release|Any CPU
		{40580D11-B186-4E84-B735-4EC54FC4FD64}.Release|Any CPU.Build.0 = Release|Any CPU
		{D9E241E8-EC66-4642-BA0F-195339F18C92}.Debug|Any CPU.ActiveCfg = Debug|Any CPU
		{D9E241E8-EC66-4642-BA0F-195339F18C92}.Debug|Any CPU.Build.0 = Debug|Any CPU
		{D9E241E8-EC66-4642-BA0F-195339F18C92}.Release|Any CPU.ActiveCfg = Release|Any CPU
		{D9E241E8-EC66-4642-BA0F-195339F18C92}.Release|Any CPU.Build.0 = Release|Any CPU
		{E03B0859-0D75-4364-99A5-59FAAEEB4E5B}.Debug|Any CPU.ActiveCfg = Debug|Any CPU
		{E03B0859-0D75-4364-99A5-59FAAEEB4E5B}.Debug|Any CPU.Build.0 = Debug|Any CPU
		{E03B0859-0D75-4364-99A5-59FAAEEB4E5B}.Release|Any CPU.ActiveCfg = Release|Any CPU
		{E03B0859-0D75-4364-99A5-59FAAEEB4E5B}.Release|Any CPU.Build.0 = Release|Any CPU
		{5700E07F-2561-4F39-A1F3-F5AD94D8A335}.Debug|Any CPU.ActiveCfg = Debug|Any CPU
		{5700E07F-2561-4F39-A1F3-F5AD94D8A335}.Debug|Any CPU.Build.0 = Debug|Any CPU
		{5700E07F-2561-4F39-A1F3-F5AD94D8A335}.Release|Any CPU.ActiveCfg = Release|Any CPU
		{5700E07F-2561-4F39-A1F3-F5AD94D8A335}.Release|Any CPU.Build.0 = Release|Any CPU
		{E3D4EFB5-22DF-4818-8801-B33F46CD99EA}.Debug|Any CPU.ActiveCfg = Debug|Any CPU
		{E3D4EFB5-22DF-4818-8801-B33F46CD99EA}.Debug|Any CPU.Build.0 = Debug|Any CPU
		{E3D4EFB5-22DF-4818-8801-B33F46CD99EA}.Release|Any CPU.ActiveCfg = Release|Any CPU
		{E3D4EFB5-22DF-4818-8801-B33F46CD99EA}.Release|Any CPU.Build.0 = Release|Any CPU
		{E2FE3861-8EB1-493F-95A1-4480C561957C}.Debug|Any CPU.ActiveCfg = Debug|Any CPU
		{E2FE3861-8EB1-493F-95A1-4480C561957C}.Debug|Any CPU.Build.0 = Debug|Any CPU
		{E2FE3861-8EB1-493F-95A1-4480C561957C}.Release|Any CPU.ActiveCfg = Release|Any CPU
		{E2FE3861-8EB1-493F-95A1-4480C561957C}.Release|Any CPU.Build.0 = Release|Any CPU
		{C491D005-7822-4DFC-93F2-65F30AB76760}.Debug|Any CPU.ActiveCfg = Debug|Any CPU
		{C491D005-7822-4DFC-93F2-65F30AB76760}.Debug|Any CPU.Build.0 = Debug|Any CPU
		{C491D005-7822-4DFC-93F2-65F30AB76760}.Release|Any CPU.ActiveCfg = Release|Any CPU
		{C491D005-7822-4DFC-93F2-65F30AB76760}.Release|Any CPU.Build.0 = Release|Any CPU
		{FB73250C-D27B-4081-8D92-8C7BFFCD2512}.Debug|Any CPU.ActiveCfg = Debug|Any CPU
		{FB73250C-D27B-4081-8D92-8C7BFFCD2512}.Debug|Any CPU.Build.0 = Debug|Any CPU
		{FB73250C-D27B-4081-8D92-8C7BFFCD2512}.Release|Any CPU.ActiveCfg = Release|Any CPU
		{FB73250C-D27B-4081-8D92-8C7BFFCD2512}.Release|Any CPU.Build.0 = Release|Any CPU
		{917690F9-B9EB-4AE0-BE3F-55102BC00B99}.Debug|Any CPU.ActiveCfg = Debug|Any CPU
		{917690F9-B9EB-4AE0-BE3F-55102BC00B99}.Debug|Any CPU.Build.0 = Debug|Any CPU
		{917690F9-B9EB-4AE0-BE3F-55102BC00B99}.Release|Any CPU.ActiveCfg = Release|Any CPU
		{917690F9-B9EB-4AE0-BE3F-55102BC00B99}.Release|Any CPU.Build.0 = Release|Any CPU
		{4119D9B8-D7A0-4D68-AACF-452A99BFE80D}.Debug|Any CPU.ActiveCfg = Debug|Any CPU
		{4119D9B8-D7A0-4D68-AACF-452A99BFE80D}.Debug|Any CPU.Build.0 = Debug|Any CPU
		{4119D9B8-D7A0-4D68-AACF-452A99BFE80D}.Release|Any CPU.ActiveCfg = Release|Any CPU
		{4119D9B8-D7A0-4D68-AACF-452A99BFE80D}.Release|Any CPU.Build.0 = Release|Any CPU
	EndGlobalSection
	GlobalSection(SolutionProperties) = preSolution
		HideSolutionNode = FALSE
	EndGlobalSection
	GlobalSection(NestedProjects) = preSolution
		{670C4B92-B22E-4D6B-A0FF-B4879E8DDF95} = {D1F5EF13-0695-4B9C-BAA2-4F1E6F8EF87B}
		{D1F5EF13-0695-4B9C-BAA2-4F1E6F8EF87B} = {538BEC69-47CF-4AF0-94CD-E7B669358595}
		{538BEC69-47CF-4AF0-94CD-E7B669358595} = {3F9B24A7-5E73-4788-A667-BCB28A63CA51}
		{52739E03-7660-4174-97C5-ACB45C5A14F9} = {09E2882A-164F-4BE0-A889-752022BD12DC}
		{09E2882A-164F-4BE0-A889-752022BD12DC} = {5F2E4B38-0DD4-4F42-A9EE-6824AE336A50}
		{F1443337-5003-48AD-A225-47CF38844E16} = {B8C2301E-8049-4383-83BA-DB6793D7E13A}
		{B8C2301E-8049-4383-83BA-DB6793D7E13A} = {5F2E4B38-0DD4-4F42-A9EE-6824AE336A50}
		{2503CA50-E7FE-4E5B-B879-8AFFAD32A409} = {79D155B2-918D-4AC1-B84C-AB61E54E34DC}
		{79D155B2-918D-4AC1-B84C-AB61E54E34DC} = {5F2E4B38-0DD4-4F42-A9EE-6824AE336A50}
		{5F2E4B38-0DD4-4F42-A9EE-6824AE336A50} = {3FC494F9-745B-4B12-97BE-2709B6C22D18}
		{B59E8ED2-D5D2-406B-AEC9-C1962A70D382} = {43C34EE4-5601-417D-9DC6-ED2A433874DE}
		{43C34EE4-5601-417D-9DC6-ED2A433874DE} = {85A3F3B7-4850-42D0-85BA-7113EF8BC1B4}
		{8D6CD7C6-1819-4223-A4D8-6691F25DFDA8} = {EEB5679F-B918-42E9-AA1D-F3F417A49BE5}
		{EEB5679F-B918-42E9-AA1D-F3F417A49BE5} = {85A3F3B7-4850-42D0-85BA-7113EF8BC1B4}
		{85A3F3B7-4850-42D0-85BA-7113EF8BC1B4} = {EA419573-0EFF-4381-BB93-7E7E605BA4EA}
		{4674A43C-0295-42A1-B9CD-02232222FFAF} = {BD49DF5A-FB4F-4F2D-BB9F-EAB54EC2C9C6}
		{BD49DF5A-FB4F-4F2D-BB9F-EAB54EC2C9C6} = {1056DA3C-8827-41CC-BB4F-C4A672FB93CB}
		{1056DA3C-8827-41CC-BB4F-C4A672FB93CB} = {FC8A15CF-739C-493F-9A8B-7BE3447E0128}
		{FC8A15CF-739C-493F-9A8B-7BE3447E0128} = {A2975E0B-BC32-4B14-8837-6E247A15F27E}
		{198EB7A8-9D41-45E3-89BC-3CD91EC145AE} = {6F7CA16B-5D4E-4CC5-8330-48509EEA78B3}
		{6F7CA16B-5D4E-4CC5-8330-48509EEA78B3} = {98C9B75C-7F63-4674-B73B-1BAB581D980A}
		{98C9B75C-7F63-4674-B73B-1BAB581D980A} = {4682E645-FCEA-46F1-BBEE-E88976A17F7F}
		{40580D11-B186-4E84-B735-4EC54FC4FD64} = {BF3C4D40-DE3A-4F82-97DC-58E3DE90DFEE}
		{BF3C4D40-DE3A-4F82-97DC-58E3DE90DFEE} = {4682E645-FCEA-46F1-BBEE-E88976A17F7F}
		{4682E645-FCEA-46F1-BBEE-E88976A17F7F} = {8532BA10-772C-47BC-BF76-1AC0940E56A4}
		{D9E241E8-EC66-4642-BA0F-195339F18C92} = {1F6325D2-D5BE-4481-B200-1712EADCDE75}
		{1F6325D2-D5BE-4481-B200-1712EADCDE75} = {EA1EBD33-BDE8-465A-B9E1-4B6E366813CC}
		{E03B0859-0D75-4364-99A5-59FAAEEB4E5B} = {BA6919C5-6929-4C44-A98D-CF087B885804}
		{BA6919C5-6929-4C44-A98D-CF087B885804} = {EA1EBD33-BDE8-465A-B9E1-4B6E366813CC}
		{EA1EBD33-BDE8-465A-B9E1-4B6E366813CC} = {8532BA10-772C-47BC-BF76-1AC0940E56A4}
		{5700E07F-2561-4F39-A1F3-F5AD94D8A335} = {A3DD7B15-1F04-466D-B8BA-68230C98FFF4}
		{A3DD7B15-1F04-466D-B8BA-68230C98FFF4} = {A55F7CD0-CCCC-4892-BAD7-84D3CA2DCD65}
		{A55F7CD0-CCCC-4892-BAD7-84D3CA2DCD65} = {8532BA10-772C-47BC-BF76-1AC0940E56A4}
		{E3D4EFB5-22DF-4818-8801-B33F46CD99EA} = {41849359-1E84-4483-9935-F044C9945CA1}
		{41849359-1E84-4483-9935-F044C9945CA1} = {8C910DB8-CC6D-4A20-99D4-B9188BBA7FDA}
		{8C910DB8-CC6D-4A20-99D4-B9188BBA7FDA} = {06A73A72-C94B-4A5F-AAB8-0661C91CBE76}
		{E2FE3861-8EB1-493F-95A1-4480C561957C} = {D637C5CC-97ED-4628-8EDC-7C5C9C42AE13}
		{D637C5CC-97ED-4628-8EDC-7C5C9C42AE13} = {ED6F4D78-BBBD-4A17-805E-32E2B6E8F802}
		{C491D005-7822-4DFC-93F2-65F30AB76760} = {2A36410E-E110-4B05-BB63-A613FA1FE606}
		{2A36410E-E110-4B05-BB63-A613FA1FE606} = {ED6F4D78-BBBD-4A17-805E-32E2B6E8F802}
		{ED6F4D78-BBBD-4A17-805E-32E2B6E8F802} = {976B3E6F-E1A8-41B1-9CE1-775F90878BD7}
		{FB73250C-D27B-4081-8D92-8C7BFFCD2512} = {14E94899-FFA5-48E8-89AF-4EFB59F6BC81}
		{14E94899-FFA5-48E8-89AF-4EFB59F6BC81} = {120CC8FA-9A0D-406F-888F-4722EBDB8599}
		{120CC8FA-9A0D-406F-888F-4722EBDB8599} = {7A78BAE2-DE31-4F22-B075-C2CB7460B6F6}
		{917690F9-B9EB-4AE0-BE3F-55102BC00B99} = {86388ADE-312E-4BFF-9253-DC4A04F754E0}
		{86388ADE-312E-4BFF-9253-DC4A04F754E0} = {C9C78368-2425-435B-95FA-2AB2EDD22BA9}
		{C9C78368-2425-435B-95FA-2AB2EDD22BA9} = {769738AB-E4EE-4BDE-8CCB-EC81B0C5066B}
		{4119D9B8-D7A0-4D68-AACF-452A99BFE80D} = {0200C9D3-4D4B-4CC3-8BC3-F69A254846D9}
		{0200C9D3-4D4B-4CC3-8BC3-F69A254846D9} = {6D034981-EE1C-463A-A376-7DDD8A8EFEE7}
		{6D034981-EE1C-463A-A376-7DDD8A8EFEE7} = {8AFDA5EA-88D0-4CBA-A00E-0E97771683F3}
	EndGlobalSection
	GlobalSection(ExtensibilityGlobals) = postSolution
		SolutionGuid = {0586FA50-7578-4268-8C28-5A00099CA3E8}
	EndGlobalSection
EndGlobal
