Microsoft Visual Studio Solution File, Format Version 12.00
Project("{9A19103F-16F7-4668-BE54-9A1E7A4F7556}") = "this", "this.proj", "{7A8D9D14-A2BB-4791-AEB0-B3DE7F52ACF0}"
EndProject
Project("{9A19103F-16F7-4668-BE54-9A1E7A4F7556}") = "ix_ax_axopen_abstractions", "..\abstractions\src\AXOpen.Abstractions\ix_ax_axopen_abstractions.csproj", "{1008856A-CE16-41D2-9E81-16F9B57718E2}"
EndProject
Project("{9A19103F-16F7-4668-BE54-9A1E7A4F7556}") = "AXOpen.Base.Abstractions", "..\base\src\AXOpen.Base.Abstractions\AXOpen.Base.Abstractions.csproj", "{298C122A-AFAF-417B-A684-BABCB02EB99A}"
EndProject
Project("{9A19103F-16F7-4668-BE54-9A1E7A4F7556}") = "AXOpen.Logging.Serilog", "..\base\src\AXOpen.Logging\AXOpen.Logging.Serilog.csproj", "{C0303F14-DD29-4AFE-825C-02DD3DB3E7A8}"
EndProject
Project("{9A19103F-16F7-4668-BE54-9A1E7A4F7556}") = "AXOpen.VisualComposer", "..\base\src\AXOpen.VisualComposer\AXOpen.VisualComposer.csproj", "{B7368D5F-C067-4425-AEC7-DA92101899A3}"
EndProject
Project("{9A19103F-16F7-4668-BE54-9A1E7A4F7556}") = "ix_ax_axopen_components_abstractions", "..\components.abstractions\src\AXOpen.Components.Abstractions\ix_ax_axopen_components_abstractions.csproj", "{AC10310E-2DDA-49B7-A8C0-3C1B2E452C8F}"
EndProject
Project("{9A19103F-16F7-4668-BE54-9A1E7A4F7556}") = "AXOpen.Components.Drives.blazor", "..\components.drives\src\AXOpen.Components.Drives.blazor\AXOpen.Components.Drives.blazor.csproj", "{84F19AFB-0983-4911-8149-0CC15CF43852}"
EndProject
Project("{9A19103F-16F7-4668-BE54-9A1E7A4F7556}") = "ix_ax_axopen_components_drives", "..\components.drives\src\AXOpen.Components.Drives\ix_ax_axopen_components_drives.csproj", "{46D75588-8D20-41B7-9DD9-9661B622B836}"
EndProject
Project("{9A19103F-16F7-4668-BE54-9A1E7A4F7556}") = "AXOpen.Components.Rexroth.Drives.blazorapp", "app\ix-blazor\AXOpen.Components.Rexroth.Drives.blazorapp.csproj", "{14BAB3C1-0514-464B-BB0F-3D3D4C85C660}"
EndProject
Project("{9A19103F-16F7-4668-BE54-9A1E7A4F7556}") = "app_axopen_components_rexroth_drives", "app\ix\app_axopen_components_rexroth_drives.csproj", "{2B52F49E-6D6C-4CCE-B7A9-E61257F33C11}"
EndProject
Project("{9A19103F-16F7-4668-BE54-9A1E7A4F7556}") = "AXOpen.Components.Rexroth.Drives.blazor", "src\AXOpen.Components.Rexroth.Drives.blazor\AXOpen.Components.Rexroth.Drives.blazor.csproj", "{FBF770D3-5838-40C4-B268-7B429D0CE652}"
EndProject
Project("{9A19103F-16F7-4668-BE54-9A1E7A4F7556}") = "ix_ax_axopen_components_rexroth_drives", "src\AXOpen.Components.Rexroth.Drives\ix_ax_axopen_components_rexroth_drives.csproj", "{631E5781-DC24-46DE-94DD-9A6A6013F1C8}"
EndProject
Project("{9A19103F-16F7-4668-BE54-9A1E7A4F7556}") = "AXOpen.Components.Rexroth.Drives_tests", "tests\AXOpen.Components.Rexroth.Drives.Tests\AXOpen.Components.Rexroth.Drives_tests.csproj", "{63AB8A73-F859-4CC5-AB9E-5A5F4D19F46F}"
EndProject
Project("{9A19103F-16F7-4668-BE54-9A1E7A4F7556}") = "axopen_core_blazor", "..\core\src\AXOpen.Core.Blazor\axopen_core_blazor.csproj", "{B7A7FF05-79E1-441F-B7F4-36B56122972B}"
EndProject
Project("{9A19103F-16F7-4668-BE54-9A1E7A4F7556}") = "ix_ax_axopen_core", "..\core\src\AXOpen.Core\ix_ax_axopen_core.csproj", "{162F41F6-E25B-4153-B454-79D82E359FFE}"
EndProject
Project("{9A19103F-16F7-4668-BE54-9A1E7A4F7556}") = "AXOpen.Data.Json", "..\data\src\repositories\Json\AXOpen.Data.Json.csproj", "{C7CDC03A-5C48-455E-B321-598170D18B6C}"
EndProject
Project("{9A19103F-16F7-4668-BE54-9A1E7A4F7556}") = "ix_ax_axopen_io", "..\io\src\AXOpen.Io\ix_ax_axopen_io.csproj", "{45F5D221-DE0B-4C85-8FA0-D226BCDACCF5}"
EndProject
Project("{9A19103F-16F7-4668-BE54-9A1E7A4F7556}") = "ix_ax_ax_sdk", "..\sdk-ax\ctrl\ix\ix_ax_ax_sdk.csproj", "{A9D5DD5E-8BC4-436F-9582-B8BEF1368683}"
EndProject
Project("{9A19103F-16F7-4668-BE54-9A1E7A4F7556}") = "AXOpen.Security.Blazor", "..\Security\src\AXOpen.Security.Blazor\AXOpen.Security.Blazor.csproj", "{E7565BD4-DCAB-4215-802A-E0AC28C5EB1F}"
EndProject
Project("{9A19103F-16F7-4668-BE54-9A1E7A4F7556}") = "AXOpen.Security", "..\Security\src\AXOpen.Security\AXOpen.Security.csproj", "{D43FE076-DC70-4DED-B5F9-77A2758C8545}"
EndProject
Project("{9A19103F-16F7-4668-BE54-9A1E7A4F7556}") = "ix_ax_axopen_simatic1500", "..\simatic1500\ctrl\ix\ix_ax_axopen_simatic1500.csproj", "{6F3ADEE9-383E-4C59-9ED0-695A2FC5B5D0}"
EndProject
Project("{9A19103F-16F7-4668-BE54-9A1E7A4F7556}") = "ix_ax_axopen_timers", "..\timers\src\AXOpen.Timers\ix_ax_axopen_timers.csproj", "{6533B993-83D3-4F5F-A60B-142FB40A97F2}"
EndProject
Project("{9A19103F-16F7-4668-BE54-9A1E7A4F7556}") = "AXOpen.ToolBox", "..\toolbox\src\AXOpen.ToolBox\AXOpen.ToolBox.csproj", "{BC28EBF5-6719-43AE-BD00-EFBC96BC83C3}"
EndProject
Project("{2150E333-8FDC-42A3-9474-1A3956D46DE8}") = "AXOpen.Abstractions", "..\abstractions\src\AXOpen.Abstractions", "{98799D85-7565-4FA0-BD7C-5E5533733531}"
EndProject
Project("{2150E333-8FDC-42A3-9474-1A3956D46DE8}") = "src", "..\abstractions\src", "{D9808FB3-C044-4723-959B-C2E9C930F65C}"
EndProject
Project("{2150E333-8FDC-42A3-9474-1A3956D46DE8}") = "abstractions", "..\abstractions", "{65CEAD88-BE48-4260-90A0-969028CE363C}"
EndProject
Project("{2150E333-8FDC-42A3-9474-1A3956D46DE8}") = "AXOpen.Base.Abstractions", "..\base\src\AXOpen.Base.Abstractions", "{362C7247-7808-40AA-8B1D-775678CA07B4}"
EndProject
Project("{2150E333-8FDC-42A3-9474-1A3956D46DE8}") = "AXOpen.Logging", "..\base\src\AXOpen.Logging", "{CB7F4807-CA5A-4F0C-8983-593D59F2A308}"
EndProject
Project("{2150E333-8FDC-42A3-9474-1A3956D46DE8}") = "AXOpen.VisualComposer", "..\base\src\AXOpen.VisualComposer", "{4333955F-5BF0-43D6-9B67-08CB6B4C43CB}"
EndProject
Project("{2150E333-8FDC-42A3-9474-1A3956D46DE8}") = "src", "..\base\src", "{D4C7304D-1776-4086-B62C-B253CDAE8755}"
EndProject
Project("{2150E333-8FDC-42A3-9474-1A3956D46DE8}") = "base", "..\base", "{80AE6E72-EC6E-4DB9-A209-D4F78EA49280}"
EndProject
Project("{2150E333-8FDC-42A3-9474-1A3956D46DE8}") = "AXOpen.Components.Abstractions", "..\components.abstractions\src\AXOpen.Components.Abstractions", "{B8BEAE8F-591E-43BB-B8D7-456DA6C393E0}"
EndProject
Project("{2150E333-8FDC-42A3-9474-1A3956D46DE8}") = "src", "..\components.abstractions\src", "{51723A09-79AA-4ED5-BBB3-EAC8BDC7C54F}"
EndProject
Project("{2150E333-8FDC-42A3-9474-1A3956D46DE8}") = "components.abstractions", "..\components.abstractions", "{B190C748-6C11-4924-A2D4-6D09F6623263}"
EndProject
Project("{2150E333-8FDC-42A3-9474-1A3956D46DE8}") = "AXOpen.Components.Drives.blazor", "..\components.drives\src\AXOpen.Components.Drives.blazor", "{91584A5D-9B42-41C2-9AC6-A842E2166AF7}"
EndProject
Project("{2150E333-8FDC-42A3-9474-1A3956D46DE8}") = "AXOpen.Components.Drives", "..\components.drives\src\AXOpen.Components.Drives", "{6BE50F90-4CD2-4033-8D24-8CB450DCFCB8}"
EndProject
Project("{2150E333-8FDC-42A3-9474-1A3956D46DE8}") = "src", "..\components.drives\src", "{E23F2703-CA58-4D55-9AEC-51BE94BF2403}"
EndProject
Project("{2150E333-8FDC-42A3-9474-1A3956D46DE8}") = "components.drives", "..\components.drives", "{3A580DA5-2208-4FF2-9458-59BFFD7BF780}"
EndProject
Project("{2150E333-8FDC-42A3-9474-1A3956D46DE8}") = "ix-blazor", "app\ix-blazor", "{874D54C5-2D37-4B1A-B228-0F468354B8FF}"
EndProject
Project("{2150E333-8FDC-42A3-9474-1A3956D46DE8}") = "ix", "app\ix", "{4BF6C60F-ECB4-4B65-9F28-75EE16C8E3D7}"
EndProject
Project("{2150E333-8FDC-42A3-9474-1A3956D46DE8}") = "app", "app", "{419B575D-165B-4911-95DB-54864DF60B60}"
EndProject
Project("{2150E333-8FDC-42A3-9474-1A3956D46DE8}") = "AXOpen.Components.Rexroth.Drives.blazor", "src\AXOpen.Components.Rexroth.Drives.blazor", "{4F92341D-5E17-4FF2-82FB-E1AC29C6ED7D}"
EndProject
Project("{2150E333-8FDC-42A3-9474-1A3956D46DE8}") = "AXOpen.Components.Rexroth.Drives", "src\AXOpen.Components.Rexroth.Drives", "{C828FCD2-3AE4-43A4-BA0C-7BF82AD00621}"
EndProject
Project("{2150E333-8FDC-42A3-9474-1A3956D46DE8}") = "src", "src", "{75BF12FD-4D87-46EE-8D25-F7AC2435CE95}"
EndProject
Project("{2150E333-8FDC-42A3-9474-1A3956D46DE8}") = "AXOpen.Components.Rexroth.Drives.Tests", "tests\AXOpen.Components.Rexroth.Drives.Tests", "{D3A072AF-47C2-4800-9BFA-4FD4A2060A40}"
EndProject
Project("{2150E333-8FDC-42A3-9474-1A3956D46DE8}") = "tests", "tests", "{D3EE5D49-38B2-4392-8B5E-374CFC9FD723}"
EndProject
Project("{2150E333-8FDC-42A3-9474-1A3956D46DE8}") = "components.rexroth.drives", "..\components.rexroth.drives", "{D6F66D11-A7D0-461C-8212-C1B353C8E1FF}"
EndProject
Project("{2150E333-8FDC-42A3-9474-1A3956D46DE8}") = "AXOpen.Core.Blazor", "..\core\src\AXOpen.Core.Blazor", "{950995CF-1278-45BA-8403-CB6F5DAEFDC6}"
EndProject
Project("{2150E333-8FDC-42A3-9474-1A3956D46DE8}") = "AXOpen.Core", "..\core\src\AXOpen.Core", "{A66A6805-268F-49D2-99C9-0D370D2D4140}"
EndProject
Project("{2150E333-8FDC-42A3-9474-1A3956D46DE8}") = "src", "..\core\src", "{0EE9C7C3-B2B8-4CA0-B0E2-EDA0F0491E2D}"
EndProject
Project("{2150E333-8FDC-42A3-9474-1A3956D46DE8}") = "core", "..\core", "{BF19BEF9-E0EC-4F4C-9F13-B69954277B1E}"
EndProject
Project("{2150E333-8FDC-42A3-9474-1A3956D46DE8}") = "Json", "..\data\src\repositories\Json", "{882F30B0-3B1E-47EC-BAD3-8C1C6D8F9128}"
EndProject
Project("{2150E333-8FDC-42A3-9474-1A3956D46DE8}") = "repositories", "..\data\src\repositories", "{98C2F776-E494-46D9-A3AC-188AE31ECF0B}"
EndProject
Project("{2150E333-8FDC-42A3-9474-1A3956D46DE8}") = "src", "..\data\src", "{10AD95A5-A821-482A-AB10-6DC3355A529C}"
EndProject
Project("{2150E333-8FDC-42A3-9474-1A3956D46DE8}") = "data", "..\data", "{CCDEAAE3-FE0D-4F74-B419-4B0DD9E335D4}"
EndProject
Project("{2150E333-8FDC-42A3-9474-1A3956D46DE8}") = "AXOpen.Io", "..\io\src\AXOpen.Io", "{D437A50C-80C9-4144-940A-CCBD9CC1EC95}"
EndProject
Project("{2150E333-8FDC-42A3-9474-1A3956D46DE8}") = "src", "..\io\src", "{ED70EEA6-6538-4D21-A125-D2CD3EF903CB}"
EndProject
Project("{2150E333-8FDC-42A3-9474-1A3956D46DE8}") = "io", "..\io", "{ADA3876E-DB74-462B-97EB-6A51E8D9F4F9}"
EndProject
Project("{2150E333-8FDC-42A3-9474-1A3956D46DE8}") = "ix", "..\sdk-ax\ctrl\ix", "{102B6A46-B8C4-4F9B-8600-6BCECCB25337}"
EndProject
Project("{2150E333-8FDC-42A3-9474-1A3956D46DE8}") = "ctrl", "..\sdk-ax\ctrl", "{820EDCB1-F95E-4DEB-AEDD-F5F145D0685D}"
EndProject
Project("{2150E333-8FDC-42A3-9474-1A3956D46DE8}") = "sdk-ax", "..\sdk-ax", "{80177B8A-9EBA-49B9-A383-E86A652DD681}"
EndProject
Project("{2150E333-8FDC-42A3-9474-1A3956D46DE8}") = "AXOpen.Security.Blazor", "..\Security\src\AXOpen.Security.Blazor", "{A3E1157C-A9D1-47A6-8A8E-82F48CE09C02}"
EndProject
Project("{2150E333-8FDC-42A3-9474-1A3956D46DE8}") = "AXOpen.Security", "..\Security\src\AXOpen.Security", "{676136A7-036D-4E6E-97C8-ED71BA270F4D}"
EndProject
Project("{2150E333-8FDC-42A3-9474-1A3956D46DE8}") = "src", "..\Security\src", "{7C2EB314-C517-4BC5-868A-EF6AFBA580A1}"
EndProject
Project("{2150E333-8FDC-42A3-9474-1A3956D46DE8}") = "Security", "..\Security", "{F16F8CAD-F37A-4DE6-AA76-A6FF630F67AC}"
EndProject
Project("{2150E333-8FDC-42A3-9474-1A3956D46DE8}") = "ix", "..\simatic1500\ctrl\ix", "{C55B00DA-CC61-4403-9ED6-9DB990CE3CD0}"
EndProject
Project("{2150E333-8FDC-42A3-9474-1A3956D46DE8}") = "ctrl", "..\simatic1500\ctrl", "{576E07BF-06C4-497B-95E2-E99C3CB28205}"
EndProject
Project("{2150E333-8FDC-42A3-9474-1A3956D46DE8}") = "simatic1500", "..\simatic1500", "{E7A27E45-D512-4066-8490-A1B812C82A19}"
EndProject
Project("{2150E333-8FDC-42A3-9474-1A3956D46DE8}") = "AXOpen.Timers", "..\timers\src\AXOpen.Timers", "{CAF33DE6-5111-4C81-8959-FF1780EEA557}"
EndProject
Project("{2150E333-8FDC-42A3-9474-1A3956D46DE8}") = "src", "..\timers\src", "{31C5C5F7-B8D9-4941-AE36-8934A211E1E7}"
EndProject
Project("{2150E333-8FDC-42A3-9474-1A3956D46DE8}") = "timers", "..\timers", "{F828DE4D-8C2F-40F5-923B-6D6BA9A8CA54}"
EndProject
Project("{2150E333-8FDC-42A3-9474-1A3956D46DE8}") = "AXOpen.ToolBox", "..\toolbox\src\AXOpen.ToolBox", "{214AB66B-6B42-4E25-B4FA-67723914ED8B}"
EndProject
Project("{2150E333-8FDC-42A3-9474-1A3956D46DE8}") = "src", "..\toolbox\src", "{4734D5BE-3D1D-45F0-8EE4-309CDBB432DF}"
EndProject
Project("{2150E333-8FDC-42A3-9474-1A3956D46DE8}") = "toolbox", "..\toolbox", "{FD193927-E68E-42AD-BC73-BFAB515E663A}"
EndProject
Global
	GlobalSection(SolutionConfigurationPlatforms) = preSolution
		Debug|Any CPU = Debug|Any CPU
		Release|Any CPU = Release|Any CPU
	EndGlobalSection
	GlobalSection(ProjectConfigurationPlatforms) = postSolution
		{7A8D9D14-A2BB-4791-AEB0-B3DE7F52ACF0}.Debug|Any CPU.ActiveCfg = Debug|Any CPU
		{7A8D9D14-A2BB-4791-AEB0-B3DE7F52ACF0}.Debug|Any CPU.Build.0 = Debug|Any CPU
		{7A8D9D14-A2BB-4791-AEB0-B3DE7F52ACF0}.Release|Any CPU.ActiveCfg = Release|Any CPU
		{7A8D9D14-A2BB-4791-AEB0-B3DE7F52ACF0}.Release|Any CPU.Build.0 = Release|Any CPU
		{1008856A-CE16-41D2-9E81-16F9B57718E2}.Debug|Any CPU.ActiveCfg = Debug|Any CPU
		{1008856A-CE16-41D2-9E81-16F9B57718E2}.Debug|Any CPU.Build.0 = Debug|Any CPU
		{1008856A-CE16-41D2-9E81-16F9B57718E2}.Release|Any CPU.ActiveCfg = Release|Any CPU
		{1008856A-CE16-41D2-9E81-16F9B57718E2}.Release|Any CPU.Build.0 = Release|Any CPU
		{298C122A-AFAF-417B-A684-BABCB02EB99A}.Debug|Any CPU.ActiveCfg = Debug|Any CPU
		{298C122A-AFAF-417B-A684-BABCB02EB99A}.Debug|Any CPU.Build.0 = Debug|Any CPU
		{298C122A-AFAF-417B-A684-BABCB02EB99A}.Release|Any CPU.ActiveCfg = Release|Any CPU
		{298C122A-AFAF-417B-A684-BABCB02EB99A}.Release|Any CPU.Build.0 = Release|Any CPU
		{C0303F14-DD29-4AFE-825C-02DD3DB3E7A8}.Debug|Any CPU.ActiveCfg = Debug|Any CPU
		{C0303F14-DD29-4AFE-825C-02DD3DB3E7A8}.Debug|Any CPU.Build.0 = Debug|Any CPU
		{C0303F14-DD29-4AFE-825C-02DD3DB3E7A8}.Release|Any CPU.ActiveCfg = Release|Any CPU
		{C0303F14-DD29-4AFE-825C-02DD3DB3E7A8}.Release|Any CPU.Build.0 = Release|Any CPU
		{B7368D5F-C067-4425-AEC7-DA92101899A3}.Debug|Any CPU.ActiveCfg = Debug|Any CPU
		{B7368D5F-C067-4425-AEC7-DA92101899A3}.Debug|Any CPU.Build.0 = Debug|Any CPU
		{B7368D5F-C067-4425-AEC7-DA92101899A3}.Release|Any CPU.ActiveCfg = Release|Any CPU
		{B7368D5F-C067-4425-AEC7-DA92101899A3}.Release|Any CPU.Build.0 = Release|Any CPU
		{AC10310E-2DDA-49B7-A8C0-3C1B2E452C8F}.Debug|Any CPU.ActiveCfg = Debug|Any CPU
		{AC10310E-2DDA-49B7-A8C0-3C1B2E452C8F}.Debug|Any CPU.Build.0 = Debug|Any CPU
		{AC10310E-2DDA-49B7-A8C0-3C1B2E452C8F}.Release|Any CPU.ActiveCfg = Release|Any CPU
		{AC10310E-2DDA-49B7-A8C0-3C1B2E452C8F}.Release|Any CPU.Build.0 = Release|Any CPU
		{84F19AFB-0983-4911-8149-0CC15CF43852}.Debug|Any CPU.ActiveCfg = Debug|Any CPU
		{84F19AFB-0983-4911-8149-0CC15CF43852}.Debug|Any CPU.Build.0 = Debug|Any CPU
		{84F19AFB-0983-4911-8149-0CC15CF43852}.Release|Any CPU.ActiveCfg = Release|Any CPU
		{84F19AFB-0983-4911-8149-0CC15CF43852}.Release|Any CPU.Build.0 = Release|Any CPU
		{46D75588-8D20-41B7-9DD9-9661B622B836}.Debug|Any CPU.ActiveCfg = Debug|Any CPU
		{46D75588-8D20-41B7-9DD9-9661B622B836}.Debug|Any CPU.Build.0 = Debug|Any CPU
		{46D75588-8D20-41B7-9DD9-9661B622B836}.Release|Any CPU.ActiveCfg = Release|Any CPU
		{46D75588-8D20-41B7-9DD9-9661B622B836}.Release|Any CPU.Build.0 = Release|Any CPU
		{14BAB3C1-0514-464B-BB0F-3D3D4C85C660}.Debug|Any CPU.ActiveCfg = Debug|Any CPU
		{14BAB3C1-0514-464B-BB0F-3D3D4C85C660}.Debug|Any CPU.Build.0 = Debug|Any CPU
		{14BAB3C1-0514-464B-BB0F-3D3D4C85C660}.Release|Any CPU.ActiveCfg = Release|Any CPU
		{14BAB3C1-0514-464B-BB0F-3D3D4C85C660}.Release|Any CPU.Build.0 = Release|Any CPU
		{2B52F49E-6D6C-4CCE-B7A9-E61257F33C11}.Debug|Any CPU.ActiveCfg = Debug|Any CPU
		{2B52F49E-6D6C-4CCE-B7A9-E61257F33C11}.Debug|Any CPU.Build.0 = Debug|Any CPU
		{2B52F49E-6D6C-4CCE-B7A9-E61257F33C11}.Release|Any CPU.ActiveCfg = Release|Any CPU
		{2B52F49E-6D6C-4CCE-B7A9-E61257F33C11}.Release|Any CPU.Build.0 = Release|Any CPU
		{FBF770D3-5838-40C4-B268-7B429D0CE652}.Debug|Any CPU.ActiveCfg = Debug|Any CPU
		{FBF770D3-5838-40C4-B268-7B429D0CE652}.Debug|Any CPU.Build.0 = Debug|Any CPU
		{FBF770D3-5838-40C4-B268-7B429D0CE652}.Release|Any CPU.ActiveCfg = Release|Any CPU
		{FBF770D3-5838-40C4-B268-7B429D0CE652}.Release|Any CPU.Build.0 = Release|Any CPU
		{631E5781-DC24-46DE-94DD-9A6A6013F1C8}.Debug|Any CPU.ActiveCfg = Debug|Any CPU
		{631E5781-DC24-46DE-94DD-9A6A6013F1C8}.Debug|Any CPU.Build.0 = Debug|Any CPU
		{631E5781-DC24-46DE-94DD-9A6A6013F1C8}.Release|Any CPU.ActiveCfg = Release|Any CPU
		{631E5781-DC24-46DE-94DD-9A6A6013F1C8}.Release|Any CPU.Build.0 = Release|Any CPU
		{63AB8A73-F859-4CC5-AB9E-5A5F4D19F46F}.Debug|Any CPU.ActiveCfg = Debug|Any CPU
		{63AB8A73-F859-4CC5-AB9E-5A5F4D19F46F}.Debug|Any CPU.Build.0 = Debug|Any CPU
		{63AB8A73-F859-4CC5-AB9E-5A5F4D19F46F}.Release|Any CPU.ActiveCfg = Release|Any CPU
		{63AB8A73-F859-4CC5-AB9E-5A5F4D19F46F}.Release|Any CPU.Build.0 = Release|Any CPU
		{B7A7FF05-79E1-441F-B7F4-36B56122972B}.Debug|Any CPU.ActiveCfg = Debug|Any CPU
		{B7A7FF05-79E1-441F-B7F4-36B56122972B}.Debug|Any CPU.Build.0 = Debug|Any CPU
		{B7A7FF05-79E1-441F-B7F4-36B56122972B}.Release|Any CPU.ActiveCfg = Release|Any CPU
		{B7A7FF05-79E1-441F-B7F4-36B56122972B}.Release|Any CPU.Build.0 = Release|Any CPU
		{162F41F6-E25B-4153-B454-79D82E359FFE}.Debug|Any CPU.ActiveCfg = Debug|Any CPU
		{162F41F6-E25B-4153-B454-79D82E359FFE}.Debug|Any CPU.Build.0 = Debug|Any CPU
		{162F41F6-E25B-4153-B454-79D82E359FFE}.Release|Any CPU.ActiveCfg = Release|Any CPU
		{162F41F6-E25B-4153-B454-79D82E359FFE}.Release|Any CPU.Build.0 = Release|Any CPU
		{C7CDC03A-5C48-455E-B321-598170D18B6C}.Debug|Any CPU.ActiveCfg = Debug|Any CPU
		{C7CDC03A-5C48-455E-B321-598170D18B6C}.Debug|Any CPU.Build.0 = Debug|Any CPU
		{C7CDC03A-5C48-455E-B321-598170D18B6C}.Release|Any CPU.ActiveCfg = Release|Any CPU
		{C7CDC03A-5C48-455E-B321-598170D18B6C}.Release|Any CPU.Build.0 = Release|Any CPU
		{45F5D221-DE0B-4C85-8FA0-D226BCDACCF5}.Debug|Any CPU.ActiveCfg = Debug|Any CPU
		{45F5D221-DE0B-4C85-8FA0-D226BCDACCF5}.Debug|Any CPU.Build.0 = Debug|Any CPU
		{45F5D221-DE0B-4C85-8FA0-D226BCDACCF5}.Release|Any CPU.ActiveCfg = Release|Any CPU
		{45F5D221-DE0B-4C85-8FA0-D226BCDACCF5}.Release|Any CPU.Build.0 = Release|Any CPU
		{A9D5DD5E-8BC4-436F-9582-B8BEF1368683}.Debug|Any CPU.ActiveCfg = Debug|Any CPU
		{A9D5DD5E-8BC4-436F-9582-B8BEF1368683}.Debug|Any CPU.Build.0 = Debug|Any CPU
		{A9D5DD5E-8BC4-436F-9582-B8BEF1368683}.Release|Any CPU.ActiveCfg = Release|Any CPU
		{A9D5DD5E-8BC4-436F-9582-B8BEF1368683}.Release|Any CPU.Build.0 = Release|Any CPU
		{E7565BD4-DCAB-4215-802A-E0AC28C5EB1F}.Debug|Any CPU.ActiveCfg = Debug|Any CPU
		{E7565BD4-DCAB-4215-802A-E0AC28C5EB1F}.Debug|Any CPU.Build.0 = Debug|Any CPU
		{E7565BD4-DCAB-4215-802A-E0AC28C5EB1F}.Release|Any CPU.ActiveCfg = Release|Any CPU
		{E7565BD4-DCAB-4215-802A-E0AC28C5EB1F}.Release|Any CPU.Build.0 = Release|Any CPU
		{D43FE076-DC70-4DED-B5F9-77A2758C8545}.Debug|Any CPU.ActiveCfg = Debug|Any CPU
		{D43FE076-DC70-4DED-B5F9-77A2758C8545}.Debug|Any CPU.Build.0 = Debug|Any CPU
		{D43FE076-DC70-4DED-B5F9-77A2758C8545}.Release|Any CPU.ActiveCfg = Release|Any CPU
		{D43FE076-DC70-4DED-B5F9-77A2758C8545}.Release|Any CPU.Build.0 = Release|Any CPU
		{6F3ADEE9-383E-4C59-9ED0-695A2FC5B5D0}.Debug|Any CPU.ActiveCfg = Debug|Any CPU
		{6F3ADEE9-383E-4C59-9ED0-695A2FC5B5D0}.Debug|Any CPU.Build.0 = Debug|Any CPU
		{6F3ADEE9-383E-4C59-9ED0-695A2FC5B5D0}.Release|Any CPU.ActiveCfg = Release|Any CPU
		{6F3ADEE9-383E-4C59-9ED0-695A2FC5B5D0}.Release|Any CPU.Build.0 = Release|Any CPU
		{6533B993-83D3-4F5F-A60B-142FB40A97F2}.Debug|Any CPU.ActiveCfg = Debug|Any CPU
		{6533B993-83D3-4F5F-A60B-142FB40A97F2}.Debug|Any CPU.Build.0 = Debug|Any CPU
		{6533B993-83D3-4F5F-A60B-142FB40A97F2}.Release|Any CPU.ActiveCfg = Release|Any CPU
		{6533B993-83D3-4F5F-A60B-142FB40A97F2}.Release|Any CPU.Build.0 = Release|Any CPU
		{BC28EBF5-6719-43AE-BD00-EFBC96BC83C3}.Debug|Any CPU.ActiveCfg = Debug|Any CPU
		{BC28EBF5-6719-43AE-BD00-EFBC96BC83C3}.Debug|Any CPU.Build.0 = Debug|Any CPU
		{BC28EBF5-6719-43AE-BD00-EFBC96BC83C3}.Release|Any CPU.ActiveCfg = Release|Any CPU
		{BC28EBF5-6719-43AE-BD00-EFBC96BC83C3}.Release|Any CPU.Build.0 = Release|Any CPU
	EndGlobalSection
	GlobalSection(SolutionProperties) = preSolution
		HideSolutionNode = FALSE
	EndGlobalSection
	GlobalSection(NestedProjects) = preSolution
		{1008856A-CE16-41D2-9E81-16F9B57718E2} = {98799D85-7565-4FA0-BD7C-5E5533733531}
		{98799D85-7565-4FA0-BD7C-5E5533733531} = {D9808FB3-C044-4723-959B-C2E9C930F65C}
		{D9808FB3-C044-4723-959B-C2E9C930F65C} = {65CEAD88-BE48-4260-90A0-969028CE363C}
		{298C122A-AFAF-417B-A684-BABCB02EB99A} = {362C7247-7808-40AA-8B1D-775678CA07B4}
		{362C7247-7808-40AA-8B1D-775678CA07B4} = {D4C7304D-1776-4086-B62C-B253CDAE8755}
		{C0303F14-DD29-4AFE-825C-02DD3DB3E7A8} = {CB7F4807-CA5A-4F0C-8983-593D59F2A308}
		{CB7F4807-CA5A-4F0C-8983-593D59F2A308} = {D4C7304D-1776-4086-B62C-B253CDAE8755}
		{B7368D5F-C067-4425-AEC7-DA92101899A3} = {4333955F-5BF0-43D6-9B67-08CB6B4C43CB}
		{4333955F-5BF0-43D6-9B67-08CB6B4C43CB} = {D4C7304D-1776-4086-B62C-B253CDAE8755}
		{D4C7304D-1776-4086-B62C-B253CDAE8755} = {80AE6E72-EC6E-4DB9-A209-D4F78EA49280}
		{AC10310E-2DDA-49B7-A8C0-3C1B2E452C8F} = {B8BEAE8F-591E-43BB-B8D7-456DA6C393E0}
		{B8BEAE8F-591E-43BB-B8D7-456DA6C393E0} = {51723A09-79AA-4ED5-BBB3-EAC8BDC7C54F}
		{51723A09-79AA-4ED5-BBB3-EAC8BDC7C54F} = {B190C748-6C11-4924-A2D4-6D09F6623263}
		{84F19AFB-0983-4911-8149-0CC15CF43852} = {91584A5D-9B42-41C2-9AC6-A842E2166AF7}
		{91584A5D-9B42-41C2-9AC6-A842E2166AF7} = {E23F2703-CA58-4D55-9AEC-51BE94BF2403}
		{46D75588-8D20-41B7-9DD9-9661B622B836} = {6BE50F90-4CD2-4033-8D24-8CB450DCFCB8}
		{6BE50F90-4CD2-4033-8D24-8CB450DCFCB8} = {E23F2703-CA58-4D55-9AEC-51BE94BF2403}
		{E23F2703-CA58-4D55-9AEC-51BE94BF2403} = {3A580DA5-2208-4FF2-9458-59BFFD7BF780}
		{14BAB3C1-0514-464B-BB0F-3D3D4C85C660} = {874D54C5-2D37-4B1A-B228-0F468354B8FF}
		{874D54C5-2D37-4B1A-B228-0F468354B8FF} = {419B575D-165B-4911-95DB-54864DF60B60}
		{2B52F49E-6D6C-4CCE-B7A9-E61257F33C11} = {4BF6C60F-ECB4-4B65-9F28-75EE16C8E3D7}
		{4BF6C60F-ECB4-4B65-9F28-75EE16C8E3D7} = {419B575D-165B-4911-95DB-54864DF60B60}
		{419B575D-165B-4911-95DB-54864DF60B60} = {D6F66D11-A7D0-461C-8212-C1B353C8E1FF}
		{FBF770D3-5838-40C4-B268-7B429D0CE652} = {4F92341D-5E17-4FF2-82FB-E1AC29C6ED7D}
		{4F92341D-5E17-4FF2-82FB-E1AC29C6ED7D} = {75BF12FD-4D87-46EE-8D25-F7AC2435CE95}
		{631E5781-DC24-46DE-94DD-9A6A6013F1C8} = {C828FCD2-3AE4-43A4-BA0C-7BF82AD00621}
		{C828FCD2-3AE4-43A4-BA0C-7BF82AD00621} = {75BF12FD-4D87-46EE-8D25-F7AC2435CE95}
		{75BF12FD-4D87-46EE-8D25-F7AC2435CE95} = {D6F66D11-A7D0-461C-8212-C1B353C8E1FF}
		{63AB8A73-F859-4CC5-AB9E-5A5F4D19F46F} = {D3A072AF-47C2-4800-9BFA-4FD4A2060A40}
		{D3A072AF-47C2-4800-9BFA-4FD4A2060A40} = {D3EE5D49-38B2-4392-8B5E-374CFC9FD723}
		{D3EE5D49-38B2-4392-8B5E-374CFC9FD723} = {D6F66D11-A7D0-461C-8212-C1B353C8E1FF}
		{B7A7FF05-79E1-441F-B7F4-36B56122972B} = {950995CF-1278-45BA-8403-CB6F5DAEFDC6}
		{950995CF-1278-45BA-8403-CB6F5DAEFDC6} = {0EE9C7C3-B2B8-4CA0-B0E2-EDA0F0491E2D}
		{162F41F6-E25B-4153-B454-79D82E359FFE} = {A66A6805-268F-49D2-99C9-0D370D2D4140}
		{A66A6805-268F-49D2-99C9-0D370D2D4140} = {0EE9C7C3-B2B8-4CA0-B0E2-EDA0F0491E2D}
		{0EE9C7C3-B2B8-4CA0-B0E2-EDA0F0491E2D} = {BF19BEF9-E0EC-4F4C-9F13-B69954277B1E}
		{C7CDC03A-5C48-455E-B321-598170D18B6C} = {882F30B0-3B1E-47EC-BAD3-8C1C6D8F9128}
		{882F30B0-3B1E-47EC-BAD3-8C1C6D8F9128} = {98C2F776-E494-46D9-A3AC-188AE31ECF0B}
		{98C2F776-E494-46D9-A3AC-188AE31ECF0B} = {10AD95A5-A821-482A-AB10-6DC3355A529C}
		{10AD95A5-A821-482A-AB10-6DC3355A529C} = {CCDEAAE3-FE0D-4F74-B419-4B0DD9E335D4}
		{45F5D221-DE0B-4C85-8FA0-D226BCDACCF5} = {D437A50C-80C9-4144-940A-CCBD9CC1EC95}
		{D437A50C-80C9-4144-940A-CCBD9CC1EC95} = {ED70EEA6-6538-4D21-A125-D2CD3EF903CB}
		{ED70EEA6-6538-4D21-A125-D2CD3EF903CB} = {ADA3876E-DB74-462B-97EB-6A51E8D9F4F9}
		{A9D5DD5E-8BC4-436F-9582-B8BEF1368683} = {102B6A46-B8C4-4F9B-8600-6BCECCB25337}
		{102B6A46-B8C4-4F9B-8600-6BCECCB25337} = {820EDCB1-F95E-4DEB-AEDD-F5F145D0685D}
		{820EDCB1-F95E-4DEB-AEDD-F5F145D0685D} = {80177B8A-9EBA-49B9-A383-E86A652DD681}
		{E7565BD4-DCAB-4215-802A-E0AC28C5EB1F} = {A3E1157C-A9D1-47A6-8A8E-82F48CE09C02}
		{A3E1157C-A9D1-47A6-8A8E-82F48CE09C02} = {7C2EB314-C517-4BC5-868A-EF6AFBA580A1}
		{D43FE076-DC70-4DED-B5F9-77A2758C8545} = {676136A7-036D-4E6E-97C8-ED71BA270F4D}
		{676136A7-036D-4E6E-97C8-ED71BA270F4D} = {7C2EB314-C517-4BC5-868A-EF6AFBA580A1}
		{7C2EB314-C517-4BC5-868A-EF6AFBA580A1} = {F16F8CAD-F37A-4DE6-AA76-A6FF630F67AC}
		{6F3ADEE9-383E-4C59-9ED0-695A2FC5B5D0} = {C55B00DA-CC61-4403-9ED6-9DB990CE3CD0}
		{C55B00DA-CC61-4403-9ED6-9DB990CE3CD0} = {576E07BF-06C4-497B-95E2-E99C3CB28205}
		{576E07BF-06C4-497B-95E2-E99C3CB28205} = {E7A27E45-D512-4066-8490-A1B812C82A19}
		{6533B993-83D3-4F5F-A60B-142FB40A97F2} = {CAF33DE6-5111-4C81-8959-FF1780EEA557}
		{CAF33DE6-5111-4C81-8959-FF1780EEA557} = {31C5C5F7-B8D9-4941-AE36-8934A211E1E7}
		{31C5C5F7-B8D9-4941-AE36-8934A211E1E7} = {F828DE4D-8C2F-40F5-923B-6D6BA9A8CA54}
		{BC28EBF5-6719-43AE-BD00-EFBC96BC83C3} = {214AB66B-6B42-4E25-B4FA-67723914ED8B}
		{214AB66B-6B42-4E25-B4FA-67723914ED8B} = {4734D5BE-3D1D-45F0-8EE4-309CDBB432DF}
		{4734D5BE-3D1D-45F0-8EE4-309CDBB432DF} = {FD193927-E68E-42AD-BC73-BFAB515E663A}
	EndGlobalSection
	GlobalSection(ExtensibilityGlobals) = postSolution
		SolutionGuid = {DC3BD683-D746-425D-85C3-C17BE16D8412}
	EndGlobalSection
EndGlobal
