Microsoft Visual Studio Solution File, Format Version 12.00
Project("{9A19103F-16F7-4668-BE54-9A1E7A4F7556}") = "this", "this.proj", "{027BA633-A931-49E7-A162-CF8E3937323B}"
EndProject
Project("{9A19103F-16F7-4668-BE54-9A1E7A4F7556}") = "ix_ax_axopen_abstractions", "..\abstractions\src\AXOpen.Abstractions\ix_ax_axopen_abstractions.csproj", "{C80CA397-6195-4E7F-B998-1CF9783F9C47}"
EndProject
Project("{9A19103F-16F7-4668-BE54-9A1E7A4F7556}") = "AXOpen.Base.Abstractions", "..\base\src\AXOpen.Base.Abstractions\AXOpen.Base.Abstractions.csproj", "{08EA1063-FF6C-4B20-A27F-155C6159D8CC}"
EndProject
Project("{9A19103F-16F7-4668-BE54-9A1E7A4F7556}") = "AXOpen.Logging.Serilog", "..\base\src\AXOpen.Logging\AXOpen.Logging.Serilog.csproj", "{D263C421-FD24-4C82-B411-C9105FBE3115}"
EndProject
Project("{9A19103F-16F7-4668-BE54-9A1E7A4F7556}") = "ix_ax_axopen_components_abstractions", "..\components.abstractions\src\AXOpen.Components.Abstractions\ix_ax_axopen_components_abstractions.csproj", "{56174205-5229-4C44-8DA0-D46BF5693F6C}"
EndProject
Project("{9A19103F-16F7-4668-BE54-9A1E7A4F7556}") = "AXOpen.Components.Drives.blazor", "..\components.drives\src\AXOpen.Components.Drives.blazor\AXOpen.Components.Drives.blazor.csproj", "{19AEA94A-D420-48C8-918F-A8AD48F84333}"
EndProject
Project("{9A19103F-16F7-4668-BE54-9A1E7A4F7556}") = "ix_ax_axopen_components_drives", "..\components.drives\src\AXOpen.Components.Drives\ix_ax_axopen_components_drives.csproj", "{1E75F9C8-DBFB-45BA-8C5C-0E79CFCD4019}"
EndProject
Project("{9A19103F-16F7-4668-BE54-9A1E7A4F7556}") = "AXOpen.Components.Rexroth.Drives.blazorapp", "app\ix-blazor\AXOpen.Components.Rexroth.Drives.blazorapp.csproj", "{34DD9ABD-AB47-4778-BFCB-A3103ED706C7}"
EndProject
Project("{9A19103F-16F7-4668-BE54-9A1E7A4F7556}") = "app_axopen_components_rexroth_drives", "app\ix\app_axopen_components_rexroth_drives.csproj", "{F907C558-D1ED-4372-A29F-C4B98E862C93}"
EndProject
Project("{9A19103F-16F7-4668-BE54-9A1E7A4F7556}") = "AXOpen.Components.Rexroth.Drives.blazor", "src\AXOpen.Components.Rexroth.Drives.blazor\AXOpen.Components.Rexroth.Drives.blazor.csproj", "{581D3250-0BDC-4456-B718-B8C713D4C90B}"
EndProject
Project("{9A19103F-16F7-4668-BE54-9A1E7A4F7556}") = "ix_ax_axopen_components_rexroth_drives", "src\AXOpen.Components.Rexroth.Drives\ix_ax_axopen_components_rexroth_drives.csproj", "{47AAEC5C-F223-4D27-B71C-9ED61A7975E9}"
EndProject
Project("{9A19103F-16F7-4668-BE54-9A1E7A4F7556}") = "AXOpen.Components.Rexroth.Drives_tests", "tests\AXOpen.Components.Rexroth.Drives.Tests\AXOpen.Components.Rexroth.Drives_tests.csproj", "{D9CEB9A4-B8C2-412D-85F6-59E031E0E5B0}"
EndProject
Project("{9A19103F-16F7-4668-BE54-9A1E7A4F7556}") = "axopen_core_blazor", "..\core\src\AXOpen.Core.Blazor\axopen_core_blazor.csproj", "{5FC80BCB-4978-4B6D-9DF1-CB0CBA27820D}"
EndProject
Project("{9A19103F-16F7-4668-BE54-9A1E7A4F7556}") = "ix_ax_axopen_core", "..\core\src\AXOpen.Core\ix_ax_axopen_core.csproj", "{B1BCC18A-ADB4-4E8E-8D14-7F36C6282B08}"
EndProject
Project("{9A19103F-16F7-4668-BE54-9A1E7A4F7556}") = "AXOpen.Data.Json", "..\data\src\repositories\Json\AXOpen.Data.Json.csproj", "{8916DF74-6272-4951-BA45-D356728BEB47}"
EndProject
Project("{9A19103F-16F7-4668-BE54-9A1E7A4F7556}") = "AXOpen.Security.Blazor", "..\Security\src\AXOpen.Security.Blazor\AXOpen.Security.Blazor.csproj", "{B5339CC6-2AA1-471B-893A-D7DB798175C9}"
EndProject
Project("{9A19103F-16F7-4668-BE54-9A1E7A4F7556}") = "AXOpen.Security", "..\Security\src\AXOpen.Security\AXOpen.Security.csproj", "{A7AEBD42-C6E6-4537-8140-D5C2AA8B5E10}"
EndProject
Project("{9A19103F-16F7-4668-BE54-9A1E7A4F7556}") = "ix_ax_axopen_simatic1500", "..\simatic1500\ctrl\ix\ix_ax_axopen_simatic1500.csproj", "{0A7B9F0F-252F-4172-A05B-05AFA5A529C0}"
EndProject
Project("{9A19103F-16F7-4668-BE54-9A1E7A4F7556}") = "ix_ax_axopen_timers", "..\timers\src\AXOpen.Timers\ix_ax_axopen_timers.csproj", "{64619B10-6919-4FA5-9B09-EF124459BEA8}"
EndProject
Project("{9A19103F-16F7-4668-BE54-9A1E7A4F7556}") = "AXOpen.ToolBox", "..\toolbox\src\AXOpen.ToolBox\AXOpen.ToolBox.csproj", "{EB52AF7F-83C2-4A37-819E-C1FCF93B7966}"
EndProject
Project("{2150E333-8FDC-42A3-9474-1A3956D46DE8}") = "AXOpen.Abstractions", "..\abstractions\src\AXOpen.Abstractions", "{695A2EA4-7687-4F00-AAA2-F34DEEE051AE}"
EndProject
Project("{2150E333-8FDC-42A3-9474-1A3956D46DE8}") = "src", "..\abstractions\src", "{E74A4733-C8E4-4ED2-9813-1B4ADEC83B90}"
EndProject
Project("{2150E333-8FDC-42A3-9474-1A3956D46DE8}") = "abstractions", "..\abstractions", "{C990B5B2-A759-4C50-9324-2298258C7B01}"
EndProject
Project("{2150E333-8FDC-42A3-9474-1A3956D46DE8}") = "AXOpen.Base.Abstractions", "..\base\src\AXOpen.Base.Abstractions", "{087E1CC9-E88F-4C88-9BB6-81861F07FFD5}"
EndProject
Project("{2150E333-8FDC-42A3-9474-1A3956D46DE8}") = "AXOpen.Logging", "..\base\src\AXOpen.Logging", "{76E52C56-DE25-4CC5-B0BB-3D2A448C3E51}"
EndProject
Project("{2150E333-8FDC-42A3-9474-1A3956D46DE8}") = "src", "..\base\src", "{817DF5E8-2EDF-473C-8F44-A6526ABCCE3F}"
EndProject
Project("{2150E333-8FDC-42A3-9474-1A3956D46DE8}") = "base", "..\base", "{89F643B5-6D02-4778-AB41-9285769ECB5B}"
EndProject
Project("{2150E333-8FDC-42A3-9474-1A3956D46DE8}") = "AXOpen.Components.Abstractions", "..\components.abstractions\src\AXOpen.Components.Abstractions", "{4A00BE33-D6BE-480E-BF04-8663D601665A}"
EndProject
Project("{2150E333-8FDC-42A3-9474-1A3956D46DE8}") = "src", "..\components.abstractions\src", "{1E402EB0-E0FA-4AB2-873E-BCEAF2057450}"
EndProject
Project("{2150E333-8FDC-42A3-9474-1A3956D46DE8}") = "components.abstractions", "..\components.abstractions", "{3D21EEF8-8415-41C1-B5D6-F7DFB113C919}"
EndProject
Project("{2150E333-8FDC-42A3-9474-1A3956D46DE8}") = "AXOpen.Components.Drives.blazor", "..\components.drives\src\AXOpen.Components.Drives.blazor", "{88E2D457-92C8-448B-8B66-9E38E5D0B81F}"
EndProject
Project("{2150E333-8FDC-42A3-9474-1A3956D46DE8}") = "AXOpen.Components.Drives", "..\components.drives\src\AXOpen.Components.Drives", "{A12F82A6-E6D3-4653-89DC-619A405772BB}"
EndProject
Project("{2150E333-8FDC-42A3-9474-1A3956D46DE8}") = "src", "..\components.drives\src", "{6F9B66EC-0474-484E-B271-392297229398}"
EndProject
Project("{2150E333-8FDC-42A3-9474-1A3956D46DE8}") = "components.drives", "..\components.drives", "{5D739987-7E9A-459B-A6E2-3702909A1E45}"
EndProject
Project("{2150E333-8FDC-42A3-9474-1A3956D46DE8}") = "ix-blazor", "app\ix-blazor", "{BBBFDC0D-8341-43D2-8FDB-964EBF00745F}"
EndProject
Project("{2150E333-8FDC-42A3-9474-1A3956D46DE8}") = "ix", "app\ix", "{4955FF1D-8389-45D2-80F8-0B7257089D82}"
EndProject
Project("{2150E333-8FDC-42A3-9474-1A3956D46DE8}") = "app", "app", "{C2239638-BBF9-44D3-8BC0-FEF49FB4EEBD}"
EndProject
Project("{2150E333-8FDC-42A3-9474-1A3956D46DE8}") = "AXOpen.Components.Rexroth.Drives.blazor", "src\AXOpen.Components.Rexroth.Drives.blazor", "{93E97DF1-01CC-4FF7-9C0C-4361CB08684D}"
EndProject
Project("{2150E333-8FDC-42A3-9474-1A3956D46DE8}") = "AXOpen.Components.Rexroth.Drives", "src\AXOpen.Components.Rexroth.Drives", "{7CA87368-6FD1-4245-AED2-651E275B1E2F}"
EndProject
Project("{2150E333-8FDC-42A3-9474-1A3956D46DE8}") = "src", "src", "{65AED8FF-6B2F-4AA5-B38D-4A87B1F8F755}"
EndProject
Project("{2150E333-8FDC-42A3-9474-1A3956D46DE8}") = "AXOpen.Components.Rexroth.Drives.Tests", "tests\AXOpen.Components.Rexroth.Drives.Tests", "{76448CE6-00C1-4874-A377-ECD49E28ED98}"
EndProject
Project("{2150E333-8FDC-42A3-9474-1A3956D46DE8}") = "tests", "tests", "{139A1E1B-1FF0-4262-9AAF-25180FB0E25B}"
EndProject
Project("{2150E333-8FDC-42A3-9474-1A3956D46DE8}") = "components.rexroth.drives", "..\components.rexroth.drives", "{41D16492-12B3-4F43-9E30-3ED04C4EB9AE}"
EndProject
Project("{2150E333-8FDC-42A3-9474-1A3956D46DE8}") = "AXOpen.Core.Blazor", "..\core\src\AXOpen.Core.Blazor", "{AF4DC408-27EA-4516-9CC3-792989A98FC4}"
EndProject
Project("{2150E333-8FDC-42A3-9474-1A3956D46DE8}") = "AXOpen.Core", "..\core\src\AXOpen.Core", "{81C0C7A5-B95A-4B6D-9B97-3D923E65A39A}"
EndProject
Project("{2150E333-8FDC-42A3-9474-1A3956D46DE8}") = "src", "..\core\src", "{F8212341-1796-4B29-9826-B6554CF94E47}"
EndProject
Project("{2150E333-8FDC-42A3-9474-1A3956D46DE8}") = "core", "..\core", "{E230FC10-0C29-449A-B4CA-9E37D7F4B9AD}"
EndProject
Project("{2150E333-8FDC-42A3-9474-1A3956D46DE8}") = "Json", "..\data\src\repositories\Json", "{0C542EE3-6B36-452A-87EC-B5128954A19F}"
EndProject
Project("{2150E333-8FDC-42A3-9474-1A3956D46DE8}") = "repositories", "..\data\src\repositories", "{8C00473E-4D2A-434C-8400-DA3E579696A8}"
EndProject
Project("{2150E333-8FDC-42A3-9474-1A3956D46DE8}") = "src", "..\data\src", "{B253A264-459E-43D8-B7EF-8E040E2561B3}"
EndProject
Project("{2150E333-8FDC-42A3-9474-1A3956D46DE8}") = "data", "..\data", "{C5D5884E-7254-4674-AFE2-8E636B496B48}"
EndProject
Project("{2150E333-8FDC-42A3-9474-1A3956D46DE8}") = "AXOpen.Security.Blazor", "..\Security\src\AXOpen.Security.Blazor", "{C1A11A42-14CC-43B8-AABA-5EF407578C1B}"
EndProject
Project("{2150E333-8FDC-42A3-9474-1A3956D46DE8}") = "AXOpen.Security", "..\Security\src\AXOpen.Security", "{95384754-F4E2-4819-AE11-97B48D7B167C}"
EndProject
Project("{2150E333-8FDC-42A3-9474-1A3956D46DE8}") = "src", "..\Security\src", "{6FF117B2-FF9A-4E67-B327-E7BC9AEFC2D0}"
EndProject
Project("{2150E333-8FDC-42A3-9474-1A3956D46DE8}") = "Security", "..\Security", "{37E26DBA-09BE-4FD2-99E4-5D49C0EEA15C}"
EndProject
Project("{2150E333-8FDC-42A3-9474-1A3956D46DE8}") = "ix", "..\simatic1500\ctrl\ix", "{A3AA579B-D910-4300-94FE-0B44C2D63CA5}"
EndProject
Project("{2150E333-8FDC-42A3-9474-1A3956D46DE8}") = "ctrl", "..\simatic1500\ctrl", "{7927AD5A-3F0F-4F0A-8A3B-20DF0C754809}"
EndProject
Project("{2150E333-8FDC-42A3-9474-1A3956D46DE8}") = "simatic1500", "..\simatic1500", "{9097B89E-7E75-4972-BEF4-53196EEE92AA}"
EndProject
Project("{2150E333-8FDC-42A3-9474-1A3956D46DE8}") = "AXOpen.Timers", "..\timers\src\AXOpen.Timers", "{C9333920-D55B-4E00-BCD2-A87330DC2897}"
EndProject
Project("{2150E333-8FDC-42A3-9474-1A3956D46DE8}") = "src", "..\timers\src", "{0A682A9B-0E6D-4607-9142-9A5EDE747E42}"
EndProject
Project("{2150E333-8FDC-42A3-9474-1A3956D46DE8}") = "timers", "..\timers", "{BABEF2A1-21FE-4A4F-BFD7-623324A9DBF7}"
EndProject
Project("{2150E333-8FDC-42A3-9474-1A3956D46DE8}") = "AXOpen.ToolBox", "..\toolbox\src\AXOpen.ToolBox", "{C8C1D9E1-9E5D-4707-B2A3-02811FE699C9}"
EndProject
Project("{2150E333-8FDC-42A3-9474-1A3956D46DE8}") = "src", "..\toolbox\src", "{495C74F3-1EAF-4B66-872F-44AE95EC458E}"
EndProject
Project("{2150E333-8FDC-42A3-9474-1A3956D46DE8}") = "toolbox", "..\toolbox", "{DC02D7E7-89DE-493D-B795-6B987F768314}"
EndProject
Global
	GlobalSection(SolutionConfigurationPlatforms) = preSolution
		Debug|Any CPU = Debug|Any CPU
		Release|Any CPU = Release|Any CPU
	EndGlobalSection
	GlobalSection(ProjectConfigurationPlatforms) = postSolution
		{027BA633-A931-49E7-A162-CF8E3937323B}.Debug|Any CPU.ActiveCfg = Debug|Any CPU
		{027BA633-A931-49E7-A162-CF8E3937323B}.Debug|Any CPU.Build.0 = Debug|Any CPU
		{027BA633-A931-49E7-A162-CF8E3937323B}.Release|Any CPU.ActiveCfg = Release|Any CPU
		{027BA633-A931-49E7-A162-CF8E3937323B}.Release|Any CPU.Build.0 = Release|Any CPU
		{C80CA397-6195-4E7F-B998-1CF9783F9C47}.Debug|Any CPU.ActiveCfg = Debug|Any CPU
		{C80CA397-6195-4E7F-B998-1CF9783F9C47}.Debug|Any CPU.Build.0 = Debug|Any CPU
		{C80CA397-6195-4E7F-B998-1CF9783F9C47}.Release|Any CPU.ActiveCfg = Release|Any CPU
		{C80CA397-6195-4E7F-B998-1CF9783F9C47}.Release|Any CPU.Build.0 = Release|Any CPU
		{08EA1063-FF6C-4B20-A27F-155C6159D8CC}.Debug|Any CPU.ActiveCfg = Debug|Any CPU
		{08EA1063-FF6C-4B20-A27F-155C6159D8CC}.Debug|Any CPU.Build.0 = Debug|Any CPU
		{08EA1063-FF6C-4B20-A27F-155C6159D8CC}.Release|Any CPU.ActiveCfg = Release|Any CPU
		{08EA1063-FF6C-4B20-A27F-155C6159D8CC}.Release|Any CPU.Build.0 = Release|Any CPU
		{D263C421-FD24-4C82-B411-C9105FBE3115}.Debug|Any CPU.ActiveCfg = Debug|Any CPU
		{D263C421-FD24-4C82-B411-C9105FBE3115}.Debug|Any CPU.Build.0 = Debug|Any CPU
		{D263C421-FD24-4C82-B411-C9105FBE3115}.Release|Any CPU.ActiveCfg = Release|Any CPU
		{D263C421-FD24-4C82-B411-C9105FBE3115}.Release|Any CPU.Build.0 = Release|Any CPU
		{56174205-5229-4C44-8DA0-D46BF5693F6C}.Debug|Any CPU.ActiveCfg = Debug|Any CPU
		{56174205-5229-4C44-8DA0-D46BF5693F6C}.Debug|Any CPU.Build.0 = Debug|Any CPU
		{56174205-5229-4C44-8DA0-D46BF5693F6C}.Release|Any CPU.ActiveCfg = Release|Any CPU
		{56174205-5229-4C44-8DA0-D46BF5693F6C}.Release|Any CPU.Build.0 = Release|Any CPU
		{19AEA94A-D420-48C8-918F-A8AD48F84333}.Debug|Any CPU.ActiveCfg = Debug|Any CPU
		{19AEA94A-D420-48C8-918F-A8AD48F84333}.Debug|Any CPU.Build.0 = Debug|Any CPU
		{19AEA94A-D420-48C8-918F-A8AD48F84333}.Release|Any CPU.ActiveCfg = Release|Any CPU
		{19AEA94A-D420-48C8-918F-A8AD48F84333}.Release|Any CPU.Build.0 = Release|Any CPU
		{1E75F9C8-DBFB-45BA-8C5C-0E79CFCD4019}.Debug|Any CPU.ActiveCfg = Debug|Any CPU
		{1E75F9C8-DBFB-45BA-8C5C-0E79CFCD4019}.Debug|Any CPU.Build.0 = Debug|Any CPU
		{1E75F9C8-DBFB-45BA-8C5C-0E79CFCD4019}.Release|Any CPU.ActiveCfg = Release|Any CPU
		{1E75F9C8-DBFB-45BA-8C5C-0E79CFCD4019}.Release|Any CPU.Build.0 = Release|Any CPU
		{34DD9ABD-AB47-4778-BFCB-A3103ED706C7}.Debug|Any CPU.ActiveCfg = Debug|Any CPU
		{34DD9ABD-AB47-4778-BFCB-A3103ED706C7}.Debug|Any CPU.Build.0 = Debug|Any CPU
		{34DD9ABD-AB47-4778-BFCB-A3103ED706C7}.Release|Any CPU.ActiveCfg = Release|Any CPU
		{34DD9ABD-AB47-4778-BFCB-A3103ED706C7}.Release|Any CPU.Build.0 = Release|Any CPU
		{F907C558-D1ED-4372-A29F-C4B98E862C93}.Debug|Any CPU.ActiveCfg = Debug|Any CPU
		{F907C558-D1ED-4372-A29F-C4B98E862C93}.Debug|Any CPU.Build.0 = Debug|Any CPU
		{F907C558-D1ED-4372-A29F-C4B98E862C93}.Release|Any CPU.ActiveCfg = Release|Any CPU
		{F907C558-D1ED-4372-A29F-C4B98E862C93}.Release|Any CPU.Build.0 = Release|Any CPU
		{581D3250-0BDC-4456-B718-B8C713D4C90B}.Debug|Any CPU.ActiveCfg = Debug|Any CPU
		{581D3250-0BDC-4456-B718-B8C713D4C90B}.Debug|Any CPU.Build.0 = Debug|Any CPU
		{581D3250-0BDC-4456-B718-B8C713D4C90B}.Release|Any CPU.ActiveCfg = Release|Any CPU
		{581D3250-0BDC-4456-B718-B8C713D4C90B}.Release|Any CPU.Build.0 = Release|Any CPU
		{47AAEC5C-F223-4D27-B71C-9ED61A7975E9}.Debug|Any CPU.ActiveCfg = Debug|Any CPU
		{47AAEC5C-F223-4D27-B71C-9ED61A7975E9}.Debug|Any CPU.Build.0 = Debug|Any CPU
		{47AAEC5C-F223-4D27-B71C-9ED61A7975E9}.Release|Any CPU.ActiveCfg = Release|Any CPU
		{47AAEC5C-F223-4D27-B71C-9ED61A7975E9}.Release|Any CPU.Build.0 = Release|Any CPU
		{D9CEB9A4-B8C2-412D-85F6-59E031E0E5B0}.Debug|Any CPU.ActiveCfg = Debug|Any CPU
		{D9CEB9A4-B8C2-412D-85F6-59E031E0E5B0}.Debug|Any CPU.Build.0 = Debug|Any CPU
		{D9CEB9A4-B8C2-412D-85F6-59E031E0E5B0}.Release|Any CPU.ActiveCfg = Release|Any CPU
		{D9CEB9A4-B8C2-412D-85F6-59E031E0E5B0}.Release|Any CPU.Build.0 = Release|Any CPU
		{5FC80BCB-4978-4B6D-9DF1-CB0CBA27820D}.Debug|Any CPU.ActiveCfg = Debug|Any CPU
		{5FC80BCB-4978-4B6D-9DF1-CB0CBA27820D}.Debug|Any CPU.Build.0 = Debug|Any CPU
		{5FC80BCB-4978-4B6D-9DF1-CB0CBA27820D}.Release|Any CPU.ActiveCfg = Release|Any CPU
		{5FC80BCB-4978-4B6D-9DF1-CB0CBA27820D}.Release|Any CPU.Build.0 = Release|Any CPU
		{B1BCC18A-ADB4-4E8E-8D14-7F36C6282B08}.Debug|Any CPU.ActiveCfg = Debug|Any CPU
		{B1BCC18A-ADB4-4E8E-8D14-7F36C6282B08}.Debug|Any CPU.Build.0 = Debug|Any CPU
		{B1BCC18A-ADB4-4E8E-8D14-7F36C6282B08}.Release|Any CPU.ActiveCfg = Release|Any CPU
		{B1BCC18A-ADB4-4E8E-8D14-7F36C6282B08}.Release|Any CPU.Build.0 = Release|Any CPU
		{8916DF74-6272-4951-BA45-D356728BEB47}.Debug|Any CPU.ActiveCfg = Debug|Any CPU
		{8916DF74-6272-4951-BA45-D356728BEB47}.Debug|Any CPU.Build.0 = Debug|Any CPU
		{8916DF74-6272-4951-BA45-D356728BEB47}.Release|Any CPU.ActiveCfg = Release|Any CPU
		{8916DF74-6272-4951-BA45-D356728BEB47}.Release|Any CPU.Build.0 = Release|Any CPU
		{B5339CC6-2AA1-471B-893A-D7DB798175C9}.Debug|Any CPU.ActiveCfg = Debug|Any CPU
		{B5339CC6-2AA1-471B-893A-D7DB798175C9}.Debug|Any CPU.Build.0 = Debug|Any CPU
		{B5339CC6-2AA1-471B-893A-D7DB798175C9}.Release|Any CPU.ActiveCfg = Release|Any CPU
		{B5339CC6-2AA1-471B-893A-D7DB798175C9}.Release|Any CPU.Build.0 = Release|Any CPU
		{A7AEBD42-C6E6-4537-8140-D5C2AA8B5E10}.Debug|Any CPU.ActiveCfg = Debug|Any CPU
		{A7AEBD42-C6E6-4537-8140-D5C2AA8B5E10}.Debug|Any CPU.Build.0 = Debug|Any CPU
		{A7AEBD42-C6E6-4537-8140-D5C2AA8B5E10}.Release|Any CPU.ActiveCfg = Release|Any CPU
		{A7AEBD42-C6E6-4537-8140-D5C2AA8B5E10}.Release|Any CPU.Build.0 = Release|Any CPU
		{0A7B9F0F-252F-4172-A05B-05AFA5A529C0}.Debug|Any CPU.ActiveCfg = Debug|Any CPU
		{0A7B9F0F-252F-4172-A05B-05AFA5A529C0}.Debug|Any CPU.Build.0 = Debug|Any CPU
		{0A7B9F0F-252F-4172-A05B-05AFA5A529C0}.Release|Any CPU.ActiveCfg = Release|Any CPU
		{0A7B9F0F-252F-4172-A05B-05AFA5A529C0}.Release|Any CPU.Build.0 = Release|Any CPU
		{64619B10-6919-4FA5-9B09-EF124459BEA8}.Debug|Any CPU.ActiveCfg = Debug|Any CPU
		{64619B10-6919-4FA5-9B09-EF124459BEA8}.Debug|Any CPU.Build.0 = Debug|Any CPU
		{64619B10-6919-4FA5-9B09-EF124459BEA8}.Release|Any CPU.ActiveCfg = Release|Any CPU
		{64619B10-6919-4FA5-9B09-EF124459BEA8}.Release|Any CPU.Build.0 = Release|Any CPU
		{EB52AF7F-83C2-4A37-819E-C1FCF93B7966}.Debug|Any CPU.ActiveCfg = Debug|Any CPU
		{EB52AF7F-83C2-4A37-819E-C1FCF93B7966}.Debug|Any CPU.Build.0 = Debug|Any CPU
		{EB52AF7F-83C2-4A37-819E-C1FCF93B7966}.Release|Any CPU.ActiveCfg = Release|Any CPU
		{EB52AF7F-83C2-4A37-819E-C1FCF93B7966}.Release|Any CPU.Build.0 = Release|Any CPU
	EndGlobalSection
	GlobalSection(SolutionProperties) = preSolution
		HideSolutionNode = FALSE
	EndGlobalSection
	GlobalSection(NestedProjects) = preSolution
		{C80CA397-6195-4E7F-B998-1CF9783F9C47} = {695A2EA4-7687-4F00-AAA2-F34DEEE051AE}
		{695A2EA4-7687-4F00-AAA2-F34DEEE051AE} = {E74A4733-C8E4-4ED2-9813-1B4ADEC83B90}
		{E74A4733-C8E4-4ED2-9813-1B4ADEC83B90} = {C990B5B2-A759-4C50-9324-2298258C7B01}
		{08EA1063-FF6C-4B20-A27F-155C6159D8CC} = {087E1CC9-E88F-4C88-9BB6-81861F07FFD5}
		{087E1CC9-E88F-4C88-9BB6-81861F07FFD5} = {817DF5E8-2EDF-473C-8F44-A6526ABCCE3F}
		{D263C421-FD24-4C82-B411-C9105FBE3115} = {76E52C56-DE25-4CC5-B0BB-3D2A448C3E51}
		{76E52C56-DE25-4CC5-B0BB-3D2A448C3E51} = {817DF5E8-2EDF-473C-8F44-A6526ABCCE3F}
		{817DF5E8-2EDF-473C-8F44-A6526ABCCE3F} = {89F643B5-6D02-4778-AB41-9285769ECB5B}
		{56174205-5229-4C44-8DA0-D46BF5693F6C} = {4A00BE33-D6BE-480E-BF04-8663D601665A}
		{4A00BE33-D6BE-480E-BF04-8663D601665A} = {1E402EB0-E0FA-4AB2-873E-BCEAF2057450}
		{1E402EB0-E0FA-4AB2-873E-BCEAF2057450} = {3D21EEF8-8415-41C1-B5D6-F7DFB113C919}
		{19AEA94A-D420-48C8-918F-A8AD48F84333} = {88E2D457-92C8-448B-8B66-9E38E5D0B81F}
		{88E2D457-92C8-448B-8B66-9E38E5D0B81F} = {6F9B66EC-0474-484E-B271-392297229398}
		{1E75F9C8-DBFB-45BA-8C5C-0E79CFCD4019} = {A12F82A6-E6D3-4653-89DC-619A405772BB}
		{A12F82A6-E6D3-4653-89DC-619A405772BB} = {6F9B66EC-0474-484E-B271-392297229398}
		{6F9B66EC-0474-484E-B271-392297229398} = {5D739987-7E9A-459B-A6E2-3702909A1E45}
		{34DD9ABD-AB47-4778-BFCB-A3103ED706C7} = {BBBFDC0D-8341-43D2-8FDB-964EBF00745F}
		{BBBFDC0D-8341-43D2-8FDB-964EBF00745F} = {C2239638-BBF9-44D3-8BC0-FEF49FB4EEBD}
		{F907C558-D1ED-4372-A29F-C4B98E862C93} = {4955FF1D-8389-45D2-80F8-0B7257089D82}
		{4955FF1D-8389-45D2-80F8-0B7257089D82} = {C2239638-BBF9-44D3-8BC0-FEF49FB4EEBD}
		{C2239638-BBF9-44D3-8BC0-FEF49FB4EEBD} = {41D16492-12B3-4F43-9E30-3ED04C4EB9AE}
		{581D3250-0BDC-4456-B718-B8C713D4C90B} = {93E97DF1-01CC-4FF7-9C0C-4361CB08684D}
		{93E97DF1-01CC-4FF7-9C0C-4361CB08684D} = {65AED8FF-6B2F-4AA5-B38D-4A87B1F8F755}
		{47AAEC5C-F223-4D27-B71C-9ED61A7975E9} = {7CA87368-6FD1-4245-AED2-651E275B1E2F}
		{7CA87368-6FD1-4245-AED2-651E275B1E2F} = {65AED8FF-6B2F-4AA5-B38D-4A87B1F8F755}
		{65AED8FF-6B2F-4AA5-B38D-4A87B1F8F755} = {41D16492-12B3-4F43-9E30-3ED04C4EB9AE}
		{D9CEB9A4-B8C2-412D-85F6-59E031E0E5B0} = {76448CE6-00C1-4874-A377-ECD49E28ED98}
		{76448CE6-00C1-4874-A377-ECD49E28ED98} = {139A1E1B-1FF0-4262-9AAF-25180FB0E25B}
		{139A1E1B-1FF0-4262-9AAF-25180FB0E25B} = {41D16492-12B3-4F43-9E30-3ED04C4EB9AE}
		{5FC80BCB-4978-4B6D-9DF1-CB0CBA27820D} = {AF4DC408-27EA-4516-9CC3-792989A98FC4}
		{AF4DC408-27EA-4516-9CC3-792989A98FC4} = {F8212341-1796-4B29-9826-B6554CF94E47}
		{B1BCC18A-ADB4-4E8E-8D14-7F36C6282B08} = {81C0C7A5-B95A-4B6D-9B97-3D923E65A39A}
		{81C0C7A5-B95A-4B6D-9B97-3D923E65A39A} = {F8212341-1796-4B29-9826-B6554CF94E47}
		{F8212341-1796-4B29-9826-B6554CF94E47} = {E230FC10-0C29-449A-B4CA-9E37D7F4B9AD}
		{8916DF74-6272-4951-BA45-D356728BEB47} = {0C542EE3-6B36-452A-87EC-B5128954A19F}
		{0C542EE3-6B36-452A-87EC-B5128954A19F} = {8C00473E-4D2A-434C-8400-DA3E579696A8}
		{8C00473E-4D2A-434C-8400-DA3E579696A8} = {B253A264-459E-43D8-B7EF-8E040E2561B3}
		{B253A264-459E-43D8-B7EF-8E040E2561B3} = {C5D5884E-7254-4674-AFE2-8E636B496B48}
		{B5339CC6-2AA1-471B-893A-D7DB798175C9} = {C1A11A42-14CC-43B8-AABA-5EF407578C1B}
		{C1A11A42-14CC-43B8-AABA-5EF407578C1B} = {6FF117B2-FF9A-4E67-B327-E7BC9AEFC2D0}
		{A7AEBD42-C6E6-4537-8140-D5C2AA8B5E10} = {95384754-F4E2-4819-AE11-97B48D7B167C}
		{95384754-F4E2-4819-AE11-97B48D7B167C} = {6FF117B2-FF9A-4E67-B327-E7BC9AEFC2D0}
		{6FF117B2-FF9A-4E67-B327-E7BC9AEFC2D0} = {37E26DBA-09BE-4FD2-99E4-5D49C0EEA15C}
		{0A7B9F0F-252F-4172-A05B-05AFA5A529C0} = {A3AA579B-D910-4300-94FE-0B44C2D63CA5}
		{A3AA579B-D910-4300-94FE-0B44C2D63CA5} = {7927AD5A-3F0F-4F0A-8A3B-20DF0C754809}
		{7927AD5A-3F0F-4F0A-8A3B-20DF0C754809} = {9097B89E-7E75-4972-BEF4-53196EEE92AA}
		{64619B10-6919-4FA5-9B09-EF124459BEA8} = {C9333920-D55B-4E00-BCD2-A87330DC2897}
		{C9333920-D55B-4E00-BCD2-A87330DC2897} = {0A682A9B-0E6D-4607-9142-9A5EDE747E42}
		{0A682A9B-0E6D-4607-9142-9A5EDE747E42} = {BABEF2A1-21FE-4A4F-BFD7-623324A9DBF7}
		{EB52AF7F-83C2-4A37-819E-C1FCF93B7966} = {C8C1D9E1-9E5D-4707-B2A3-02811FE699C9}
		{C8C1D9E1-9E5D-4707-B2A3-02811FE699C9} = {495C74F3-1EAF-4B66-872F-44AE95EC458E}
		{495C74F3-1EAF-4B66-872F-44AE95EC458E} = {DC02D7E7-89DE-493D-B795-6B987F768314}
	EndGlobalSection
	GlobalSection(ExtensibilityGlobals) = postSolution
		SolutionGuid = {41D3B635-DA5E-4FDC-BA4C-DB43CC900354}
	EndGlobalSection
EndGlobal
