Microsoft Visual Studio Solution File, Format Version 12.00
Project("{9A19103F-16F7-4668-BE54-9A1E7A4F7556}") = "this", "this.proj", "{EDEC1919-4CCD-43BA-8F96-1328E1A385C0}"
EndProject
Project("{9A19103F-16F7-4668-BE54-9A1E7A4F7556}") = "inxton_axopen_abstractions", "..\abstractions\src\AXOpen.Abstractions\inxton_axopen_abstractions.csproj", "{9B2D76E0-7BC3-4AFE-9642-C9E80C33373D}"
EndProject
Project("{9A19103F-16F7-4668-BE54-9A1E7A4F7556}") = "AXOpen.Base.Abstractions", "..\base\src\AXOpen.Base.Abstractions\AXOpen.Base.Abstractions.csproj", "{FE21C67F-3EBA-46D7-87BB-9DF1B497A05D}"
EndProject
Project("{9A19103F-16F7-4668-BE54-9A1E7A4F7556}") = "AXOpen.Logging.Serilog", "..\base\src\AXOpen.Logging\AXOpen.Logging.Serilog.csproj", "{8C55D3E8-47E6-4180-86D8-353F9771DAAD}"
EndProject
Project("{9A19103F-16F7-4668-BE54-9A1E7A4F7556}") = "AXOpen.VisualComposer", "..\base\src\AXOpen.VisualComposer\AXOpen.VisualComposer.csproj", "{8D184DBC-E168-4C24-B23C-F6FC2989CAD7}"
EndProject
Project("{9A19103F-16F7-4668-BE54-9A1E7A4F7556}") = "inxton_axopen_components_abstractions", "..\components.abstractions\src\AXOpen.Components.Abstractions\inxton_axopen_components_abstractions.csproj", "{2C1FC5A3-3C5B-45EA-929C-341CDD424478}"
EndProject
Project("{9A19103F-16F7-4668-BE54-9A1E7A4F7556}") = "AXOpen.Components.Keyence.Vision.blazorapp", "app\ix-blazor\AXOpen.Components.Keyence.Vision.blazorapp.csproj", "{91F7F58B-8B46-470A-B9F3-6DEE85C47506}"
EndProject
Project("{9A19103F-16F7-4668-BE54-9A1E7A4F7556}") = "app_axopen_components_keyence_vision", "app\ix\app_axopen_components_keyence_vision.csproj", "{6E0A3D41-AA8D-4B72-B536-EFD003E73E5A}"
EndProject
Project("{9A19103F-16F7-4668-BE54-9A1E7A4F7556}") = "AXOpen.Components.Keyence.Vision.blazor", "src\AXOpen.Components.Keyence.Vision.blazor\AXOpen.Components.Keyence.Vision.blazor.csproj", "{A6469269-F3BD-4317-99E0-817330E9F8D3}"
EndProject
Project("{9A19103F-16F7-4668-BE54-9A1E7A4F7556}") = "inxton_axopen_components_keyence_vision", "src\AXOpen.Components.Keyence.Vision\inxton_axopen_components_keyence_vision.csproj", "{1CC057EE-70FF-47AD-8D53-06F7D501AB8B}"
EndProject
Project("{9A19103F-16F7-4668-BE54-9A1E7A4F7556}") = "AXOpen.Components.Keyence.Vision_tests", "tests\AXOpen.Components.Keyence.Vision.Tests\AXOpen.Components.Keyence.Vision_tests.csproj", "{BCBEC7FB-B6D8-4173-8B0D-3A7D5A9F2E5E}"
EndProject
Project("{9A19103F-16F7-4668-BE54-9A1E7A4F7556}") = "axopen_core_blazor", "..\core\src\AXOpen.Core.Blazor\axopen_core_blazor.csproj", "{39293D07-E891-4C0E-B6CB-0ACD2FFD6B61}"
EndProject
Project("{9A19103F-16F7-4668-BE54-9A1E7A4F7556}") = "inxton_axopen_core", "..\core\src\AXOpen.Core\inxton_axopen_core.csproj", "{349A7404-C4D6-4822-A659-32362ED737F8}"
EndProject
Project("{9A19103F-16F7-4668-BE54-9A1E7A4F7556}") = "AXOpen.Data.Json", "..\data\src\repositories\Json\AXOpen.Data.Json.csproj", "{3474AEEC-5387-4AC3-9151-9DC2BFE669AA}"
EndProject
Project("{9A19103F-16F7-4668-BE54-9A1E7A4F7556}") = "AXOpen.Io.blazor", "..\io\src\AXOpen.Io.blazor\AXOpen.Io.blazor.csproj", "{6B93FDBC-334B-4C2A-A3B1-E8DD4AF38036}"
EndProject
Project("{9A19103F-16F7-4668-BE54-9A1E7A4F7556}") = "inxton_axopen_io", "..\io\src\AXOpen.Io\inxton_axopen_io.csproj", "{06FB34AA-1257-4A1B-9273-029A2ABBCB19}"
EndProject
Project("{9A19103F-16F7-4668-BE54-9A1E7A4F7556}") = "inxton_ax_sdk", "..\sdk-ax\ctrl\ix\inxton_ax_sdk.csproj", "{864B09C5-1A77-4D4F-9385-6B63BE29B934}"
EndProject
Project("{9A19103F-16F7-4668-BE54-9A1E7A4F7556}") = "AXOpen.Security.Blazor", "..\Security\src\AXOpen.Security.Blazor\AXOpen.Security.Blazor.csproj", "{D5516896-B429-4239-BA12-A3D13808D1C7}"
EndProject
Project("{9A19103F-16F7-4668-BE54-9A1E7A4F7556}") = "AXOpen.Security", "..\Security\src\AXOpen.Security\AXOpen.Security.csproj", "{435436E3-6ED9-45E3-91DF-F5A9E09AF716}"
EndProject
Project("{9A19103F-16F7-4668-BE54-9A1E7A4F7556}") = "inxton_axopen_simatic1500", "..\simatic1500\ctrl\ix\inxton_axopen_simatic1500.csproj", "{E338464E-4641-48BF-ABB4-C4E1BEB2B32A}"
EndProject
Project("{9A19103F-16F7-4668-BE54-9A1E7A4F7556}") = "inxton_axopen_timers", "..\timers\src\AXOpen.Timers\inxton_axopen_timers.csproj", "{673F1457-20F1-4A89-A084-D996976B6A9B}"
EndProject
Project("{9A19103F-16F7-4668-BE54-9A1E7A4F7556}") = "AXOpen.ToolBox", "..\toolbox\src\AXOpen.ToolBox\AXOpen.ToolBox.csproj", "{7F9D628B-143D-43F1-81AC-DA3F8F1A29FC}"
EndProject
Project("{2150E333-8FDC-42A3-9474-1A3956D46DE8}") = "AXOpen.Abstractions", "..\abstractions\src\AXOpen.Abstractions", "{A25B0056-E801-4AD0-A9C2-2884AF84D130}"
EndProject
Project("{2150E333-8FDC-42A3-9474-1A3956D46DE8}") = "src", "..\abstractions\src", "{4511C4FA-34FC-4A6A-8FE0-CA1A7E585A86}"
EndProject
Project("{2150E333-8FDC-42A3-9474-1A3956D46DE8}") = "abstractions", "..\abstractions", "{777CD35F-86BB-4E86-8406-D52A3212AEE6}"
EndProject
Project("{2150E333-8FDC-42A3-9474-1A3956D46DE8}") = "AXOpen.Base.Abstractions", "..\base\src\AXOpen.Base.Abstractions", "{B46D1161-A356-4286-BB27-CCDCFA6E2A17}"
EndProject
Project("{2150E333-8FDC-42A3-9474-1A3956D46DE8}") = "AXOpen.Logging", "..\base\src\AXOpen.Logging", "{9C187F97-ECA2-4A62-948C-3F6753AC8709}"
EndProject
Project("{2150E333-8FDC-42A3-9474-1A3956D46DE8}") = "AXOpen.VisualComposer", "..\base\src\AXOpen.VisualComposer", "{C2E6F38A-338E-4E36-A03F-B6C3102B37AA}"
EndProject
Project("{2150E333-8FDC-42A3-9474-1A3956D46DE8}") = "src", "..\base\src", "{3C07A178-18F5-4A7E-B87E-C9C9A86DEEC9}"
EndProject
Project("{2150E333-8FDC-42A3-9474-1A3956D46DE8}") = "base", "..\base", "{63BF43C7-8760-4B36-9DB9-C9F95E9C71E0}"
EndProject
Project("{2150E333-8FDC-42A3-9474-1A3956D46DE8}") = "AXOpen.Components.Abstractions", "..\components.abstractions\src\AXOpen.Components.Abstractions", "{29B4E4C9-751F-4060-BD45-5A7000108C48}"
EndProject
Project("{2150E333-8FDC-42A3-9474-1A3956D46DE8}") = "src", "..\components.abstractions\src", "{B63DB186-1FFE-439D-BD4F-3518B0BC82E6}"
EndProject
Project("{2150E333-8FDC-42A3-9474-1A3956D46DE8}") = "components.abstractions", "..\components.abstractions", "{4496CDD8-587B-49A4-9A6C-DBC4225FBCB8}"
EndProject
Project("{2150E333-8FDC-42A3-9474-1A3956D46DE8}") = "ix-blazor", "app\ix-blazor", "{7726D35A-77B8-4EF1-9636-5BE6F94187D4}"
EndProject
Project("{2150E333-8FDC-42A3-9474-1A3956D46DE8}") = "ix", "app\ix", "{83D43506-D35F-4E63-AD15-6E4E00688037}"
EndProject
Project("{2150E333-8FDC-42A3-9474-1A3956D46DE8}") = "app", "app", "{367DE0A2-C0AB-485A-9FCD-1C7A57B360A2}"
EndProject
Project("{2150E333-8FDC-42A3-9474-1A3956D46DE8}") = "AXOpen.Components.Keyence.Vision.blazor", "src\AXOpen.Components.Keyence.Vision.blazor", "{F3A2747E-8E86-4B72-B707-861B928A0A5F}"
EndProject
Project("{2150E333-8FDC-42A3-9474-1A3956D46DE8}") = "AXOpen.Components.Keyence.Vision", "src\AXOpen.Components.Keyence.Vision", "{956838A4-F7CB-4003-AB05-678D9B7FD175}"
EndProject
Project("{2150E333-8FDC-42A3-9474-1A3956D46DE8}") = "src", "src", "{55360B0C-2853-47D7-8089-1B2349539DC9}"
EndProject
Project("{2150E333-8FDC-42A3-9474-1A3956D46DE8}") = "AXOpen.Components.Keyence.Vision.Tests", "tests\AXOpen.Components.Keyence.Vision.Tests", "{EF09EEA5-43CF-4EC6-814E-8183D56054FE}"
EndProject
Project("{2150E333-8FDC-42A3-9474-1A3956D46DE8}") = "tests", "tests", "{ED7C4C53-49C2-4389-B63A-B81A9574FD24}"
EndProject
Project("{2150E333-8FDC-42A3-9474-1A3956D46DE8}") = "components.keyence.vision", "..\components.keyence.vision", "{D3FB155D-4081-4C77-A7D6-6D47887D2C4B}"
EndProject
Project("{2150E333-8FDC-42A3-9474-1A3956D46DE8}") = "AXOpen.Core.Blazor", "..\core\src\AXOpen.Core.Blazor", "{FA900F4B-63EC-4D5C-B68B-C7BD6BA498C6}"
EndProject
Project("{2150E333-8FDC-42A3-9474-1A3956D46DE8}") = "AXOpen.Core", "..\core\src\AXOpen.Core", "{1A774634-978D-4C7D-835C-474637707AA2}"
EndProject
Project("{2150E333-8FDC-42A3-9474-1A3956D46DE8}") = "src", "..\core\src", "{7E15F7EE-AEAD-4281-A33D-F9C07994215B}"
EndProject
Project("{2150E333-8FDC-42A3-9474-1A3956D46DE8}") = "core", "..\core", "{B6ABDFDC-97CC-44DB-B6EB-E5E54DDEBBFA}"
EndProject
Project("{2150E333-8FDC-42A3-9474-1A3956D46DE8}") = "Json", "..\data\src\repositories\Json", "{693C0A47-68FB-452B-A1E3-5C802EDE927F}"
EndProject
Project("{2150E333-8FDC-42A3-9474-1A3956D46DE8}") = "repositories", "..\data\src\repositories", "{12207CB1-14C9-4F1B-BF96-B2FECF550677}"
EndProject
Project("{2150E333-8FDC-42A3-9474-1A3956D46DE8}") = "src", "..\data\src", "{CE37C180-D17D-465D-98D4-CF0839625F73}"
EndProject
Project("{2150E333-8FDC-42A3-9474-1A3956D46DE8}") = "data", "..\data", "{497963B3-77BC-4161-BDFF-83C66E31D6B7}"
EndProject
Project("{2150E333-8FDC-42A3-9474-1A3956D46DE8}") = "AXOpen.Io.blazor", "..\io\src\AXOpen.Io.blazor", "{2AA1A0BB-C3E6-430F-BD79-32E837E42C42}"
EndProject
Project("{2150E333-8FDC-42A3-9474-1A3956D46DE8}") = "AXOpen.Io", "..\io\src\AXOpen.Io", "{AC3FC511-04AB-4BD2-8947-7BC6A4AC0258}"
EndProject
Project("{2150E333-8FDC-42A3-9474-1A3956D46DE8}") = "src", "..\io\src", "{C49B7BA0-E7F4-4E0F-88A8-1AACDD5049A0}"
EndProject
Project("{2150E333-8FDC-42A3-9474-1A3956D46DE8}") = "io", "..\io", "{3B5FCC30-22ED-4932-BC53-68F3E1173A98}"
EndProject
Project("{2150E333-8FDC-42A3-9474-1A3956D46DE8}") = "ix", "..\sdk-ax\ctrl\ix", "{C6E79E38-FF61-49C8-A417-DCC8950CE7E4}"
EndProject
Project("{2150E333-8FDC-42A3-9474-1A3956D46DE8}") = "ctrl", "..\sdk-ax\ctrl", "{BAA8B8A4-EA9A-406B-89E2-DB52E3561677}"
EndProject
Project("{2150E333-8FDC-42A3-9474-1A3956D46DE8}") = "sdk-ax", "..\sdk-ax", "{E28F8787-2FA2-4411-A60B-752437C133C3}"
EndProject
Project("{2150E333-8FDC-42A3-9474-1A3956D46DE8}") = "AXOpen.Security.Blazor", "..\Security\src\AXOpen.Security.Blazor", "{FA32F3F5-EDA9-4D57-B85E-9B9211F198F6}"
EndProject
Project("{2150E333-8FDC-42A3-9474-1A3956D46DE8}") = "AXOpen.Security", "..\Security\src\AXOpen.Security", "{7A90026C-1A76-4CD3-8F92-D478EEE45FDC}"
EndProject
Project("{2150E333-8FDC-42A3-9474-1A3956D46DE8}") = "src", "..\Security\src", "{D9AB2AA1-BED0-4189-8022-6BB4BD97F53D}"
EndProject
Project("{2150E333-8FDC-42A3-9474-1A3956D46DE8}") = "Security", "..\Security", "{49654A53-C9B3-4FE3-927B-02374F110775}"
EndProject
Project("{2150E333-8FDC-42A3-9474-1A3956D46DE8}") = "ix", "..\simatic1500\ctrl\ix", "{2C982589-DA52-4434-B80D-13473187FAE4}"
EndProject
Project("{2150E333-8FDC-42A3-9474-1A3956D46DE8}") = "ctrl", "..\simatic1500\ctrl", "{92DCB2C0-5AAC-4721-9237-99E36F3DB49F}"
EndProject
Project("{2150E333-8FDC-42A3-9474-1A3956D46DE8}") = "simatic1500", "..\simatic1500", "{A24FFCBA-633B-430B-B5D3-7EB40FF6E5A3}"
EndProject
Project("{2150E333-8FDC-42A3-9474-1A3956D46DE8}") = "AXOpen.Timers", "..\timers\src\AXOpen.Timers", "{4D191013-63BC-44AE-BE70-E6A0885DE184}"
EndProject
Project("{2150E333-8FDC-42A3-9474-1A3956D46DE8}") = "src", "..\timers\src", "{8E44A068-ACB6-4134-9086-E780F3344133}"
EndProject
Project("{2150E333-8FDC-42A3-9474-1A3956D46DE8}") = "timers", "..\timers", "{49D6A872-A60A-4DDC-9608-A7B7F4C92427}"
EndProject
Project("{2150E333-8FDC-42A3-9474-1A3956D46DE8}") = "AXOpen.ToolBox", "..\toolbox\src\AXOpen.ToolBox", "{1E443690-199A-4DD5-8220-599249F88A8E}"
EndProject
Project("{2150E333-8FDC-42A3-9474-1A3956D46DE8}") = "src", "..\toolbox\src", "{40A9AACC-815A-445D-9100-971A3DCAF6F5}"
EndProject
Project("{2150E333-8FDC-42A3-9474-1A3956D46DE8}") = "toolbox", "..\toolbox", "{4F019A29-397A-4862-8834-0D31465840C1}"
EndProject
Global
	GlobalSection(SolutionConfigurationPlatforms) = preSolution
		Debug|Any CPU = Debug|Any CPU
		Release|Any CPU = Release|Any CPU
	EndGlobalSection
	GlobalSection(ProjectConfigurationPlatforms) = postSolution
		{EDEC1919-4CCD-43BA-8F96-1328E1A385C0}.Debug|Any CPU.ActiveCfg = Debug|Any CPU
		{EDEC1919-4CCD-43BA-8F96-1328E1A385C0}.Debug|Any CPU.Build.0 = Debug|Any CPU
		{EDEC1919-4CCD-43BA-8F96-1328E1A385C0}.Release|Any CPU.ActiveCfg = Release|Any CPU
		{EDEC1919-4CCD-43BA-8F96-1328E1A385C0}.Release|Any CPU.Build.0 = Release|Any CPU
		{9B2D76E0-7BC3-4AFE-9642-C9E80C33373D}.Debug|Any CPU.ActiveCfg = Debug|Any CPU
		{9B2D76E0-7BC3-4AFE-9642-C9E80C33373D}.Debug|Any CPU.Build.0 = Debug|Any CPU
		{9B2D76E0-7BC3-4AFE-9642-C9E80C33373D}.Release|Any CPU.ActiveCfg = Release|Any CPU
		{9B2D76E0-7BC3-4AFE-9642-C9E80C33373D}.Release|Any CPU.Build.0 = Release|Any CPU
		{FE21C67F-3EBA-46D7-87BB-9DF1B497A05D}.Debug|Any CPU.ActiveCfg = Debug|Any CPU
		{FE21C67F-3EBA-46D7-87BB-9DF1B497A05D}.Debug|Any CPU.Build.0 = Debug|Any CPU
		{FE21C67F-3EBA-46D7-87BB-9DF1B497A05D}.Release|Any CPU.ActiveCfg = Release|Any CPU
		{FE21C67F-3EBA-46D7-87BB-9DF1B497A05D}.Release|Any CPU.Build.0 = Release|Any CPU
		{8C55D3E8-47E6-4180-86D8-353F9771DAAD}.Debug|Any CPU.ActiveCfg = Debug|Any CPU
		{8C55D3E8-47E6-4180-86D8-353F9771DAAD}.Debug|Any CPU.Build.0 = Debug|Any CPU
		{8C55D3E8-47E6-4180-86D8-353F9771DAAD}.Release|Any CPU.ActiveCfg = Release|Any CPU
		{8C55D3E8-47E6-4180-86D8-353F9771DAAD}.Release|Any CPU.Build.0 = Release|Any CPU
		{8D184DBC-E168-4C24-B23C-F6FC2989CAD7}.Debug|Any CPU.ActiveCfg = Debug|Any CPU
		{8D184DBC-E168-4C24-B23C-F6FC2989CAD7}.Debug|Any CPU.Build.0 = Debug|Any CPU
		{8D184DBC-E168-4C24-B23C-F6FC2989CAD7}.Release|Any CPU.ActiveCfg = Release|Any CPU
		{8D184DBC-E168-4C24-B23C-F6FC2989CAD7}.Release|Any CPU.Build.0 = Release|Any CPU
		{2C1FC5A3-3C5B-45EA-929C-341CDD424478}.Debug|Any CPU.ActiveCfg = Debug|Any CPU
		{2C1FC5A3-3C5B-45EA-929C-341CDD424478}.Debug|Any CPU.Build.0 = Debug|Any CPU
		{2C1FC5A3-3C5B-45EA-929C-341CDD424478}.Release|Any CPU.ActiveCfg = Release|Any CPU
		{2C1FC5A3-3C5B-45EA-929C-341CDD424478}.Release|Any CPU.Build.0 = Release|Any CPU
		{91F7F58B-8B46-470A-B9F3-6DEE85C47506}.Debug|Any CPU.ActiveCfg = Debug|Any CPU
		{91F7F58B-8B46-470A-B9F3-6DEE85C47506}.Debug|Any CPU.Build.0 = Debug|Any CPU
		{91F7F58B-8B46-470A-B9F3-6DEE85C47506}.Release|Any CPU.ActiveCfg = Release|Any CPU
		{91F7F58B-8B46-470A-B9F3-6DEE85C47506}.Release|Any CPU.Build.0 = Release|Any CPU
		{6E0A3D41-AA8D-4B72-B536-EFD003E73E5A}.Debug|Any CPU.ActiveCfg = Debug|Any CPU
		{6E0A3D41-AA8D-4B72-B536-EFD003E73E5A}.Debug|Any CPU.Build.0 = Debug|Any CPU
		{6E0A3D41-AA8D-4B72-B536-EFD003E73E5A}.Release|Any CPU.ActiveCfg = Release|Any CPU
		{6E0A3D41-AA8D-4B72-B536-EFD003E73E5A}.Release|Any CPU.Build.0 = Release|Any CPU
		{A6469269-F3BD-4317-99E0-817330E9F8D3}.Debug|Any CPU.ActiveCfg = Debug|Any CPU
		{A6469269-F3BD-4317-99E0-817330E9F8D3}.Debug|Any CPU.Build.0 = Debug|Any CPU
		{A6469269-F3BD-4317-99E0-817330E9F8D3}.Release|Any CPU.ActiveCfg = Release|Any CPU
		{A6469269-F3BD-4317-99E0-817330E9F8D3}.Release|Any CPU.Build.0 = Release|Any CPU
		{1CC057EE-70FF-47AD-8D53-06F7D501AB8B}.Debug|Any CPU.ActiveCfg = Debug|Any CPU
		{1CC057EE-70FF-47AD-8D53-06F7D501AB8B}.Debug|Any CPU.Build.0 = Debug|Any CPU
		{1CC057EE-70FF-47AD-8D53-06F7D501AB8B}.Release|Any CPU.ActiveCfg = Release|Any CPU
		{1CC057EE-70FF-47AD-8D53-06F7D501AB8B}.Release|Any CPU.Build.0 = Release|Any CPU
		{BCBEC7FB-B6D8-4173-8B0D-3A7D5A9F2E5E}.Debug|Any CPU.ActiveCfg = Debug|Any CPU
		{BCBEC7FB-B6D8-4173-8B0D-3A7D5A9F2E5E}.Debug|Any CPU.Build.0 = Debug|Any CPU
		{BCBEC7FB-B6D8-4173-8B0D-3A7D5A9F2E5E}.Release|Any CPU.ActiveCfg = Release|Any CPU
		{BCBEC7FB-B6D8-4173-8B0D-3A7D5A9F2E5E}.Release|Any CPU.Build.0 = Release|Any CPU
		{39293D07-E891-4C0E-B6CB-0ACD2FFD6B61}.Debug|Any CPU.ActiveCfg = Debug|Any CPU
		{39293D07-E891-4C0E-B6CB-0ACD2FFD6B61}.Debug|Any CPU.Build.0 = Debug|Any CPU
		{39293D07-E891-4C0E-B6CB-0ACD2FFD6B61}.Release|Any CPU.ActiveCfg = Release|Any CPU
		{39293D07-E891-4C0E-B6CB-0ACD2FFD6B61}.Release|Any CPU.Build.0 = Release|Any CPU
		{349A7404-C4D6-4822-A659-32362ED737F8}.Debug|Any CPU.ActiveCfg = Debug|Any CPU
		{349A7404-C4D6-4822-A659-32362ED737F8}.Debug|Any CPU.Build.0 = Debug|Any CPU
		{349A7404-C4D6-4822-A659-32362ED737F8}.Release|Any CPU.ActiveCfg = Release|Any CPU
		{349A7404-C4D6-4822-A659-32362ED737F8}.Release|Any CPU.Build.0 = Release|Any CPU
		{3474AEEC-5387-4AC3-9151-9DC2BFE669AA}.Debug|Any CPU.ActiveCfg = Debug|Any CPU
		{3474AEEC-5387-4AC3-9151-9DC2BFE669AA}.Debug|Any CPU.Build.0 = Debug|Any CPU
		{3474AEEC-5387-4AC3-9151-9DC2BFE669AA}.Release|Any CPU.ActiveCfg = Release|Any CPU
		{3474AEEC-5387-4AC3-9151-9DC2BFE669AA}.Release|Any CPU.Build.0 = Release|Any CPU
		{6B93FDBC-334B-4C2A-A3B1-E8DD4AF38036}.Debug|Any CPU.ActiveCfg = Debug|Any CPU
		{6B93FDBC-334B-4C2A-A3B1-E8DD4AF38036}.Debug|Any CPU.Build.0 = Debug|Any CPU
		{6B93FDBC-334B-4C2A-A3B1-E8DD4AF38036}.Release|Any CPU.ActiveCfg = Release|Any CPU
		{6B93FDBC-334B-4C2A-A3B1-E8DD4AF38036}.Release|Any CPU.Build.0 = Release|Any CPU
		{06FB34AA-1257-4A1B-9273-029A2ABBCB19}.Debug|Any CPU.ActiveCfg = Debug|Any CPU
		{06FB34AA-1257-4A1B-9273-029A2ABBCB19}.Debug|Any CPU.Build.0 = Debug|Any CPU
		{06FB34AA-1257-4A1B-9273-029A2ABBCB19}.Release|Any CPU.ActiveCfg = Release|Any CPU
		{06FB34AA-1257-4A1B-9273-029A2ABBCB19}.Release|Any CPU.Build.0 = Release|Any CPU
		{864B09C5-1A77-4D4F-9385-6B63BE29B934}.Debug|Any CPU.ActiveCfg = Debug|Any CPU
		{864B09C5-1A77-4D4F-9385-6B63BE29B934}.Debug|Any CPU.Build.0 = Debug|Any CPU
		{864B09C5-1A77-4D4F-9385-6B63BE29B934}.Release|Any CPU.ActiveCfg = Release|Any CPU
		{864B09C5-1A77-4D4F-9385-6B63BE29B934}.Release|Any CPU.Build.0 = Release|Any CPU
		{D5516896-B429-4239-BA12-A3D13808D1C7}.Debug|Any CPU.ActiveCfg = Debug|Any CPU
		{D5516896-B429-4239-BA12-A3D13808D1C7}.Debug|Any CPU.Build.0 = Debug|Any CPU
		{D5516896-B429-4239-BA12-A3D13808D1C7}.Release|Any CPU.ActiveCfg = Release|Any CPU
		{D5516896-B429-4239-BA12-A3D13808D1C7}.Release|Any CPU.Build.0 = Release|Any CPU
		{435436E3-6ED9-45E3-91DF-F5A9E09AF716}.Debug|Any CPU.ActiveCfg = Debug|Any CPU
		{435436E3-6ED9-45E3-91DF-F5A9E09AF716}.Debug|Any CPU.Build.0 = Debug|Any CPU
		{435436E3-6ED9-45E3-91DF-F5A9E09AF716}.Release|Any CPU.ActiveCfg = Release|Any CPU
		{435436E3-6ED9-45E3-91DF-F5A9E09AF716}.Release|Any CPU.Build.0 = Release|Any CPU
		{E338464E-4641-48BF-ABB4-C4E1BEB2B32A}.Debug|Any CPU.ActiveCfg = Debug|Any CPU
		{E338464E-4641-48BF-ABB4-C4E1BEB2B32A}.Debug|Any CPU.Build.0 = Debug|Any CPU
		{E338464E-4641-48BF-ABB4-C4E1BEB2B32A}.Release|Any CPU.ActiveCfg = Release|Any CPU
		{E338464E-4641-48BF-ABB4-C4E1BEB2B32A}.Release|Any CPU.Build.0 = Release|Any CPU
		{673F1457-20F1-4A89-A084-D996976B6A9B}.Debug|Any CPU.ActiveCfg = Debug|Any CPU
		{673F1457-20F1-4A89-A084-D996976B6A9B}.Debug|Any CPU.Build.0 = Debug|Any CPU
		{673F1457-20F1-4A89-A084-D996976B6A9B}.Release|Any CPU.ActiveCfg = Release|Any CPU
		{673F1457-20F1-4A89-A084-D996976B6A9B}.Release|Any CPU.Build.0 = Release|Any CPU
		{7F9D628B-143D-43F1-81AC-DA3F8F1A29FC}.Debug|Any CPU.ActiveCfg = Debug|Any CPU
		{7F9D628B-143D-43F1-81AC-DA3F8F1A29FC}.Debug|Any CPU.Build.0 = Debug|Any CPU
		{7F9D628B-143D-43F1-81AC-DA3F8F1A29FC}.Release|Any CPU.ActiveCfg = Release|Any CPU
		{7F9D628B-143D-43F1-81AC-DA3F8F1A29FC}.Release|Any CPU.Build.0 = Release|Any CPU
	EndGlobalSection
	GlobalSection(SolutionProperties) = preSolution
		HideSolutionNode = FALSE
	EndGlobalSection
	GlobalSection(NestedProjects) = preSolution
		{9B2D76E0-7BC3-4AFE-9642-C9E80C33373D} = {A25B0056-E801-4AD0-A9C2-2884AF84D130}
		{A25B0056-E801-4AD0-A9C2-2884AF84D130} = {4511C4FA-34FC-4A6A-8FE0-CA1A7E585A86}
		{4511C4FA-34FC-4A6A-8FE0-CA1A7E585A86} = {777CD35F-86BB-4E86-8406-D52A3212AEE6}
		{FE21C67F-3EBA-46D7-87BB-9DF1B497A05D} = {B46D1161-A356-4286-BB27-CCDCFA6E2A17}
		{B46D1161-A356-4286-BB27-CCDCFA6E2A17} = {3C07A178-18F5-4A7E-B87E-C9C9A86DEEC9}
		{8C55D3E8-47E6-4180-86D8-353F9771DAAD} = {9C187F97-ECA2-4A62-948C-3F6753AC8709}
		{9C187F97-ECA2-4A62-948C-3F6753AC8709} = {3C07A178-18F5-4A7E-B87E-C9C9A86DEEC9}
		{8D184DBC-E168-4C24-B23C-F6FC2989CAD7} = {C2E6F38A-338E-4E36-A03F-B6C3102B37AA}
		{C2E6F38A-338E-4E36-A03F-B6C3102B37AA} = {3C07A178-18F5-4A7E-B87E-C9C9A86DEEC9}
		{3C07A178-18F5-4A7E-B87E-C9C9A86DEEC9} = {63BF43C7-8760-4B36-9DB9-C9F95E9C71E0}
		{2C1FC5A3-3C5B-45EA-929C-341CDD424478} = {29B4E4C9-751F-4060-BD45-5A7000108C48}
		{29B4E4C9-751F-4060-BD45-5A7000108C48} = {B63DB186-1FFE-439D-BD4F-3518B0BC82E6}
		{B63DB186-1FFE-439D-BD4F-3518B0BC82E6} = {4496CDD8-587B-49A4-9A6C-DBC4225FBCB8}
		{91F7F58B-8B46-470A-B9F3-6DEE85C47506} = {7726D35A-77B8-4EF1-9636-5BE6F94187D4}
		{7726D35A-77B8-4EF1-9636-5BE6F94187D4} = {367DE0A2-C0AB-485A-9FCD-1C7A57B360A2}
		{6E0A3D41-AA8D-4B72-B536-EFD003E73E5A} = {83D43506-D35F-4E63-AD15-6E4E00688037}
		{83D43506-D35F-4E63-AD15-6E4E00688037} = {367DE0A2-C0AB-485A-9FCD-1C7A57B360A2}
		{367DE0A2-C0AB-485A-9FCD-1C7A57B360A2} = {D3FB155D-4081-4C77-A7D6-6D47887D2C4B}
		{A6469269-F3BD-4317-99E0-817330E9F8D3} = {F3A2747E-8E86-4B72-B707-861B928A0A5F}
		{F3A2747E-8E86-4B72-B707-861B928A0A5F} = {55360B0C-2853-47D7-8089-1B2349539DC9}
		{1CC057EE-70FF-47AD-8D53-06F7D501AB8B} = {956838A4-F7CB-4003-AB05-678D9B7FD175}
		{956838A4-F7CB-4003-AB05-678D9B7FD175} = {55360B0C-2853-47D7-8089-1B2349539DC9}
		{55360B0C-2853-47D7-8089-1B2349539DC9} = {D3FB155D-4081-4C77-A7D6-6D47887D2C4B}
		{BCBEC7FB-B6D8-4173-8B0D-3A7D5A9F2E5E} = {EF09EEA5-43CF-4EC6-814E-8183D56054FE}
		{EF09EEA5-43CF-4EC6-814E-8183D56054FE} = {ED7C4C53-49C2-4389-B63A-B81A9574FD24}
		{ED7C4C53-49C2-4389-B63A-B81A9574FD24} = {D3FB155D-4081-4C77-A7D6-6D47887D2C4B}
		{39293D07-E891-4C0E-B6CB-0ACD2FFD6B61} = {FA900F4B-63EC-4D5C-B68B-C7BD6BA498C6}
		{FA900F4B-63EC-4D5C-B68B-C7BD6BA498C6} = {7E15F7EE-AEAD-4281-A33D-F9C07994215B}
		{349A7404-C4D6-4822-A659-32362ED737F8} = {1A774634-978D-4C7D-835C-474637707AA2}
		{1A774634-978D-4C7D-835C-474637707AA2} = {7E15F7EE-AEAD-4281-A33D-F9C07994215B}
		{7E15F7EE-AEAD-4281-A33D-F9C07994215B} = {B6ABDFDC-97CC-44DB-B6EB-E5E54DDEBBFA}
		{3474AEEC-5387-4AC3-9151-9DC2BFE669AA} = {693C0A47-68FB-452B-A1E3-5C802EDE927F}
		{693C0A47-68FB-452B-A1E3-5C802EDE927F} = {12207CB1-14C9-4F1B-BF96-B2FECF550677}
		{12207CB1-14C9-4F1B-BF96-B2FECF550677} = {CE37C180-D17D-465D-98D4-CF0839625F73}
		{CE37C180-D17D-465D-98D4-CF0839625F73} = {497963B3-77BC-4161-BDFF-83C66E31D6B7}
		{6B93FDBC-334B-4C2A-A3B1-E8DD4AF38036} = {2AA1A0BB-C3E6-430F-BD79-32E837E42C42}
		{2AA1A0BB-C3E6-430F-BD79-32E837E42C42} = {C49B7BA0-E7F4-4E0F-88A8-1AACDD5049A0}
		{06FB34AA-1257-4A1B-9273-029A2ABBCB19} = {AC3FC511-04AB-4BD2-8947-7BC6A4AC0258}
		{AC3FC511-04AB-4BD2-8947-7BC6A4AC0258} = {C49B7BA0-E7F4-4E0F-88A8-1AACDD5049A0}
		{C49B7BA0-E7F4-4E0F-88A8-1AACDD5049A0} = {3B5FCC30-22ED-4932-BC53-68F3E1173A98}
		{864B09C5-1A77-4D4F-9385-6B63BE29B934} = {C6E79E38-FF61-49C8-A417-DCC8950CE7E4}
		{C6E79E38-FF61-49C8-A417-DCC8950CE7E4} = {BAA8B8A4-EA9A-406B-89E2-DB52E3561677}
		{BAA8B8A4-EA9A-406B-89E2-DB52E3561677} = {E28F8787-2FA2-4411-A60B-752437C133C3}
		{D5516896-B429-4239-BA12-A3D13808D1C7} = {FA32F3F5-EDA9-4D57-B85E-9B9211F198F6}
		{FA32F3F5-EDA9-4D57-B85E-9B9211F198F6} = {D9AB2AA1-BED0-4189-8022-6BB4BD97F53D}
		{435436E3-6ED9-45E3-91DF-F5A9E09AF716} = {7A90026C-1A76-4CD3-8F92-D478EEE45FDC}
		{7A90026C-1A76-4CD3-8F92-D478EEE45FDC} = {D9AB2AA1-BED0-4189-8022-6BB4BD97F53D}
		{D9AB2AA1-BED0-4189-8022-6BB4BD97F53D} = {49654A53-C9B3-4FE3-927B-02374F110775}
		{E338464E-4641-48BF-ABB4-C4E1BEB2B32A} = {2C982589-DA52-4434-B80D-13473187FAE4}
		{2C982589-DA52-4434-B80D-13473187FAE4} = {92DCB2C0-5AAC-4721-9237-99E36F3DB49F}
		{92DCB2C0-5AAC-4721-9237-99E36F3DB49F} = {A24FFCBA-633B-430B-B5D3-7EB40FF6E5A3}
		{673F1457-20F1-4A89-A084-D996976B6A9B} = {4D191013-63BC-44AE-BE70-E6A0885DE184}
		{4D191013-63BC-44AE-BE70-E6A0885DE184} = {8E44A068-ACB6-4134-9086-E780F3344133}
		{8E44A068-ACB6-4134-9086-E780F3344133} = {49D6A872-A60A-4DDC-9608-A7B7F4C92427}
		{7F9D628B-143D-43F1-81AC-DA3F8F1A29FC} = {1E443690-199A-4DD5-8220-599249F88A8E}
		{1E443690-199A-4DD5-8220-599249F88A8E} = {40A9AACC-815A-445D-9100-971A3DCAF6F5}
		{40A9AACC-815A-445D-9100-971A3DCAF6F5} = {4F019A29-397A-4862-8834-0D31465840C1}
	EndGlobalSection
	GlobalSection(ExtensibilityGlobals) = postSolution
		SolutionGuid = {5A673FAC-F201-4679-9874-397CFE3E8B03}
	EndGlobalSection
EndGlobal
