Microsoft Visual Studio Solution File, Format Version 12.00
Project("{9A19103F-16F7-4668-BE54-9A1E7A4F7556}") = "this", "this.proj", "{69C3D716-58C2-4C44-B914-20C1DBCDE7B7}"
EndProject
Project("{9A19103F-16F7-4668-BE54-9A1E7A4F7556}") = "ix_ax_axopen_abstractions", "..\abstractions\src\AXOpen.Abstractions\ix_ax_axopen_abstractions.csproj", "{4096F00C-E845-4853-B79D-9696A6D3CC0A}"
EndProject
Project("{9A19103F-16F7-4668-BE54-9A1E7A4F7556}") = "AXOpen.Base.Abstractions", "..\base\src\AXOpen.Base.Abstractions\AXOpen.Base.Abstractions.csproj", "{152891C0-1540-4986-9D53-52AB21AA8A38}"
EndProject
Project("{9A19103F-16F7-4668-BE54-9A1E7A4F7556}") = "AXOpen.Logging.Serilog", "..\base\src\AXOpen.Logging\AXOpen.Logging.Serilog.csproj", "{1E0E5E3C-69E0-492B-BF0E-6E0024394B19}"
EndProject
Project("{9A19103F-16F7-4668-BE54-9A1E7A4F7556}") = "AXOpen.VisualComposer", "..\base\src\AXOpen.VisualComposer\AXOpen.VisualComposer.csproj", "{43CC2BEF-8C2B-4142-A0AE-B74DCE49A5B1}"
EndProject
Project("{9A19103F-16F7-4668-BE54-9A1E7A4F7556}") = "AXOpen.Components.Abb.Robotics.blazorapp", "app\ix-blazor\AXOpen.Components.Abb.Robotics.blazorapp.csproj", "{CD332F9C-74D8-412A-B26A-2CB6A658AD90}"
EndProject
Project("{9A19103F-16F7-4668-BE54-9A1E7A4F7556}") = "app_axopen_components_abb_robotics", "app\ix\app_axopen_components_abb_robotics.csproj", "{73343205-7B3F-4CA8-8422-49ACDA205DF8}"
EndProject
Project("{9A19103F-16F7-4668-BE54-9A1E7A4F7556}") = "AXOpen.Components.Abb.Robotics.blazor", "src\AXOpen.Components.Abb.Robotics.blazor\AXOpen.Components.Abb.Robotics.blazor.csproj", "{8233B329-004C-439D-9EEE-F597FB4D1D0B}"
EndProject
Project("{9A19103F-16F7-4668-BE54-9A1E7A4F7556}") = "ix_ax_axopen_components_abb_robotics", "src\AXOpen.Components.Abb.Robotics\ix_ax_axopen_components_abb_robotics.csproj", "{C1DBA6F5-E590-4661-BD74-387D0A757E11}"
EndProject
Project("{9A19103F-16F7-4668-BE54-9A1E7A4F7556}") = "AXOpen.Components.Abb.Robotics_tests", "tests\AXOpen.Components.Abb.Robotics.Tests\AXOpen.Components.Abb.Robotics_tests.csproj", "{E509A985-07CE-4E15-8EB5-2898775DCF3B}"
EndProject
Project("{9A19103F-16F7-4668-BE54-9A1E7A4F7556}") = "ix_ax_axopen_components_abstractions", "..\components.abstractions\src\AXOpen.Components.Abstractions\ix_ax_axopen_components_abstractions.csproj", "{CB601D61-5805-495F-A28B-4CC7F799EC08}"
EndProject
Project("{9A19103F-16F7-4668-BE54-9A1E7A4F7556}") = "axopen_core_blazor", "..\core\src\AXOpen.Core.Blazor\axopen_core_blazor.csproj", "{6576511E-8F6D-4A7A-A8E8-5E15E079BD42}"
EndProject
Project("{9A19103F-16F7-4668-BE54-9A1E7A4F7556}") = "ix_ax_axopen_core", "..\core\src\AXOpen.Core\ix_ax_axopen_core.csproj", "{CFC5DFD2-B26D-4456-A466-4D1A6DACC263}"
EndProject
Project("{9A19103F-16F7-4668-BE54-9A1E7A4F7556}") = "AXOpen.Data.Json", "..\data\src\repositories\Json\AXOpen.Data.Json.csproj", "{E0158EFC-FEA5-430D-949E-06DA12B0993C}"
EndProject
Project("{9A19103F-16F7-4668-BE54-9A1E7A4F7556}") = "ix_ax_ax_sdk", "..\sdk-ax\ctrl\ix\ix_ax_ax_sdk.csproj", "{07A47ECF-EC4A-48D7-91CB-F76DE9400A8A}"
EndProject
Project("{9A19103F-16F7-4668-BE54-9A1E7A4F7556}") = "AXOpen.Security.Blazor", "..\Security\src\AXOpen.Security.Blazor\AXOpen.Security.Blazor.csproj", "{9DCAFAC8-B47A-45E5-A92C-1B7529BF16BA}"
EndProject
Project("{9A19103F-16F7-4668-BE54-9A1E7A4F7556}") = "AXOpen.Security", "..\Security\src\AXOpen.Security\AXOpen.Security.csproj", "{AF1A9A6E-CA24-440C-A655-B775387AC0D8}"
EndProject
Project("{9A19103F-16F7-4668-BE54-9A1E7A4F7556}") = "ix_ax_axopen_simatic1500", "..\simatic1500\ctrl\ix\ix_ax_axopen_simatic1500.csproj", "{B3BA3F39-DA66-4642-B8A2-4F38B48277CB}"
EndProject
Project("{9A19103F-16F7-4668-BE54-9A1E7A4F7556}") = "ix_ax_axopen_timers", "..\timers\src\AXOpen.Timers\ix_ax_axopen_timers.csproj", "{7B063B77-306C-4B8F-AF02-CF80B23A20C8}"
EndProject
Project("{9A19103F-16F7-4668-BE54-9A1E7A4F7556}") = "AXOpen.ToolBox", "..\toolbox\src\AXOpen.ToolBox\AXOpen.ToolBox.csproj", "{C95C79F3-0643-443F-8B21-F625D045A93F}"
EndProject
Project("{2150E333-8FDC-42A3-9474-1A3956D46DE8}") = "AXOpen.Abstractions", "..\abstractions\src\AXOpen.Abstractions", "{3466ED8B-C0F4-4DE8-B81B-E6C8B44E7DF8}"
EndProject
Project("{2150E333-8FDC-42A3-9474-1A3956D46DE8}") = "src", "..\abstractions\src", "{2FAC9671-C46A-4C69-ACA7-4B53DE782CC8}"
EndProject
Project("{2150E333-8FDC-42A3-9474-1A3956D46DE8}") = "abstractions", "..\abstractions", "{9159B7B8-1682-4D2E-B554-4C3A926FFB31}"
EndProject
Project("{2150E333-8FDC-42A3-9474-1A3956D46DE8}") = "AXOpen.Base.Abstractions", "..\base\src\AXOpen.Base.Abstractions", "{4A1AF142-24B6-43B2-A4FF-547F84225D26}"
EndProject
Project("{2150E333-8FDC-42A3-9474-1A3956D46DE8}") = "AXOpen.Logging", "..\base\src\AXOpen.Logging", "{44989DC6-A614-442A-8C58-CA446D448E23}"
EndProject
Project("{2150E333-8FDC-42A3-9474-1A3956D46DE8}") = "AXOpen.VisualComposer", "..\base\src\AXOpen.VisualComposer", "{BC3DC88A-9368-48BB-9EAD-CE6A385E166F}"
EndProject
Project("{2150E333-8FDC-42A3-9474-1A3956D46DE8}") = "src", "..\base\src", "{BD18A389-C213-41FC-AE5D-9927AEE62962}"
EndProject
Project("{2150E333-8FDC-42A3-9474-1A3956D46DE8}") = "base", "..\base", "{644B35A0-C988-45DA-996E-90124C1810B2}"
EndProject
Project("{2150E333-8FDC-42A3-9474-1A3956D46DE8}") = "ix-blazor", "app\ix-blazor", "{3A18297B-8C7A-410E-A94C-F576F21A4370}"
EndProject
Project("{2150E333-8FDC-42A3-9474-1A3956D46DE8}") = "ix", "app\ix", "{4094D2B6-8EE6-4B50-AD08-297099B8A7A4}"
EndProject
Project("{2150E333-8FDC-42A3-9474-1A3956D46DE8}") = "app", "app", "{3C1E13E5-CB2E-4913-8050-D0A19ABDED54}"
EndProject
Project("{2150E333-8FDC-42A3-9474-1A3956D46DE8}") = "AXOpen.Components.Abb.Robotics.blazor", "src\AXOpen.Components.Abb.Robotics.blazor", "{0B5A5FDF-193D-4792-918B-33A4D39A7A44}"
EndProject
Project("{2150E333-8FDC-42A3-9474-1A3956D46DE8}") = "AXOpen.Components.Abb.Robotics", "src\AXOpen.Components.Abb.Robotics", "{6442B6B5-3819-49B2-976A-2ECDC0AA5BE2}"
EndProject
Project("{2150E333-8FDC-42A3-9474-1A3956D46DE8}") = "src", "src", "{B54C34C7-AB8D-438D-8DC0-F62E14538E15}"
EndProject
Project("{2150E333-8FDC-42A3-9474-1A3956D46DE8}") = "AXOpen.Components.Abb.Robotics.Tests", "tests\AXOpen.Components.Abb.Robotics.Tests", "{E6E7BE39-A82F-469D-9794-DD74E7538C71}"
EndProject
Project("{2150E333-8FDC-42A3-9474-1A3956D46DE8}") = "tests", "tests", "{3B28D265-9865-43A1-B1F6-CC2EB9BC0909}"
EndProject
Project("{2150E333-8FDC-42A3-9474-1A3956D46DE8}") = "components.abb.robotics", "..\components.abb.robotics", "{90322C9B-29A4-4FC1-B45B-9FB5FA1AE467}"
EndProject
Project("{2150E333-8FDC-42A3-9474-1A3956D46DE8}") = "AXOpen.Components.Abstractions", "..\components.abstractions\src\AXOpen.Components.Abstractions", "{F74A9DFB-27CB-4E65-A7BD-029EEF97016D}"
EndProject
Project("{2150E333-8FDC-42A3-9474-1A3956D46DE8}") = "src", "..\components.abstractions\src", "{528B86C4-0FB2-4D10-8BB9-05754EF0358D}"
EndProject
Project("{2150E333-8FDC-42A3-9474-1A3956D46DE8}") = "components.abstractions", "..\components.abstractions", "{630DD1B0-523A-459A-B57A-2E390215FE3D}"
EndProject
Project("{2150E333-8FDC-42A3-9474-1A3956D46DE8}") = "AXOpen.Core.Blazor", "..\core\src\AXOpen.Core.Blazor", "{8B7DBD0D-8E66-4A07-B817-4D9B80E353C5}"
EndProject
Project("{2150E333-8FDC-42A3-9474-1A3956D46DE8}") = "AXOpen.Core", "..\core\src\AXOpen.Core", "{DCC534A3-CFA5-4147-A854-8882F92E1A13}"
EndProject
Project("{2150E333-8FDC-42A3-9474-1A3956D46DE8}") = "src", "..\core\src", "{3169D140-DA65-4E05-A79A-178FA95E439B}"
EndProject
Project("{2150E333-8FDC-42A3-9474-1A3956D46DE8}") = "core", "..\core", "{5EF9E9C0-4B87-400B-A785-DDD1A746B77A}"
EndProject
Project("{2150E333-8FDC-42A3-9474-1A3956D46DE8}") = "Json", "..\data\src\repositories\Json", "{F6113849-76F3-4C6F-82FD-6B19A48E5483}"
EndProject
Project("{2150E333-8FDC-42A3-9474-1A3956D46DE8}") = "repositories", "..\data\src\repositories", "{810015EA-5C14-4319-B3DB-3713A50FA41B}"
EndProject
Project("{2150E333-8FDC-42A3-9474-1A3956D46DE8}") = "src", "..\data\src", "{451FE072-351B-42F4-9B06-4E30A08A5443}"
EndProject
Project("{2150E333-8FDC-42A3-9474-1A3956D46DE8}") = "data", "..\data", "{684348BA-B373-4483-B0B7-4B4D489C4FFA}"
EndProject
Project("{2150E333-8FDC-42A3-9474-1A3956D46DE8}") = "ix", "..\sdk-ax\ctrl\ix", "{E026EB1E-F57E-4B66-BE23-D04308144CD8}"
EndProject
Project("{2150E333-8FDC-42A3-9474-1A3956D46DE8}") = "ctrl", "..\sdk-ax\ctrl", "{F8685563-816B-4725-BA90-FFDD8A1DEBD1}"
EndProject
Project("{2150E333-8FDC-42A3-9474-1A3956D46DE8}") = "sdk-ax", "..\sdk-ax", "{FC3F3A88-6224-43D3-A686-9789C9FDBE68}"
EndProject
Project("{2150E333-8FDC-42A3-9474-1A3956D46DE8}") = "AXOpen.Security.Blazor", "..\Security\src\AXOpen.Security.Blazor", "{8801D5B6-5931-4ED5-B6A1-1D4F631097AB}"
EndProject
Project("{2150E333-8FDC-42A3-9474-1A3956D46DE8}") = "AXOpen.Security", "..\Security\src\AXOpen.Security", "{6EB6C0F8-C515-4A90-9187-38A338AE9D3F}"
EndProject
Project("{2150E333-8FDC-42A3-9474-1A3956D46DE8}") = "src", "..\Security\src", "{69E0FA73-19E5-4D18-B0D5-C89281BB2152}"
EndProject
Project("{2150E333-8FDC-42A3-9474-1A3956D46DE8}") = "Security", "..\Security", "{A053F7B2-E1FB-4ED8-82EC-76EBFA7A3C9B}"
EndProject
Project("{2150E333-8FDC-42A3-9474-1A3956D46DE8}") = "ix", "..\simatic1500\ctrl\ix", "{FEED5072-D2DA-4008-9FB7-F63152A79FA0}"
EndProject
Project("{2150E333-8FDC-42A3-9474-1A3956D46DE8}") = "ctrl", "..\simatic1500\ctrl", "{267C753B-0F45-4983-9E57-7D5786405843}"
EndProject
Project("{2150E333-8FDC-42A3-9474-1A3956D46DE8}") = "simatic1500", "..\simatic1500", "{E389F4E2-5E76-4481-941E-45C2118C3113}"
EndProject
Project("{2150E333-8FDC-42A3-9474-1A3956D46DE8}") = "AXOpen.Timers", "..\timers\src\AXOpen.Timers", "{248ECD57-ADE2-438C-AA81-1D9230AD4B1C}"
EndProject
Project("{2150E333-8FDC-42A3-9474-1A3956D46DE8}") = "src", "..\timers\src", "{A44F764F-8D7F-4764-A322-6CBF695ED8E2}"
EndProject
Project("{2150E333-8FDC-42A3-9474-1A3956D46DE8}") = "timers", "..\timers", "{1657B6E4-216E-4FEC-AE4A-11C58E09AB16}"
EndProject
Project("{2150E333-8FDC-42A3-9474-1A3956D46DE8}") = "AXOpen.ToolBox", "..\toolbox\src\AXOpen.ToolBox", "{AD67FD23-DE6B-468C-AA0E-2CB8E3C699D3}"
EndProject
Project("{2150E333-8FDC-42A3-9474-1A3956D46DE8}") = "src", "..\toolbox\src", "{703D4BB4-BFC4-47F5-AEAA-DA7CBB303E7F}"
EndProject
Project("{2150E333-8FDC-42A3-9474-1A3956D46DE8}") = "toolbox", "..\toolbox", "{309D0063-0244-4D93-BACA-1FD9376E1A27}"
EndProject
Global
	GlobalSection(SolutionConfigurationPlatforms) = preSolution
		Debug|Any CPU = Debug|Any CPU
		Release|Any CPU = Release|Any CPU
	EndGlobalSection
	GlobalSection(ProjectConfigurationPlatforms) = postSolution
		{69C3D716-58C2-4C44-B914-20C1DBCDE7B7}.Debug|Any CPU.ActiveCfg = Debug|Any CPU
		{69C3D716-58C2-4C44-B914-20C1DBCDE7B7}.Debug|Any CPU.Build.0 = Debug|Any CPU
		{69C3D716-58C2-4C44-B914-20C1DBCDE7B7}.Release|Any CPU.ActiveCfg = Release|Any CPU
		{69C3D716-58C2-4C44-B914-20C1DBCDE7B7}.Release|Any CPU.Build.0 = Release|Any CPU
		{4096F00C-E845-4853-B79D-9696A6D3CC0A}.Debug|Any CPU.ActiveCfg = Debug|Any CPU
		{4096F00C-E845-4853-B79D-9696A6D3CC0A}.Debug|Any CPU.Build.0 = Debug|Any CPU
		{4096F00C-E845-4853-B79D-9696A6D3CC0A}.Release|Any CPU.ActiveCfg = Release|Any CPU
		{4096F00C-E845-4853-B79D-9696A6D3CC0A}.Release|Any CPU.Build.0 = Release|Any CPU
		{152891C0-1540-4986-9D53-52AB21AA8A38}.Debug|Any CPU.ActiveCfg = Debug|Any CPU
		{152891C0-1540-4986-9D53-52AB21AA8A38}.Debug|Any CPU.Build.0 = Debug|Any CPU
		{152891C0-1540-4986-9D53-52AB21AA8A38}.Release|Any CPU.ActiveCfg = Release|Any CPU
		{152891C0-1540-4986-9D53-52AB21AA8A38}.Release|Any CPU.Build.0 = Release|Any CPU
		{1E0E5E3C-69E0-492B-BF0E-6E0024394B19}.Debug|Any CPU.ActiveCfg = Debug|Any CPU
		{1E0E5E3C-69E0-492B-BF0E-6E0024394B19}.Debug|Any CPU.Build.0 = Debug|Any CPU
		{1E0E5E3C-69E0-492B-BF0E-6E0024394B19}.Release|Any CPU.ActiveCfg = Release|Any CPU
		{1E0E5E3C-69E0-492B-BF0E-6E0024394B19}.Release|Any CPU.Build.0 = Release|Any CPU
		{43CC2BEF-8C2B-4142-A0AE-B74DCE49A5B1}.Debug|Any CPU.ActiveCfg = Debug|Any CPU
		{43CC2BEF-8C2B-4142-A0AE-B74DCE49A5B1}.Debug|Any CPU.Build.0 = Debug|Any CPU
		{43CC2BEF-8C2B-4142-A0AE-B74DCE49A5B1}.Release|Any CPU.ActiveCfg = Release|Any CPU
		{43CC2BEF-8C2B-4142-A0AE-B74DCE49A5B1}.Release|Any CPU.Build.0 = Release|Any CPU
		{CD332F9C-74D8-412A-B26A-2CB6A658AD90}.Debug|Any CPU.ActiveCfg = Debug|Any CPU
		{CD332F9C-74D8-412A-B26A-2CB6A658AD90}.Debug|Any CPU.Build.0 = Debug|Any CPU
		{CD332F9C-74D8-412A-B26A-2CB6A658AD90}.Release|Any CPU.ActiveCfg = Release|Any CPU
		{CD332F9C-74D8-412A-B26A-2CB6A658AD90}.Release|Any CPU.Build.0 = Release|Any CPU
		{73343205-7B3F-4CA8-8422-49ACDA205DF8}.Debug|Any CPU.ActiveCfg = Debug|Any CPU
		{73343205-7B3F-4CA8-8422-49ACDA205DF8}.Debug|Any CPU.Build.0 = Debug|Any CPU
		{73343205-7B3F-4CA8-8422-49ACDA205DF8}.Release|Any CPU.ActiveCfg = Release|Any CPU
		{73343205-7B3F-4CA8-8422-49ACDA205DF8}.Release|Any CPU.Build.0 = Release|Any CPU
		{8233B329-004C-439D-9EEE-F597FB4D1D0B}.Debug|Any CPU.ActiveCfg = Debug|Any CPU
		{8233B329-004C-439D-9EEE-F597FB4D1D0B}.Debug|Any CPU.Build.0 = Debug|Any CPU
		{8233B329-004C-439D-9EEE-F597FB4D1D0B}.Release|Any CPU.ActiveCfg = Release|Any CPU
		{8233B329-004C-439D-9EEE-F597FB4D1D0B}.Release|Any CPU.Build.0 = Release|Any CPU
		{C1DBA6F5-E590-4661-BD74-387D0A757E11}.Debug|Any CPU.ActiveCfg = Debug|Any CPU
		{C1DBA6F5-E590-4661-BD74-387D0A757E11}.Debug|Any CPU.Build.0 = Debug|Any CPU
		{C1DBA6F5-E590-4661-BD74-387D0A757E11}.Release|Any CPU.ActiveCfg = Release|Any CPU
		{C1DBA6F5-E590-4661-BD74-387D0A757E11}.Release|Any CPU.Build.0 = Release|Any CPU
		{E509A985-07CE-4E15-8EB5-2898775DCF3B}.Debug|Any CPU.ActiveCfg = Debug|Any CPU
		{E509A985-07CE-4E15-8EB5-2898775DCF3B}.Debug|Any CPU.Build.0 = Debug|Any CPU
		{E509A985-07CE-4E15-8EB5-2898775DCF3B}.Release|Any CPU.ActiveCfg = Release|Any CPU
		{E509A985-07CE-4E15-8EB5-2898775DCF3B}.Release|Any CPU.Build.0 = Release|Any CPU
		{CB601D61-5805-495F-A28B-4CC7F799EC08}.Debug|Any CPU.ActiveCfg = Debug|Any CPU
		{CB601D61-5805-495F-A28B-4CC7F799EC08}.Debug|Any CPU.Build.0 = Debug|Any CPU
		{CB601D61-5805-495F-A28B-4CC7F799EC08}.Release|Any CPU.ActiveCfg = Release|Any CPU
		{CB601D61-5805-495F-A28B-4CC7F799EC08}.Release|Any CPU.Build.0 = Release|Any CPU
		{6576511E-8F6D-4A7A-A8E8-5E15E079BD42}.Debug|Any CPU.ActiveCfg = Debug|Any CPU
		{6576511E-8F6D-4A7A-A8E8-5E15E079BD42}.Debug|Any CPU.Build.0 = Debug|Any CPU
		{6576511E-8F6D-4A7A-A8E8-5E15E079BD42}.Release|Any CPU.ActiveCfg = Release|Any CPU
		{6576511E-8F6D-4A7A-A8E8-5E15E079BD42}.Release|Any CPU.Build.0 = Release|Any CPU
		{CFC5DFD2-B26D-4456-A466-4D1A6DACC263}.Debug|Any CPU.ActiveCfg = Debug|Any CPU
		{CFC5DFD2-B26D-4456-A466-4D1A6DACC263}.Debug|Any CPU.Build.0 = Debug|Any CPU
		{CFC5DFD2-B26D-4456-A466-4D1A6DACC263}.Release|Any CPU.ActiveCfg = Release|Any CPU
		{CFC5DFD2-B26D-4456-A466-4D1A6DACC263}.Release|Any CPU.Build.0 = Release|Any CPU
		{E0158EFC-FEA5-430D-949E-06DA12B0993C}.Debug|Any CPU.ActiveCfg = Debug|Any CPU
		{E0158EFC-FEA5-430D-949E-06DA12B0993C}.Debug|Any CPU.Build.0 = Debug|Any CPU
		{E0158EFC-FEA5-430D-949E-06DA12B0993C}.Release|Any CPU.ActiveCfg = Release|Any CPU
		{E0158EFC-FEA5-430D-949E-06DA12B0993C}.Release|Any CPU.Build.0 = Release|Any CPU
		{07A47ECF-EC4A-48D7-91CB-F76DE9400A8A}.Debug|Any CPU.ActiveCfg = Debug|Any CPU
		{07A47ECF-EC4A-48D7-91CB-F76DE9400A8A}.Debug|Any CPU.Build.0 = Debug|Any CPU
		{07A47ECF-EC4A-48D7-91CB-F76DE9400A8A}.Release|Any CPU.ActiveCfg = Release|Any CPU
		{07A47ECF-EC4A-48D7-91CB-F76DE9400A8A}.Release|Any CPU.Build.0 = Release|Any CPU
		{9DCAFAC8-B47A-45E5-A92C-1B7529BF16BA}.Debug|Any CPU.ActiveCfg = Debug|Any CPU
		{9DCAFAC8-B47A-45E5-A92C-1B7529BF16BA}.Debug|Any CPU.Build.0 = Debug|Any CPU
		{9DCAFAC8-B47A-45E5-A92C-1B7529BF16BA}.Release|Any CPU.ActiveCfg = Release|Any CPU
		{9DCAFAC8-B47A-45E5-A92C-1B7529BF16BA}.Release|Any CPU.Build.0 = Release|Any CPU
		{AF1A9A6E-CA24-440C-A655-B775387AC0D8}.Debug|Any CPU.ActiveCfg = Debug|Any CPU
		{AF1A9A6E-CA24-440C-A655-B775387AC0D8}.Debug|Any CPU.Build.0 = Debug|Any CPU
		{AF1A9A6E-CA24-440C-A655-B775387AC0D8}.Release|Any CPU.ActiveCfg = Release|Any CPU
		{AF1A9A6E-CA24-440C-A655-B775387AC0D8}.Release|Any CPU.Build.0 = Release|Any CPU
		{B3BA3F39-DA66-4642-B8A2-4F38B48277CB}.Debug|Any CPU.ActiveCfg = Debug|Any CPU
		{B3BA3F39-DA66-4642-B8A2-4F38B48277CB}.Debug|Any CPU.Build.0 = Debug|Any CPU
		{B3BA3F39-DA66-4642-B8A2-4F38B48277CB}.Release|Any CPU.ActiveCfg = Release|Any CPU
		{B3BA3F39-DA66-4642-B8A2-4F38B48277CB}.Release|Any CPU.Build.0 = Release|Any CPU
		{7B063B77-306C-4B8F-AF02-CF80B23A20C8}.Debug|Any CPU.ActiveCfg = Debug|Any CPU
		{7B063B77-306C-4B8F-AF02-CF80B23A20C8}.Debug|Any CPU.Build.0 = Debug|Any CPU
		{7B063B77-306C-4B8F-AF02-CF80B23A20C8}.Release|Any CPU.ActiveCfg = Release|Any CPU
		{7B063B77-306C-4B8F-AF02-CF80B23A20C8}.Release|Any CPU.Build.0 = Release|Any CPU
		{C95C79F3-0643-443F-8B21-F625D045A93F}.Debug|Any CPU.ActiveCfg = Debug|Any CPU
		{C95C79F3-0643-443F-8B21-F625D045A93F}.Debug|Any CPU.Build.0 = Debug|Any CPU
		{C95C79F3-0643-443F-8B21-F625D045A93F}.Release|Any CPU.ActiveCfg = Release|Any CPU
		{C95C79F3-0643-443F-8B21-F625D045A93F}.Release|Any CPU.Build.0 = Release|Any CPU
	EndGlobalSection
	GlobalSection(SolutionProperties) = preSolution
		HideSolutionNode = FALSE
	EndGlobalSection
	GlobalSection(NestedProjects) = preSolution
		{4096F00C-E845-4853-B79D-9696A6D3CC0A} = {3466ED8B-C0F4-4DE8-B81B-E6C8B44E7DF8}
		{3466ED8B-C0F4-4DE8-B81B-E6C8B44E7DF8} = {2FAC9671-C46A-4C69-ACA7-4B53DE782CC8}
		{2FAC9671-C46A-4C69-ACA7-4B53DE782CC8} = {9159B7B8-1682-4D2E-B554-4C3A926FFB31}
		{152891C0-1540-4986-9D53-52AB21AA8A38} = {4A1AF142-24B6-43B2-A4FF-547F84225D26}
		{4A1AF142-24B6-43B2-A4FF-547F84225D26} = {BD18A389-C213-41FC-AE5D-9927AEE62962}
		{1E0E5E3C-69E0-492B-BF0E-6E0024394B19} = {44989DC6-A614-442A-8C58-CA446D448E23}
		{44989DC6-A614-442A-8C58-CA446D448E23} = {BD18A389-C213-41FC-AE5D-9927AEE62962}
		{43CC2BEF-8C2B-4142-A0AE-B74DCE49A5B1} = {BC3DC88A-9368-48BB-9EAD-CE6A385E166F}
		{BC3DC88A-9368-48BB-9EAD-CE6A385E166F} = {BD18A389-C213-41FC-AE5D-9927AEE62962}
		{BD18A389-C213-41FC-AE5D-9927AEE62962} = {644B35A0-C988-45DA-996E-90124C1810B2}
		{CD332F9C-74D8-412A-B26A-2CB6A658AD90} = {3A18297B-8C7A-410E-A94C-F576F21A4370}
		{3A18297B-8C7A-410E-A94C-F576F21A4370} = {3C1E13E5-CB2E-4913-8050-D0A19ABDED54}
		{73343205-7B3F-4CA8-8422-49ACDA205DF8} = {4094D2B6-8EE6-4B50-AD08-297099B8A7A4}
		{4094D2B6-8EE6-4B50-AD08-297099B8A7A4} = {3C1E13E5-CB2E-4913-8050-D0A19ABDED54}
		{3C1E13E5-CB2E-4913-8050-D0A19ABDED54} = {90322C9B-29A4-4FC1-B45B-9FB5FA1AE467}
		{8233B329-004C-439D-9EEE-F597FB4D1D0B} = {0B5A5FDF-193D-4792-918B-33A4D39A7A44}
		{0B5A5FDF-193D-4792-918B-33A4D39A7A44} = {B54C34C7-AB8D-438D-8DC0-F62E14538E15}
		{C1DBA6F5-E590-4661-BD74-387D0A757E11} = {6442B6B5-3819-49B2-976A-2ECDC0AA5BE2}
		{6442B6B5-3819-49B2-976A-2ECDC0AA5BE2} = {B54C34C7-AB8D-438D-8DC0-F62E14538E15}
		{B54C34C7-AB8D-438D-8DC0-F62E14538E15} = {90322C9B-29A4-4FC1-B45B-9FB5FA1AE467}
		{E509A985-07CE-4E15-8EB5-2898775DCF3B} = {E6E7BE39-A82F-469D-9794-DD74E7538C71}
		{E6E7BE39-A82F-469D-9794-DD74E7538C71} = {3B28D265-9865-43A1-B1F6-CC2EB9BC0909}
		{3B28D265-9865-43A1-B1F6-CC2EB9BC0909} = {90322C9B-29A4-4FC1-B45B-9FB5FA1AE467}
		{CB601D61-5805-495F-A28B-4CC7F799EC08} = {F74A9DFB-27CB-4E65-A7BD-029EEF97016D}
		{F74A9DFB-27CB-4E65-A7BD-029EEF97016D} = {528B86C4-0FB2-4D10-8BB9-05754EF0358D}
		{528B86C4-0FB2-4D10-8BB9-05754EF0358D} = {630DD1B0-523A-459A-B57A-2E390215FE3D}
		{6576511E-8F6D-4A7A-A8E8-5E15E079BD42} = {8B7DBD0D-8E66-4A07-B817-4D9B80E353C5}
		{8B7DBD0D-8E66-4A07-B817-4D9B80E353C5} = {3169D140-DA65-4E05-A79A-178FA95E439B}
		{CFC5DFD2-B26D-4456-A466-4D1A6DACC263} = {DCC534A3-CFA5-4147-A854-8882F92E1A13}
		{DCC534A3-CFA5-4147-A854-8882F92E1A13} = {3169D140-DA65-4E05-A79A-178FA95E439B}
		{3169D140-DA65-4E05-A79A-178FA95E439B} = {5EF9E9C0-4B87-400B-A785-DDD1A746B77A}
		{E0158EFC-FEA5-430D-949E-06DA12B0993C} = {F6113849-76F3-4C6F-82FD-6B19A48E5483}
		{F6113849-76F3-4C6F-82FD-6B19A48E5483} = {810015EA-5C14-4319-B3DB-3713A50FA41B}
		{810015EA-5C14-4319-B3DB-3713A50FA41B} = {451FE072-351B-42F4-9B06-4E30A08A5443}
		{451FE072-351B-42F4-9B06-4E30A08A5443} = {684348BA-B373-4483-B0B7-4B4D489C4FFA}
		{07A47ECF-EC4A-48D7-91CB-F76DE9400A8A} = {E026EB1E-F57E-4B66-BE23-D04308144CD8}
		{E026EB1E-F57E-4B66-BE23-D04308144CD8} = {F8685563-816B-4725-BA90-FFDD8A1DEBD1}
		{F8685563-816B-4725-BA90-FFDD8A1DEBD1} = {FC3F3A88-6224-43D3-A686-9789C9FDBE68}
		{9DCAFAC8-B47A-45E5-A92C-1B7529BF16BA} = {8801D5B6-5931-4ED5-B6A1-1D4F631097AB}
		{8801D5B6-5931-4ED5-B6A1-1D4F631097AB} = {69E0FA73-19E5-4D18-B0D5-C89281BB2152}
		{AF1A9A6E-CA24-440C-A655-B775387AC0D8} = {6EB6C0F8-C515-4A90-9187-38A338AE9D3F}
		{6EB6C0F8-C515-4A90-9187-38A338AE9D3F} = {69E0FA73-19E5-4D18-B0D5-C89281BB2152}
		{69E0FA73-19E5-4D18-B0D5-C89281BB2152} = {A053F7B2-E1FB-4ED8-82EC-76EBFA7A3C9B}
		{B3BA3F39-DA66-4642-B8A2-4F38B48277CB} = {FEED5072-D2DA-4008-9FB7-F63152A79FA0}
		{FEED5072-D2DA-4008-9FB7-F63152A79FA0} = {267C753B-0F45-4983-9E57-7D5786405843}
		{267C753B-0F45-4983-9E57-7D5786405843} = {E389F4E2-5E76-4481-941E-45C2118C3113}
		{7B063B77-306C-4B8F-AF02-CF80B23A20C8} = {248ECD57-ADE2-438C-AA81-1D9230AD4B1C}
		{248ECD57-ADE2-438C-AA81-1D9230AD4B1C} = {A44F764F-8D7F-4764-A322-6CBF695ED8E2}
		{A44F764F-8D7F-4764-A322-6CBF695ED8E2} = {1657B6E4-216E-4FEC-AE4A-11C58E09AB16}
		{C95C79F3-0643-443F-8B21-F625D045A93F} = {AD67FD23-DE6B-468C-AA0E-2CB8E3C699D3}
		{AD67FD23-DE6B-468C-AA0E-2CB8E3C699D3} = {703D4BB4-BFC4-47F5-AEAA-DA7CBB303E7F}
		{703D4BB4-BFC4-47F5-AEAA-DA7CBB303E7F} = {309D0063-0244-4D93-BACA-1FD9376E1A27}
	EndGlobalSection
	GlobalSection(ExtensibilityGlobals) = postSolution
		SolutionGuid = {AFEC7192-8AD1-4CA4-832B-F34D626F75D8}
	EndGlobalSection
EndGlobal
