Microsoft Visual Studio Solution File, Format Version 12.00
Project("{9A19103F-16F7-4668-BE54-9A1E7A4F7556}") = "this", "this.proj", "{1BF57237-8C82-4079-8D81-87141412CF1E}"
EndProject
Project("{9A19103F-16F7-4668-BE54-9A1E7A4F7556}") = "ix_ax_axopen_abstractions", "..\abstractions\src\AXOpen.Abstractions\ix_ax_axopen_abstractions.csproj", "{58E37A52-BE3E-4B96-AD78-9A96271F518C}"
EndProject
Project("{9A19103F-16F7-4668-BE54-9A1E7A4F7556}") = "AXOpen.Base.Abstractions", "..\base\src\AXOpen.Base.Abstractions\AXOpen.Base.Abstractions.csproj", "{04FB55FD-B07E-407A-ADE7-61E0C03F5871}"
EndProject
Project("{9A19103F-16F7-4668-BE54-9A1E7A4F7556}") = "AXOpen.Logging.Serilog", "..\base\src\AXOpen.Logging\AXOpen.Logging.Serilog.csproj", "{C5118689-899C-4B41-AFB4-DA664198A28B}"
EndProject
Project("{9A19103F-16F7-4668-BE54-9A1E7A4F7556}") = "ix_ax_axopen_components_abstractions", "..\components.abstractions\src\AXOpen.Components.Abstractions\ix_ax_axopen_components_abstractions.csproj", "{67F5F84F-F15A-4981-BD1C-81BFF2C7F54B}"
EndProject
Project("{9A19103F-16F7-4668-BE54-9A1E7A4F7556}") = "AXOpen.Components.Drives.blazorapp", "app\ix-blazor\AXOpen.Components.Drives.blazorapp.csproj", "{EFD6E85A-2D51-43E4-AAE7-29A9FA6D1411}"
EndProject
Project("{9A19103F-16F7-4668-BE54-9A1E7A4F7556}") = "app_axopen_components_drives", "app\ix\app_axopen_components_drives.csproj", "{2C6A317B-8AC3-4DD5-8CB1-C089C8A76906}"
EndProject
Project("{9A19103F-16F7-4668-BE54-9A1E7A4F7556}") = "AXOpen.Components.Drives.blazor", "src\AXOpen.Components.Drives.blazor\AXOpen.Components.Drives.blazor.csproj", "{9DD7959A-A420-408D-AEFD-2832BD4DB96A}"
EndProject
Project("{9A19103F-16F7-4668-BE54-9A1E7A4F7556}") = "ix_ax_axopen_components_drives", "src\AXOpen.Components.Drives\ix_ax_axopen_components_drives.csproj", "{B41D668C-3D5D-4DB0-9C31-B5A4DE96D45E}"
EndProject
Project("{9A19103F-16F7-4668-BE54-9A1E7A4F7556}") = "AXOpen.Components.Drives_tests", "tests\AXOpen.Components.Drives.Tests\AXOpen.Components.Drives_tests.csproj", "{21B6EA50-C112-4479-BA56-A27A97645FFC}"
EndProject
Project("{9A19103F-16F7-4668-BE54-9A1E7A4F7556}") = "axopen_core_blazor", "..\core\src\AXOpen.Core.Blazor\axopen_core_blazor.csproj", "{F6EA4F4F-DAA3-4FFA-8CE9-F5C4162C809B}"
EndProject
Project("{9A19103F-16F7-4668-BE54-9A1E7A4F7556}") = "ix_ax_axopen_core", "..\core\src\AXOpen.Core\ix_ax_axopen_core.csproj", "{5F73D376-766E-4BB0-82EE-7A36EFFBEA98}"
EndProject
Project("{9A19103F-16F7-4668-BE54-9A1E7A4F7556}") = "AXOpen.Data.Json", "..\data\src\repositories\Json\AXOpen.Data.Json.csproj", "{6694BF66-173F-4566-9BDB-35CA3DB17D99}"
EndProject
Project("{9A19103F-16F7-4668-BE54-9A1E7A4F7556}") = "AXOpen.Security.Blazor", "..\Security\src\AXOpen.Security.Blazor\AXOpen.Security.Blazor.csproj", "{DA168B79-3A71-4A9B-B654-2D61E37F9FF1}"
EndProject
Project("{9A19103F-16F7-4668-BE54-9A1E7A4F7556}") = "AXOpen.Security", "..\Security\src\AXOpen.Security\AXOpen.Security.csproj", "{14B76E04-320F-42B3-A00E-7DC907D3D1E8}"
EndProject
Project("{9A19103F-16F7-4668-BE54-9A1E7A4F7556}") = "ix_ax_axopen_simatic1500", "..\simatic1500\ctrl\ix\ix_ax_axopen_simatic1500.csproj", "{832207B1-EFEA-485A-A7E7-DEC53F29B84A}"
EndProject
Project("{9A19103F-16F7-4668-BE54-9A1E7A4F7556}") = "ix_ax_axopen_timers", "..\timers\src\AXOpen.Timers\ix_ax_axopen_timers.csproj", "{A8D4FC0B-E6C8-4945-ABA5-99B6D5B48763}"
EndProject
Project("{2150E333-8FDC-42A3-9474-1A3956D46DE8}") = "AXOpen.Abstractions", "..\abstractions\src\AXOpen.Abstractions", "{0D3748A2-F6D4-4036-B3DA-6543E5B1BA49}"
EndProject
Project("{2150E333-8FDC-42A3-9474-1A3956D46DE8}") = "src", "..\abstractions\src", "{713A3BDA-3122-4751-A76A-F412A658F75C}"
EndProject
Project("{2150E333-8FDC-42A3-9474-1A3956D46DE8}") = "abstractions", "..\abstractions", "{5E0B3A5B-2609-4FE2-AA23-CDEA10FBADF8}"
EndProject
Project("{2150E333-8FDC-42A3-9474-1A3956D46DE8}") = "AXOpen.Base.Abstractions", "..\base\src\AXOpen.Base.Abstractions", "{9547D2AA-D60C-4D48-830F-3F7FDF23CED3}"
EndProject
Project("{2150E333-8FDC-42A3-9474-1A3956D46DE8}") = "AXOpen.Logging", "..\base\src\AXOpen.Logging", "{97B09B61-0CB5-4DF9-B631-6E303CF438EE}"
EndProject
Project("{2150E333-8FDC-42A3-9474-1A3956D46DE8}") = "src", "..\base\src", "{2D2F71A8-8ECD-40F7-B440-7FD8714A5FEA}"
EndProject
Project("{2150E333-8FDC-42A3-9474-1A3956D46DE8}") = "base", "..\base", "{031BEDA7-29EF-4542-9AAE-9F7D7A3707BE}"
EndProject
Project("{2150E333-8FDC-42A3-9474-1A3956D46DE8}") = "AXOpen.Components.Abstractions", "..\components.abstractions\src\AXOpen.Components.Abstractions", "{481475E3-EF50-4E9C-B60A-FAD88B1FAEB7}"
EndProject
Project("{2150E333-8FDC-42A3-9474-1A3956D46DE8}") = "src", "..\components.abstractions\src", "{0A79DA74-C34D-4F6E-A0A3-E5F6D24BF3EF}"
EndProject
Project("{2150E333-8FDC-42A3-9474-1A3956D46DE8}") = "components.abstractions", "..\components.abstractions", "{6B85F186-74C5-4A5D-BE3B-006982D8E325}"
EndProject
Project("{2150E333-8FDC-42A3-9474-1A3956D46DE8}") = "ix-blazor", "app\ix-blazor", "{7BAB1633-833C-4DCF-9AA5-E10850A1723F}"
EndProject
Project("{2150E333-8FDC-42A3-9474-1A3956D46DE8}") = "ix", "app\ix", "{ECBFA973-3864-411D-888B-32E6CB373FA0}"
EndProject
Project("{2150E333-8FDC-42A3-9474-1A3956D46DE8}") = "app", "app", "{761CA3A6-9B2A-47DD-8239-6B5A8C4E4911}"
EndProject
Project("{2150E333-8FDC-42A3-9474-1A3956D46DE8}") = "AXOpen.Components.Drives.blazor", "src\AXOpen.Components.Drives.blazor", "{D460F480-67C2-43A1-8799-9CCBC6C70A02}"
EndProject
Project("{2150E333-8FDC-42A3-9474-1A3956D46DE8}") = "AXOpen.Components.Drives", "src\AXOpen.Components.Drives", "{9104BF14-E2DC-45AA-A88E-3C65F8772B07}"
EndProject
Project("{2150E333-8FDC-42A3-9474-1A3956D46DE8}") = "src", "src", "{F0A675C7-6DE8-4465-A7EF-A8D8E7E3C702}"
EndProject
Project("{2150E333-8FDC-42A3-9474-1A3956D46DE8}") = "AXOpen.Components.Drives.Tests", "tests\AXOpen.Components.Drives.Tests", "{B9FBD3B0-F2E5-4DCF-A8B6-FBF284AD44E8}"
EndProject
Project("{2150E333-8FDC-42A3-9474-1A3956D46DE8}") = "tests", "tests", "{981CA41B-E243-4B0C-A1AD-5F53D925160E}"
EndProject
Project("{2150E333-8FDC-42A3-9474-1A3956D46DE8}") = "components.drives", "..\components.drives", "{17BC541D-F3B0-4ACB-A50D-7CD13C67C327}"
EndProject
Project("{2150E333-8FDC-42A3-9474-1A3956D46DE8}") = "AXOpen.Core.Blazor", "..\core\src\AXOpen.Core.Blazor", "{A4799A4E-8772-4619-9281-1289B2D393E6}"
EndProject
Project("{2150E333-8FDC-42A3-9474-1A3956D46DE8}") = "AXOpen.Core", "..\core\src\AXOpen.Core", "{4280FCA5-823C-494D-9C67-82172401FB75}"
EndProject
Project("{2150E333-8FDC-42A3-9474-1A3956D46DE8}") = "src", "..\core\src", "{CD78CA9C-B55B-4A26-927D-4843D491CB2D}"
EndProject
Project("{2150E333-8FDC-42A3-9474-1A3956D46DE8}") = "core", "..\core", "{C013914C-3DF5-4787-8332-8CB879E81841}"
EndProject
Project("{2150E333-8FDC-42A3-9474-1A3956D46DE8}") = "Json", "..\data\src\repositories\Json", "{C543360B-55D2-4A3A-A57D-17D9F2270628}"
EndProject
Project("{2150E333-8FDC-42A3-9474-1A3956D46DE8}") = "repositories", "..\data\src\repositories", "{824258E2-92CD-4BA8-9AF6-518BB45AFEAF}"
EndProject
Project("{2150E333-8FDC-42A3-9474-1A3956D46DE8}") = "src", "..\data\src", "{7A40EE63-5A38-410B-BC0E-F9B94FDF734C}"
EndProject
Project("{2150E333-8FDC-42A3-9474-1A3956D46DE8}") = "data", "..\data", "{D31B735D-62DE-48A6-9D43-D4661DA81156}"
EndProject
Project("{2150E333-8FDC-42A3-9474-1A3956D46DE8}") = "AXOpen.Security.Blazor", "..\Security\src\AXOpen.Security.Blazor", "{3CAA5B71-B82F-493B-8957-CE3524728FA9}"
EndProject
Project("{2150E333-8FDC-42A3-9474-1A3956D46DE8}") = "AXOpen.Security", "..\Security\src\AXOpen.Security", "{15160971-33BA-4E84-91E7-5A618EB5926A}"
EndProject
Project("{2150E333-8FDC-42A3-9474-1A3956D46DE8}") = "src", "..\Security\src", "{27749DE7-961E-4B5D-BA74-A369533C36C3}"
EndProject
Project("{2150E333-8FDC-42A3-9474-1A3956D46DE8}") = "Security", "..\Security", "{E51DFF16-20D2-44D9-8DBE-53CDAA3E98AB}"
EndProject
Project("{2150E333-8FDC-42A3-9474-1A3956D46DE8}") = "ix", "..\simatic1500\ctrl\ix", "{C9BF0D31-71D3-4516-8AC1-912C08B66A69}"
EndProject
Project("{2150E333-8FDC-42A3-9474-1A3956D46DE8}") = "ctrl", "..\simatic1500\ctrl", "{3F2164BD-A20F-4EE3-852E-4916EC16AFC9}"
EndProject
Project("{2150E333-8FDC-42A3-9474-1A3956D46DE8}") = "simatic1500", "..\simatic1500", "{94BB30F8-84A0-4333-9ABF-B51C9FEBDE24}"
EndProject
Project("{2150E333-8FDC-42A3-9474-1A3956D46DE8}") = "AXOpen.Timers", "..\timers\src\AXOpen.Timers", "{1AB4245C-2598-49B9-BCD5-D10A716FD6B6}"
EndProject
Project("{2150E333-8FDC-42A3-9474-1A3956D46DE8}") = "src", "..\timers\src", "{4FD47039-97A7-4018-925E-CE18F34F53DF}"
EndProject
Project("{2150E333-8FDC-42A3-9474-1A3956D46DE8}") = "timers", "..\timers", "{F8959175-BAB3-4738-8F4E-60BD34A32291}"
EndProject
Global
	GlobalSection(SolutionConfigurationPlatforms) = preSolution
		Debug|Any CPU = Debug|Any CPU
		Release|Any CPU = Release|Any CPU
	EndGlobalSection
	GlobalSection(ProjectConfigurationPlatforms) = postSolution
		{1BF57237-8C82-4079-8D81-87141412CF1E}.Debug|Any CPU.ActiveCfg = Debug|Any CPU
		{1BF57237-8C82-4079-8D81-87141412CF1E}.Debug|Any CPU.Build.0 = Debug|Any CPU
		{1BF57237-8C82-4079-8D81-87141412CF1E}.Release|Any CPU.ActiveCfg = Release|Any CPU
		{1BF57237-8C82-4079-8D81-87141412CF1E}.Release|Any CPU.Build.0 = Release|Any CPU
		{58E37A52-BE3E-4B96-AD78-9A96271F518C}.Debug|Any CPU.ActiveCfg = Debug|Any CPU
		{58E37A52-BE3E-4B96-AD78-9A96271F518C}.Debug|Any CPU.Build.0 = Debug|Any CPU
		{58E37A52-BE3E-4B96-AD78-9A96271F518C}.Release|Any CPU.ActiveCfg = Release|Any CPU
		{58E37A52-BE3E-4B96-AD78-9A96271F518C}.Release|Any CPU.Build.0 = Release|Any CPU
		{04FB55FD-B07E-407A-ADE7-61E0C03F5871}.Debug|Any CPU.ActiveCfg = Debug|Any CPU
		{04FB55FD-B07E-407A-ADE7-61E0C03F5871}.Debug|Any CPU.Build.0 = Debug|Any CPU
		{04FB55FD-B07E-407A-ADE7-61E0C03F5871}.Release|Any CPU.ActiveCfg = Release|Any CPU
		{04FB55FD-B07E-407A-ADE7-61E0C03F5871}.Release|Any CPU.Build.0 = Release|Any CPU
		{C5118689-899C-4B41-AFB4-DA664198A28B}.Debug|Any CPU.ActiveCfg = Debug|Any CPU
		{C5118689-899C-4B41-AFB4-DA664198A28B}.Debug|Any CPU.Build.0 = Debug|Any CPU
		{C5118689-899C-4B41-AFB4-DA664198A28B}.Release|Any CPU.ActiveCfg = Release|Any CPU
		{C5118689-899C-4B41-AFB4-DA664198A28B}.Release|Any CPU.Build.0 = Release|Any CPU
		{67F5F84F-F15A-4981-BD1C-81BFF2C7F54B}.Debug|Any CPU.ActiveCfg = Debug|Any CPU
		{67F5F84F-F15A-4981-BD1C-81BFF2C7F54B}.Debug|Any CPU.Build.0 = Debug|Any CPU
		{67F5F84F-F15A-4981-BD1C-81BFF2C7F54B}.Release|Any CPU.ActiveCfg = Release|Any CPU
		{67F5F84F-F15A-4981-BD1C-81BFF2C7F54B}.Release|Any CPU.Build.0 = Release|Any CPU
		{EFD6E85A-2D51-43E4-AAE7-29A9FA6D1411}.Debug|Any CPU.ActiveCfg = Debug|Any CPU
		{EFD6E85A-2D51-43E4-AAE7-29A9FA6D1411}.Debug|Any CPU.Build.0 = Debug|Any CPU
		{EFD6E85A-2D51-43E4-AAE7-29A9FA6D1411}.Release|Any CPU.ActiveCfg = Release|Any CPU
		{EFD6E85A-2D51-43E4-AAE7-29A9FA6D1411}.Release|Any CPU.Build.0 = Release|Any CPU
		{2C6A317B-8AC3-4DD5-8CB1-C089C8A76906}.Debug|Any CPU.ActiveCfg = Debug|Any CPU
		{2C6A317B-8AC3-4DD5-8CB1-C089C8A76906}.Debug|Any CPU.Build.0 = Debug|Any CPU
		{2C6A317B-8AC3-4DD5-8CB1-C089C8A76906}.Release|Any CPU.ActiveCfg = Release|Any CPU
		{2C6A317B-8AC3-4DD5-8CB1-C089C8A76906}.Release|Any CPU.Build.0 = Release|Any CPU
		{9DD7959A-A420-408D-AEFD-2832BD4DB96A}.Debug|Any CPU.ActiveCfg = Debug|Any CPU
		{9DD7959A-A420-408D-AEFD-2832BD4DB96A}.Debug|Any CPU.Build.0 = Debug|Any CPU
		{9DD7959A-A420-408D-AEFD-2832BD4DB96A}.Release|Any CPU.ActiveCfg = Release|Any CPU
		{9DD7959A-A420-408D-AEFD-2832BD4DB96A}.Release|Any CPU.Build.0 = Release|Any CPU
		{B41D668C-3D5D-4DB0-9C31-B5A4DE96D45E}.Debug|Any CPU.ActiveCfg = Debug|Any CPU
		{B41D668C-3D5D-4DB0-9C31-B5A4DE96D45E}.Debug|Any CPU.Build.0 = Debug|Any CPU
		{B41D668C-3D5D-4DB0-9C31-B5A4DE96D45E}.Release|Any CPU.ActiveCfg = Release|Any CPU
		{B41D668C-3D5D-4DB0-9C31-B5A4DE96D45E}.Release|Any CPU.Build.0 = Release|Any CPU
		{21B6EA50-C112-4479-BA56-A27A97645FFC}.Debug|Any CPU.ActiveCfg = Debug|Any CPU
		{21B6EA50-C112-4479-BA56-A27A97645FFC}.Debug|Any CPU.Build.0 = Debug|Any CPU
		{21B6EA50-C112-4479-BA56-A27A97645FFC}.Release|Any CPU.ActiveCfg = Release|Any CPU
		{21B6EA50-C112-4479-BA56-A27A97645FFC}.Release|Any CPU.Build.0 = Release|Any CPU
		{F6EA4F4F-DAA3-4FFA-8CE9-F5C4162C809B}.Debug|Any CPU.ActiveCfg = Debug|Any CPU
		{F6EA4F4F-DAA3-4FFA-8CE9-F5C4162C809B}.Debug|Any CPU.Build.0 = Debug|Any CPU
		{F6EA4F4F-DAA3-4FFA-8CE9-F5C4162C809B}.Release|Any CPU.ActiveCfg = Release|Any CPU
		{F6EA4F4F-DAA3-4FFA-8CE9-F5C4162C809B}.Release|Any CPU.Build.0 = Release|Any CPU
		{5F73D376-766E-4BB0-82EE-7A36EFFBEA98}.Debug|Any CPU.ActiveCfg = Debug|Any CPU
		{5F73D376-766E-4BB0-82EE-7A36EFFBEA98}.Debug|Any CPU.Build.0 = Debug|Any CPU
		{5F73D376-766E-4BB0-82EE-7A36EFFBEA98}.Release|Any CPU.ActiveCfg = Release|Any CPU
		{5F73D376-766E-4BB0-82EE-7A36EFFBEA98}.Release|Any CPU.Build.0 = Release|Any CPU
		{6694BF66-173F-4566-9BDB-35CA3DB17D99}.Debug|Any CPU.ActiveCfg = Debug|Any CPU
		{6694BF66-173F-4566-9BDB-35CA3DB17D99}.Debug|Any CPU.Build.0 = Debug|Any CPU
		{6694BF66-173F-4566-9BDB-35CA3DB17D99}.Release|Any CPU.ActiveCfg = Release|Any CPU
		{6694BF66-173F-4566-9BDB-35CA3DB17D99}.Release|Any CPU.Build.0 = Release|Any CPU
		{DA168B79-3A71-4A9B-B654-2D61E37F9FF1}.Debug|Any CPU.ActiveCfg = Debug|Any CPU
		{DA168B79-3A71-4A9B-B654-2D61E37F9FF1}.Debug|Any CPU.Build.0 = Debug|Any CPU
		{DA168B79-3A71-4A9B-B654-2D61E37F9FF1}.Release|Any CPU.ActiveCfg = Release|Any CPU
		{DA168B79-3A71-4A9B-B654-2D61E37F9FF1}.Release|Any CPU.Build.0 = Release|Any CPU
		{14B76E04-320F-42B3-A00E-7DC907D3D1E8}.Debug|Any CPU.ActiveCfg = Debug|Any CPU
		{14B76E04-320F-42B3-A00E-7DC907D3D1E8}.Debug|Any CPU.Build.0 = Debug|Any CPU
		{14B76E04-320F-42B3-A00E-7DC907D3D1E8}.Release|Any CPU.ActiveCfg = Release|Any CPU
		{14B76E04-320F-42B3-A00E-7DC907D3D1E8}.Release|Any CPU.Build.0 = Release|Any CPU
		{832207B1-EFEA-485A-A7E7-DEC53F29B84A}.Debug|Any CPU.ActiveCfg = Debug|Any CPU
		{832207B1-EFEA-485A-A7E7-DEC53F29B84A}.Debug|Any CPU.Build.0 = Debug|Any CPU
		{832207B1-EFEA-485A-A7E7-DEC53F29B84A}.Release|Any CPU.ActiveCfg = Release|Any CPU
		{832207B1-EFEA-485A-A7E7-DEC53F29B84A}.Release|Any CPU.Build.0 = Release|Any CPU
		{A8D4FC0B-E6C8-4945-ABA5-99B6D5B48763}.Debug|Any CPU.ActiveCfg = Debug|Any CPU
		{A8D4FC0B-E6C8-4945-ABA5-99B6D5B48763}.Debug|Any CPU.Build.0 = Debug|Any CPU
		{A8D4FC0B-E6C8-4945-ABA5-99B6D5B48763}.Release|Any CPU.ActiveCfg = Release|Any CPU
		{A8D4FC0B-E6C8-4945-ABA5-99B6D5B48763}.Release|Any CPU.Build.0 = Release|Any CPU
	EndGlobalSection
	GlobalSection(SolutionProperties) = preSolution
		HideSolutionNode = FALSE
	EndGlobalSection
	GlobalSection(NestedProjects) = preSolution
		{58E37A52-BE3E-4B96-AD78-9A96271F518C} = {0D3748A2-F6D4-4036-B3DA-6543E5B1BA49}
		{0D3748A2-F6D4-4036-B3DA-6543E5B1BA49} = {713A3BDA-3122-4751-A76A-F412A658F75C}
		{713A3BDA-3122-4751-A76A-F412A658F75C} = {5E0B3A5B-2609-4FE2-AA23-CDEA10FBADF8}
		{04FB55FD-B07E-407A-ADE7-61E0C03F5871} = {9547D2AA-D60C-4D48-830F-3F7FDF23CED3}
		{9547D2AA-D60C-4D48-830F-3F7FDF23CED3} = {2D2F71A8-8ECD-40F7-B440-7FD8714A5FEA}
		{C5118689-899C-4B41-AFB4-DA664198A28B} = {97B09B61-0CB5-4DF9-B631-6E303CF438EE}
		{97B09B61-0CB5-4DF9-B631-6E303CF438EE} = {2D2F71A8-8ECD-40F7-B440-7FD8714A5FEA}
		{2D2F71A8-8ECD-40F7-B440-7FD8714A5FEA} = {031BEDA7-29EF-4542-9AAE-9F7D7A3707BE}
		{67F5F84F-F15A-4981-BD1C-81BFF2C7F54B} = {481475E3-EF50-4E9C-B60A-FAD88B1FAEB7}
		{481475E3-EF50-4E9C-B60A-FAD88B1FAEB7} = {0A79DA74-C34D-4F6E-A0A3-E5F6D24BF3EF}
		{0A79DA74-C34D-4F6E-A0A3-E5F6D24BF3EF} = {6B85F186-74C5-4A5D-BE3B-006982D8E325}
		{EFD6E85A-2D51-43E4-AAE7-29A9FA6D1411} = {7BAB1633-833C-4DCF-9AA5-E10850A1723F}
		{7BAB1633-833C-4DCF-9AA5-E10850A1723F} = {761CA3A6-9B2A-47DD-8239-6B5A8C4E4911}
		{2C6A317B-8AC3-4DD5-8CB1-C089C8A76906} = {ECBFA973-3864-411D-888B-32E6CB373FA0}
		{ECBFA973-3864-411D-888B-32E6CB373FA0} = {761CA3A6-9B2A-47DD-8239-6B5A8C4E4911}
		{761CA3A6-9B2A-47DD-8239-6B5A8C4E4911} = {17BC541D-F3B0-4ACB-A50D-7CD13C67C327}
		{9DD7959A-A420-408D-AEFD-2832BD4DB96A} = {D460F480-67C2-43A1-8799-9CCBC6C70A02}
		{D460F480-67C2-43A1-8799-9CCBC6C70A02} = {F0A675C7-6DE8-4465-A7EF-A8D8E7E3C702}
		{B41D668C-3D5D-4DB0-9C31-B5A4DE96D45E} = {9104BF14-E2DC-45AA-A88E-3C65F8772B07}
		{9104BF14-E2DC-45AA-A88E-3C65F8772B07} = {F0A675C7-6DE8-4465-A7EF-A8D8E7E3C702}
		{F0A675C7-6DE8-4465-A7EF-A8D8E7E3C702} = {17BC541D-F3B0-4ACB-A50D-7CD13C67C327}
		{21B6EA50-C112-4479-BA56-A27A97645FFC} = {B9FBD3B0-F2E5-4DCF-A8B6-FBF284AD44E8}
		{B9FBD3B0-F2E5-4DCF-A8B6-FBF284AD44E8} = {981CA41B-E243-4B0C-A1AD-5F53D925160E}
		{981CA41B-E243-4B0C-A1AD-5F53D925160E} = {17BC541D-F3B0-4ACB-A50D-7CD13C67C327}
		{F6EA4F4F-DAA3-4FFA-8CE9-F5C4162C809B} = {A4799A4E-8772-4619-9281-1289B2D393E6}
		{A4799A4E-8772-4619-9281-1289B2D393E6} = {CD78CA9C-B55B-4A26-927D-4843D491CB2D}
		{5F73D376-766E-4BB0-82EE-7A36EFFBEA98} = {4280FCA5-823C-494D-9C67-82172401FB75}
		{4280FCA5-823C-494D-9C67-82172401FB75} = {CD78CA9C-B55B-4A26-927D-4843D491CB2D}
		{CD78CA9C-B55B-4A26-927D-4843D491CB2D} = {C013914C-3DF5-4787-8332-8CB879E81841}
		{6694BF66-173F-4566-9BDB-35CA3DB17D99} = {C543360B-55D2-4A3A-A57D-17D9F2270628}
		{C543360B-55D2-4A3A-A57D-17D9F2270628} = {824258E2-92CD-4BA8-9AF6-518BB45AFEAF}
		{824258E2-92CD-4BA8-9AF6-518BB45AFEAF} = {7A40EE63-5A38-410B-BC0E-F9B94FDF734C}
		{7A40EE63-5A38-410B-BC0E-F9B94FDF734C} = {D31B735D-62DE-48A6-9D43-D4661DA81156}
		{DA168B79-3A71-4A9B-B654-2D61E37F9FF1} = {3CAA5B71-B82F-493B-8957-CE3524728FA9}
		{3CAA5B71-B82F-493B-8957-CE3524728FA9} = {27749DE7-961E-4B5D-BA74-A369533C36C3}
		{14B76E04-320F-42B3-A00E-7DC907D3D1E8} = {15160971-33BA-4E84-91E7-5A618EB5926A}
		{15160971-33BA-4E84-91E7-5A618EB5926A} = {27749DE7-961E-4B5D-BA74-A369533C36C3}
		{27749DE7-961E-4B5D-BA74-A369533C36C3} = {E51DFF16-20D2-44D9-8DBE-53CDAA3E98AB}
		{832207B1-EFEA-485A-A7E7-DEC53F29B84A} = {C9BF0D31-71D3-4516-8AC1-912C08B66A69}
		{C9BF0D31-71D3-4516-8AC1-912C08B66A69} = {3F2164BD-A20F-4EE3-852E-4916EC16AFC9}
		{3F2164BD-A20F-4EE3-852E-4916EC16AFC9} = {94BB30F8-84A0-4333-9ABF-B51C9FEBDE24}
		{A8D4FC0B-E6C8-4945-ABA5-99B6D5B48763} = {1AB4245C-2598-49B9-BCD5-D10A716FD6B6}
		{1AB4245C-2598-49B9-BCD5-D10A716FD6B6} = {4FD47039-97A7-4018-925E-CE18F34F53DF}
		{4FD47039-97A7-4018-925E-CE18F34F53DF} = {F8959175-BAB3-4738-8F4E-60BD34A32291}
	EndGlobalSection
	GlobalSection(ExtensibilityGlobals) = postSolution
		SolutionGuid = {A5317BAB-A5DB-4A02-A556-34A499739B45}
	EndGlobalSection
EndGlobal
