Microsoft Visual Studio Solution File, Format Version 12.00
Project("{9A19103F-16F7-4668-BE54-9A1E7A4F7556}") = "this", "this.proj", "{488EC5FF-AC7A-4629-A7AC-3B5FA8ACD992}"
EndProject
Project("{9A19103F-16F7-4668-BE54-9A1E7A4F7556}") = "inxton_axopen_abstractions", "..\abstractions\src\AXOpen.Abstractions\inxton_axopen_abstractions.csproj", "{1605409A-DC49-4B5D-9D08-F206B1CBA234}"
EndProject
Project("{9A19103F-16F7-4668-BE54-9A1E7A4F7556}") = "AXOpen.Base.Abstractions", "..\base\src\AXOpen.Base.Abstractions\AXOpen.Base.Abstractions.csproj", "{DEFB4D8D-4B53-41CD-A6F0-39BFA0075BF7}"
EndProject
Project("{9A19103F-16F7-4668-BE54-9A1E7A4F7556}") = "AXOpen.VisualComposer", "..\base\src\AXOpen.VisualComposer\AXOpen.VisualComposer.csproj", "{4302BD48-735D-46A0-A855-0B062F1DA77B}"
EndProject
Project("{9A19103F-16F7-4668-BE54-9A1E7A4F7556}") = "inxton_axopen_components_abstractions", "..\components.abstractions\src\AXOpen.Components.Abstractions\inxton_axopen_components_abstractions.csproj", "{B20FA31C-E0EC-4DE5-9FE7-DC0870F49EC2}"
EndProject
Project("{9A19103F-16F7-4668-BE54-9A1E7A4F7556}") = "AXOpen.Components.Rexroth.Tightening.blazor", "src\AXOpen.Components.Rexroth.Tightening.blazor\AXOpen.Components.Rexroth.Tightening.blazor.csproj", "{89C1B0A7-7889-4445-9A33-DDCEF00408A6}"
EndProject
Project("{9A19103F-16F7-4668-BE54-9A1E7A4F7556}") = "inxton_axopen_components_rexroth_tightening", "src\AXOpen.Components.Rexroth.Tightening\inxton_axopen_components_rexroth_tightening.csproj", "{43BC3602-C2E5-4623-A1E3-14109BFFF20D}"
EndProject
Project("{9A19103F-16F7-4668-BE54-9A1E7A4F7556}") = "AXOpen.Components.Rexroth.Tightening_tests", "tests\AXOpen.Components.Rexroth.Tightening.Tests\AXOpen.Components.Rexroth.Tightening_tests.csproj", "{200FABCC-3CA6-4C1A-986F-0991DACD70F3}"
EndProject
Project("{9A19103F-16F7-4668-BE54-9A1E7A4F7556}") = "axopen_core_blazor", "..\core\src\AXOpen.Core.Blazor\axopen_core_blazor.csproj", "{19F15E38-F81D-487E-B39A-DAD83D4C4E78}"
EndProject
Project("{9A19103F-16F7-4668-BE54-9A1E7A4F7556}") = "inxton_axopen_core", "..\core\src\AXOpen.Core\inxton_axopen_core.csproj", "{1DDC5044-E822-4DE1-BEC4-2D91BC23D355}"
EndProject
Project("{9A19103F-16F7-4668-BE54-9A1E7A4F7556}") = "AXOpen.Io.blazor", "..\io\src\AXOpen.Io.blazor\AXOpen.Io.blazor.csproj", "{F775C73A-446D-42A6-BA55-CF2C18E65DA7}"
EndProject
Project("{9A19103F-16F7-4668-BE54-9A1E7A4F7556}") = "inxton_axopen_io", "..\io\src\AXOpen.Io\inxton_axopen_io.csproj", "{2D92EF99-DB14-43C7-A99E-0D80B97A1CE1}"
EndProject
Project("{9A19103F-16F7-4668-BE54-9A1E7A4F7556}") = "inxton_ax_sdk", "..\sdk-ax\ctrl\ix\inxton_ax_sdk.csproj", "{B252961B-74E5-49D1-BD75-F28E5629FBDD}"
EndProject
Project("{9A19103F-16F7-4668-BE54-9A1E7A4F7556}") = "AXOpen.Operon.Blazor", "..\styling\src\AXOpen.Operon.Blazor.csproj", "{C255F877-5AF6-4C15-B88F-6DA37BEDC21D}"
EndProject
Project("{9A19103F-16F7-4668-BE54-9A1E7A4F7556}") = "inxton_axopen_timers", "..\timers\src\AXOpen.Timers\inxton_axopen_timers.csproj", "{06105162-3383-4FC0-B3FD-360702BC93DF}"
EndProject
Project("{9A19103F-16F7-4668-BE54-9A1E7A4F7556}") = "AXOpen.ToolBox", "..\toolbox\src\AXOpen.ToolBox\AXOpen.ToolBox.csproj", "{B06918EC-9947-40E9-A793-A929D492C0E1}"
EndProject
Project("{2150E333-8FDC-42A3-9474-1A3956D46DE8}") = "AXOpen.Abstractions", "..\abstractions\src\AXOpen.Abstractions", "{5E132EB2-ED8F-4ABD-8BC7-19DAAD53B7C5}"
EndProject
Project("{2150E333-8FDC-42A3-9474-1A3956D46DE8}") = "src", "..\abstractions\src", "{549AE1EF-F62B-4973-9DB5-30D0D4D38D18}"
EndProject
Project("{2150E333-8FDC-42A3-9474-1A3956D46DE8}") = "abstractions", "..\abstractions", "{C9D59905-7384-4008-9E8E-CC8FA8AC5466}"
EndProject
Project("{2150E333-8FDC-42A3-9474-1A3956D46DE8}") = "AXOpen.Base.Abstractions", "..\base\src\AXOpen.Base.Abstractions", "{15B7CF5A-9E13-4215-848F-D3AF6DA75414}"
EndProject
Project("{2150E333-8FDC-42A3-9474-1A3956D46DE8}") = "AXOpen.VisualComposer", "..\base\src\AXOpen.VisualComposer", "{30E6490F-6DDA-42EF-8609-2F6F81208C3C}"
EndProject
Project("{2150E333-8FDC-42A3-9474-1A3956D46DE8}") = "src", "..\base\src", "{5B35A1F4-6C93-4960-AE41-307EF10F8CFD}"
EndProject
Project("{2150E333-8FDC-42A3-9474-1A3956D46DE8}") = "base", "..\base", "{696755DF-AF2C-4CAE-B613-76FB0AABCB04}"
EndProject
Project("{2150E333-8FDC-42A3-9474-1A3956D46DE8}") = "AXOpen.Components.Abstractions", "..\components.abstractions\src\AXOpen.Components.Abstractions", "{49636411-96FF-46BE-8F47-BB6FC08FA89B}"
EndProject
Project("{2150E333-8FDC-42A3-9474-1A3956D46DE8}") = "src", "..\components.abstractions\src", "{7D7F9D7B-D1D2-40B6-8341-5AD967DBD41B}"
EndProject
Project("{2150E333-8FDC-42A3-9474-1A3956D46DE8}") = "components.abstractions", "..\components.abstractions", "{9FE916A0-101C-4F44-9E97-3584EBCD6C64}"
EndProject
Project("{2150E333-8FDC-42A3-9474-1A3956D46DE8}") = "AXOpen.Components.Rexroth.Tightening.blazor", "src\AXOpen.Components.Rexroth.Tightening.blazor", "{3BA1E4CA-A996-4584-9BE2-90BB0CEE1C94}"
EndProject
Project("{2150E333-8FDC-42A3-9474-1A3956D46DE8}") = "AXOpen.Components.Rexroth.Tightening", "src\AXOpen.Components.Rexroth.Tightening", "{7AD0EFC2-E19B-4D5D-8C81-27359F0F7873}"
EndProject
Project("{2150E333-8FDC-42A3-9474-1A3956D46DE8}") = "src", "src", "{7387BA48-A269-452C-9D0A-085494CE7390}"
EndProject
Project("{2150E333-8FDC-42A3-9474-1A3956D46DE8}") = "AXOpen.Components.Rexroth.Tightening.Tests", "tests\AXOpen.Components.Rexroth.Tightening.Tests", "{C735596A-8E99-4939-B702-AB2B0B3A02DC}"
EndProject
Project("{2150E333-8FDC-42A3-9474-1A3956D46DE8}") = "tests", "tests", "{488C2604-0E65-4893-BD32-37C9CE7F2970}"
EndProject
Project("{2150E333-8FDC-42A3-9474-1A3956D46DE8}") = "components.rexroth.tightening", "..\components.rexroth.tightening", "{866F44D3-FF34-424B-BAE4-300CCFB51F64}"
EndProject
Project("{2150E333-8FDC-42A3-9474-1A3956D46DE8}") = "AXOpen.Core.Blazor", "..\core\src\AXOpen.Core.Blazor", "{005EB935-D335-4AFC-AA6B-DAEB9F0BF279}"
EndProject
Project("{2150E333-8FDC-42A3-9474-1A3956D46DE8}") = "AXOpen.Core", "..\core\src\AXOpen.Core", "{0F5F5A22-0F31-4265-8E94-7423A2D3708A}"
EndProject
Project("{2150E333-8FDC-42A3-9474-1A3956D46DE8}") = "src", "..\core\src", "{934169FB-2945-4128-9310-53A69D1F5EF4}"
EndProject
Project("{2150E333-8FDC-42A3-9474-1A3956D46DE8}") = "core", "..\core", "{3A998880-32C8-4E1B-8BCB-3629CEAFAE3F}"
EndProject
Project("{2150E333-8FDC-42A3-9474-1A3956D46DE8}") = "AXOpen.Io.blazor", "..\io\src\AXOpen.Io.blazor", "{073048BC-15F1-4EED-8D43-A6083FE3AB05}"
EndProject
Project("{2150E333-8FDC-42A3-9474-1A3956D46DE8}") = "AXOpen.Io", "..\io\src\AXOpen.Io", "{643199B3-B569-4BE4-85EE-4C925AFDE122}"
EndProject
Project("{2150E333-8FDC-42A3-9474-1A3956D46DE8}") = "src", "..\io\src", "{EF3E6E29-A4D3-4026-92FA-AD3069EC11C1}"
EndProject
Project("{2150E333-8FDC-42A3-9474-1A3956D46DE8}") = "io", "..\io", "{BDD4266D-C5E6-424E-86D1-CCDFB5C283CD}"
EndProject
Project("{2150E333-8FDC-42A3-9474-1A3956D46DE8}") = "ix", "..\sdk-ax\ctrl\ix", "{386C0A25-A1C5-48FA-9EC2-9B47E1468AB0}"
EndProject
Project("{2150E333-8FDC-42A3-9474-1A3956D46DE8}") = "ctrl", "..\sdk-ax\ctrl", "{1873774A-3036-4ECB-992E-90A95464FCB8}"
EndProject
Project("{2150E333-8FDC-42A3-9474-1A3956D46DE8}") = "sdk-ax", "..\sdk-ax", "{3C7185B3-5BD2-4580-8CC5-05E07107242E}"
EndProject
Project("{2150E333-8FDC-42A3-9474-1A3956D46DE8}") = "src", "..\styling\src", "{8BE40A88-E8E0-47ED-8DAB-3DFA0BC7EC2F}"
EndProject
Project("{2150E333-8FDC-42A3-9474-1A3956D46DE8}") = "styling", "..\styling", "{BFF67D7B-CE34-43BF-B88A-FDA3115669A7}"
EndProject
Project("{2150E333-8FDC-42A3-9474-1A3956D46DE8}") = "AXOpen.Timers", "..\timers\src\AXOpen.Timers", "{244506E6-031E-4344-8A77-8DC607FB2E28}"
EndProject
Project("{2150E333-8FDC-42A3-9474-1A3956D46DE8}") = "src", "..\timers\src", "{95A481F1-9263-47B2-822D-14C1ECF643F3}"
EndProject
Project("{2150E333-8FDC-42A3-9474-1A3956D46DE8}") = "timers", "..\timers", "{69F97E86-CFCC-4D50-AA48-5E91A31656D0}"
EndProject
Project("{2150E333-8FDC-42A3-9474-1A3956D46DE8}") = "AXOpen.ToolBox", "..\toolbox\src\AXOpen.ToolBox", "{0819CADB-6462-4B5A-98DD-216B923E8991}"
EndProject
Project("{2150E333-8FDC-42A3-9474-1A3956D46DE8}") = "src", "..\toolbox\src", "{A41DDF00-A76A-4F7E-A163-A91F0E1D1EF4}"
EndProject
Project("{2150E333-8FDC-42A3-9474-1A3956D46DE8}") = "toolbox", "..\toolbox", "{0872738D-FD84-4435-94D6-75CDACAD9AE9}"
EndProject
Global
	GlobalSection(SolutionConfigurationPlatforms) = preSolution
		Debug|Any CPU = Debug|Any CPU
		Release|Any CPU = Release|Any CPU
	EndGlobalSection
	GlobalSection(ProjectConfigurationPlatforms) = postSolution
		{488EC5FF-AC7A-4629-A7AC-3B5FA8ACD992}.Debug|Any CPU.ActiveCfg = Debug|Any CPU
		{488EC5FF-AC7A-4629-A7AC-3B5FA8ACD992}.Debug|Any CPU.Build.0 = Debug|Any CPU
		{488EC5FF-AC7A-4629-A7AC-3B5FA8ACD992}.Release|Any CPU.ActiveCfg = Release|Any CPU
		{488EC5FF-AC7A-4629-A7AC-3B5FA8ACD992}.Release|Any CPU.Build.0 = Release|Any CPU
		{1605409A-DC49-4B5D-9D08-F206B1CBA234}.Debug|Any CPU.ActiveCfg = Debug|Any CPU
		{1605409A-DC49-4B5D-9D08-F206B1CBA234}.Debug|Any CPU.Build.0 = Debug|Any CPU
		{1605409A-DC49-4B5D-9D08-F206B1CBA234}.Release|Any CPU.ActiveCfg = Release|Any CPU
		{1605409A-DC49-4B5D-9D08-F206B1CBA234}.Release|Any CPU.Build.0 = Release|Any CPU
		{DEFB4D8D-4B53-41CD-A6F0-39BFA0075BF7}.Debug|Any CPU.ActiveCfg = Debug|Any CPU
		{DEFB4D8D-4B53-41CD-A6F0-39BFA0075BF7}.Debug|Any CPU.Build.0 = Debug|Any CPU
		{DEFB4D8D-4B53-41CD-A6F0-39BFA0075BF7}.Release|Any CPU.ActiveCfg = Release|Any CPU
		{DEFB4D8D-4B53-41CD-A6F0-39BFA0075BF7}.Release|Any CPU.Build.0 = Release|Any CPU
		{4302BD48-735D-46A0-A855-0B062F1DA77B}.Debug|Any CPU.ActiveCfg = Debug|Any CPU
		{4302BD48-735D-46A0-A855-0B062F1DA77B}.Debug|Any CPU.Build.0 = Debug|Any CPU
		{4302BD48-735D-46A0-A855-0B062F1DA77B}.Release|Any CPU.ActiveCfg = Release|Any CPU
		{4302BD48-735D-46A0-A855-0B062F1DA77B}.Release|Any CPU.Build.0 = Release|Any CPU
		{B20FA31C-E0EC-4DE5-9FE7-DC0870F49EC2}.Debug|Any CPU.ActiveCfg = Debug|Any CPU
		{B20FA31C-E0EC-4DE5-9FE7-DC0870F49EC2}.Debug|Any CPU.Build.0 = Debug|Any CPU
		{B20FA31C-E0EC-4DE5-9FE7-DC0870F49EC2}.Release|Any CPU.ActiveCfg = Release|Any CPU
		{B20FA31C-E0EC-4DE5-9FE7-DC0870F49EC2}.Release|Any CPU.Build.0 = Release|Any CPU
		{89C1B0A7-7889-4445-9A33-DDCEF00408A6}.Debug|Any CPU.ActiveCfg = Debug|Any CPU
		{89C1B0A7-7889-4445-9A33-DDCEF00408A6}.Debug|Any CPU.Build.0 = Debug|Any CPU
		{89C1B0A7-7889-4445-9A33-DDCEF00408A6}.Release|Any CPU.ActiveCfg = Release|Any CPU
		{89C1B0A7-7889-4445-9A33-DDCEF00408A6}.Release|Any CPU.Build.0 = Release|Any CPU
		{43BC3602-C2E5-4623-A1E3-14109BFFF20D}.Debug|Any CPU.ActiveCfg = Debug|Any CPU
		{43BC3602-C2E5-4623-A1E3-14109BFFF20D}.Debug|Any CPU.Build.0 = Debug|Any CPU
		{43BC3602-C2E5-4623-A1E3-14109BFFF20D}.Release|Any CPU.ActiveCfg = Release|Any CPU
		{43BC3602-C2E5-4623-A1E3-14109BFFF20D}.Release|Any CPU.Build.0 = Release|Any CPU
		{200FABCC-3CA6-4C1A-986F-0991DACD70F3}.Debug|Any CPU.ActiveCfg = Debug|Any CPU
		{200FABCC-3CA6-4C1A-986F-0991DACD70F3}.Debug|Any CPU.Build.0 = Debug|Any CPU
		{200FABCC-3CA6-4C1A-986F-0991DACD70F3}.Release|Any CPU.ActiveCfg = Release|Any CPU
		{200FABCC-3CA6-4C1A-986F-0991DACD70F3}.Release|Any CPU.Build.0 = Release|Any CPU
		{19F15E38-F81D-487E-B39A-DAD83D4C4E78}.Debug|Any CPU.ActiveCfg = Debug|Any CPU
		{19F15E38-F81D-487E-B39A-DAD83D4C4E78}.Debug|Any CPU.Build.0 = Debug|Any CPU
		{19F15E38-F81D-487E-B39A-DAD83D4C4E78}.Release|Any CPU.ActiveCfg = Release|Any CPU
		{19F15E38-F81D-487E-B39A-DAD83D4C4E78}.Release|Any CPU.Build.0 = Release|Any CPU
		{1DDC5044-E822-4DE1-BEC4-2D91BC23D355}.Debug|Any CPU.ActiveCfg = Debug|Any CPU
		{1DDC5044-E822-4DE1-BEC4-2D91BC23D355}.Debug|Any CPU.Build.0 = Debug|Any CPU
		{1DDC5044-E822-4DE1-BEC4-2D91BC23D355}.Release|Any CPU.ActiveCfg = Release|Any CPU
		{1DDC5044-E822-4DE1-BEC4-2D91BC23D355}.Release|Any CPU.Build.0 = Release|Any CPU
		{F775C73A-446D-42A6-BA55-CF2C18E65DA7}.Debug|Any CPU.ActiveCfg = Debug|Any CPU
		{F775C73A-446D-42A6-BA55-CF2C18E65DA7}.Debug|Any CPU.Build.0 = Debug|Any CPU
		{F775C73A-446D-42A6-BA55-CF2C18E65DA7}.Release|Any CPU.ActiveCfg = Release|Any CPU
		{F775C73A-446D-42A6-BA55-CF2C18E65DA7}.Release|Any CPU.Build.0 = Release|Any CPU
		{2D92EF99-DB14-43C7-A99E-0D80B97A1CE1}.Debug|Any CPU.ActiveCfg = Debug|Any CPU
		{2D92EF99-DB14-43C7-A99E-0D80B97A1CE1}.Debug|Any CPU.Build.0 = Debug|Any CPU
		{2D92EF99-DB14-43C7-A99E-0D80B97A1CE1}.Release|Any CPU.ActiveCfg = Release|Any CPU
		{2D92EF99-DB14-43C7-A99E-0D80B97A1CE1}.Release|Any CPU.Build.0 = Release|Any CPU
		{B252961B-74E5-49D1-BD75-F28E5629FBDD}.Debug|Any CPU.ActiveCfg = Debug|Any CPU
		{B252961B-74E5-49D1-BD75-F28E5629FBDD}.Debug|Any CPU.Build.0 = Debug|Any CPU
		{B252961B-74E5-49D1-BD75-F28E5629FBDD}.Release|Any CPU.ActiveCfg = Release|Any CPU
		{B252961B-74E5-49D1-BD75-F28E5629FBDD}.Release|Any CPU.Build.0 = Release|Any CPU
		{C255F877-5AF6-4C15-B88F-6DA37BEDC21D}.Debug|Any CPU.ActiveCfg = Debug|Any CPU
		{C255F877-5AF6-4C15-B88F-6DA37BEDC21D}.Debug|Any CPU.Build.0 = Debug|Any CPU
		{C255F877-5AF6-4C15-B88F-6DA37BEDC21D}.Release|Any CPU.ActiveCfg = Release|Any CPU
		{C255F877-5AF6-4C15-B88F-6DA37BEDC21D}.Release|Any CPU.Build.0 = Release|Any CPU
		{06105162-3383-4FC0-B3FD-360702BC93DF}.Debug|Any CPU.ActiveCfg = Debug|Any CPU
		{06105162-3383-4FC0-B3FD-360702BC93DF}.Debug|Any CPU.Build.0 = Debug|Any CPU
		{06105162-3383-4FC0-B3FD-360702BC93DF}.Release|Any CPU.ActiveCfg = Release|Any CPU
		{06105162-3383-4FC0-B3FD-360702BC93DF}.Release|Any CPU.Build.0 = Release|Any CPU
		{B06918EC-9947-40E9-A793-A929D492C0E1}.Debug|Any CPU.ActiveCfg = Debug|Any CPU
		{B06918EC-9947-40E9-A793-A929D492C0E1}.Debug|Any CPU.Build.0 = Debug|Any CPU
		{B06918EC-9947-40E9-A793-A929D492C0E1}.Release|Any CPU.ActiveCfg = Release|Any CPU
		{B06918EC-9947-40E9-A793-A929D492C0E1}.Release|Any CPU.Build.0 = Release|Any CPU
	EndGlobalSection
	GlobalSection(SolutionProperties) = preSolution
		HideSolutionNode = FALSE
	EndGlobalSection
	GlobalSection(NestedProjects) = preSolution
		{1605409A-DC49-4B5D-9D08-F206B1CBA234} = {5E132EB2-ED8F-4ABD-8BC7-19DAAD53B7C5}
		{5E132EB2-ED8F-4ABD-8BC7-19DAAD53B7C5} = {549AE1EF-F62B-4973-9DB5-30D0D4D38D18}
		{549AE1EF-F62B-4973-9DB5-30D0D4D38D18} = {C9D59905-7384-4008-9E8E-CC8FA8AC5466}
		{DEFB4D8D-4B53-41CD-A6F0-39BFA0075BF7} = {15B7CF5A-9E13-4215-848F-D3AF6DA75414}
		{15B7CF5A-9E13-4215-848F-D3AF6DA75414} = {5B35A1F4-6C93-4960-AE41-307EF10F8CFD}
		{4302BD48-735D-46A0-A855-0B062F1DA77B} = {30E6490F-6DDA-42EF-8609-2F6F81208C3C}
		{30E6490F-6DDA-42EF-8609-2F6F81208C3C} = {5B35A1F4-6C93-4960-AE41-307EF10F8CFD}
		{5B35A1F4-6C93-4960-AE41-307EF10F8CFD} = {696755DF-AF2C-4CAE-B613-76FB0AABCB04}
		{B20FA31C-E0EC-4DE5-9FE7-DC0870F49EC2} = {49636411-96FF-46BE-8F47-BB6FC08FA89B}
		{49636411-96FF-46BE-8F47-BB6FC08FA89B} = {7D7F9D7B-D1D2-40B6-8341-5AD967DBD41B}
		{7D7F9D7B-D1D2-40B6-8341-5AD967DBD41B} = {9FE916A0-101C-4F44-9E97-3584EBCD6C64}
		{89C1B0A7-7889-4445-9A33-DDCEF00408A6} = {3BA1E4CA-A996-4584-9BE2-90BB0CEE1C94}
		{3BA1E4CA-A996-4584-9BE2-90BB0CEE1C94} = {7387BA48-A269-452C-9D0A-085494CE7390}
		{43BC3602-C2E5-4623-A1E3-14109BFFF20D} = {7AD0EFC2-E19B-4D5D-8C81-27359F0F7873}
		{7AD0EFC2-E19B-4D5D-8C81-27359F0F7873} = {7387BA48-A269-452C-9D0A-085494CE7390}
		{7387BA48-A269-452C-9D0A-085494CE7390} = {866F44D3-FF34-424B-BAE4-300CCFB51F64}
		{200FABCC-3CA6-4C1A-986F-0991DACD70F3} = {C735596A-8E99-4939-B702-AB2B0B3A02DC}
		{C735596A-8E99-4939-B702-AB2B0B3A02DC} = {488C2604-0E65-4893-BD32-37C9CE7F2970}
		{488C2604-0E65-4893-BD32-37C9CE7F2970} = {866F44D3-FF34-424B-BAE4-300CCFB51F64}
		{19F15E38-F81D-487E-B39A-DAD83D4C4E78} = {005EB935-D335-4AFC-AA6B-DAEB9F0BF279}
		{005EB935-D335-4AFC-AA6B-DAEB9F0BF279} = {934169FB-2945-4128-9310-53A69D1F5EF4}
		{1DDC5044-E822-4DE1-BEC4-2D91BC23D355} = {0F5F5A22-0F31-4265-8E94-7423A2D3708A}
		{0F5F5A22-0F31-4265-8E94-7423A2D3708A} = {934169FB-2945-4128-9310-53A69D1F5EF4}
		{934169FB-2945-4128-9310-53A69D1F5EF4} = {3A998880-32C8-4E1B-8BCB-3629CEAFAE3F}
		{F775C73A-446D-42A6-BA55-CF2C18E65DA7} = {073048BC-15F1-4EED-8D43-A6083FE3AB05}
		{073048BC-15F1-4EED-8D43-A6083FE3AB05} = {EF3E6E29-A4D3-4026-92FA-AD3069EC11C1}
		{2D92EF99-DB14-43C7-A99E-0D80B97A1CE1} = {643199B3-B569-4BE4-85EE-4C925AFDE122}
		{643199B3-B569-4BE4-85EE-4C925AFDE122} = {EF3E6E29-A4D3-4026-92FA-AD3069EC11C1}
		{EF3E6E29-A4D3-4026-92FA-AD3069EC11C1} = {BDD4266D-C5E6-424E-86D1-CCDFB5C283CD}
		{B252961B-74E5-49D1-BD75-F28E5629FBDD} = {386C0A25-A1C5-48FA-9EC2-9B47E1468AB0}
		{386C0A25-A1C5-48FA-9EC2-9B47E1468AB0} = {1873774A-3036-4ECB-992E-90A95464FCB8}
		{1873774A-3036-4ECB-992E-90A95464FCB8} = {3C7185B3-5BD2-4580-8CC5-05E07107242E}
		{C255F877-5AF6-4C15-B88F-6DA37BEDC21D} = {8BE40A88-E8E0-47ED-8DAB-3DFA0BC7EC2F}
		{8BE40A88-E8E0-47ED-8DAB-3DFA0BC7EC2F} = {BFF67D7B-CE34-43BF-B88A-FDA3115669A7}
		{06105162-3383-4FC0-B3FD-360702BC93DF} = {244506E6-031E-4344-8A77-8DC607FB2E28}
		{244506E6-031E-4344-8A77-8DC607FB2E28} = {95A481F1-9263-47B2-822D-14C1ECF643F3}
		{95A481F1-9263-47B2-822D-14C1ECF643F3} = {69F97E86-CFCC-4D50-AA48-5E91A31656D0}
		{B06918EC-9947-40E9-A793-A929D492C0E1} = {0819CADB-6462-4B5A-98DD-216B923E8991}
		{0819CADB-6462-4B5A-98DD-216B923E8991} = {A41DDF00-A76A-4F7E-A163-A91F0E1D1EF4}
		{A41DDF00-A76A-4F7E-A163-A91F0E1D1EF4} = {0872738D-FD84-4435-94D6-75CDACAD9AE9}
	EndGlobalSection
	GlobalSection(ExtensibilityGlobals) = postSolution
		SolutionGuid = {AF41C5F6-537F-406D-B114-37934CBB7E1B}
	EndGlobalSection
EndGlobal
