Microsoft Visual Studio Solution File, Format Version 12.00
Project("{9A19103F-16F7-4668-BE54-9A1E7A4F7556}") = "lib", "lib.proj", "{1DDB67FD-78D5-4111-A032-EC1BD42E7161}"
EndProject
Project("{9A19103F-16F7-4668-BE54-9A1E7A4F7556}") = "ix_ax_axopen_abstractions", "..\abstractions\src\AXOpen.Abstractions\ix_ax_axopen_abstractions.csproj", "{D12F8AE0-CA1C-42B9-A512-D05257623E67}"
EndProject
Project("{9A19103F-16F7-4668-BE54-9A1E7A4F7556}") = "AXOpen.Base.Abstractions", "..\base\src\AXOpen.Base.Abstractions\AXOpen.Base.Abstractions.csproj", "{E80FA3FA-75BC-4597-872F-785DD7EC4557}"
EndProject
Project("{9A19103F-16F7-4668-BE54-9A1E7A4F7556}") = "AXOpen.Logging.Serilog", "..\base\src\AXOpen.Logging\AXOpen.Logging.Serilog.csproj", "{08D2BBD5-6F91-4865-8634-B4DB8BB0C85D}"
EndProject
Project("{9A19103F-16F7-4668-BE54-9A1E7A4F7556}") = "ElementsComponents.blazor", "app\ix-blazor\ElementsComponents.blazor\ElementsComponents.blazor.csproj", "{D5B9A193-0BD6-4507-9EB2-424F9142DE5E}"
EndProject
Project("{9A19103F-16F7-4668-BE54-9A1E7A4F7556}") = "ElementsComponents", "app\ix\ElementsComponents.csproj", "{200A0595-707F-4B82-A52F-67EC0C742CFB}"
EndProject
Project("{9A19103F-16F7-4668-BE54-9A1E7A4F7556}") = "AXOpen.Components.Elements.blazor", "src\AXOpen.Components.Elements.blazor\AXOpen.Components.Elements.blazor.csproj", "{F0A3A3F8-D186-4E56-BE41-4B32F087F0BA}"
EndProject
Project("{9A19103F-16F7-4668-BE54-9A1E7A4F7556}") = "ix_ax_axopen_components_elements", "src\AXOpen.Components.Elements\ix_ax_axopen_components_elements.csproj", "{977A21BF-4C52-4043-B771-B41B531847A0}"
EndProject
Project("{9A19103F-16F7-4668-BE54-9A1E7A4F7556}") = "AXOpen.Components.Elements_tests_L1", "tests\AXOpen.Components.Elements.Tests\AXOpen.Components.Elements_tests_L1.csproj", "{CED81857-C3AF-4A30-9E66-FEBFE349921C}"
EndProject
Project("{9A19103F-16F7-4668-BE54-9A1E7A4F7556}") = "axopen_core_blazor", "..\core\src\AXOpen.Core.Blazor\axopen_core_blazor.csproj", "{A52C9036-FF5C-4EA7-A4DE-33ADD82F63B5}"
EndProject
Project("{9A19103F-16F7-4668-BE54-9A1E7A4F7556}") = "ix_ax_axopen_core", "..\core\src\AXOpen.Core\ix_ax_axopen_core.csproj", "{9462FB33-0B99-4F90-B216-57963F7B8ECD}"
EndProject
Project("{9A19103F-16F7-4668-BE54-9A1E7A4F7556}") = "AXOpen.Data.Json", "..\data\src\repositories\Json\AXOpen.Data.Json.csproj", "{F831BE87-01B4-4110-9FEC-8FA629BD101B}"
EndProject
Project("{9A19103F-16F7-4668-BE54-9A1E7A4F7556}") = "AXOpen.Security.Blazor", "..\security\src\AXOpen.Security.Blazor\AXOpen.Security.Blazor.csproj", "{E8D63FC5-2C99-4494-8A36-F3249D2D56E1}"
EndProject
Project("{9A19103F-16F7-4668-BE54-9A1E7A4F7556}") = "AXOpen.Security", "..\security\src\AXOpen.Security\AXOpen.Security.csproj", "{CCB772EA-708A-497E-969B-E900B4DA3E56}"
EndProject
Project("{2150E333-8FDC-42A3-9474-1A3956D46DE8}") = "AXOpen.Abstractions", "..\abstractions\src\AXOpen.Abstractions", "{64AFE683-11B1-4BC7-B20C-76BABE9399F9}"
EndProject
Project("{2150E333-8FDC-42A3-9474-1A3956D46DE8}") = "src", "..\abstractions\src", "{B6F7351D-3DD7-4F16-95E0-48BF9DFA245A}"
EndProject
Project("{2150E333-8FDC-42A3-9474-1A3956D46DE8}") = "abstractions", "..\abstractions", "{087A30D4-8716-4804-A85F-1674F0150719}"
EndProject
Project("{2150E333-8FDC-42A3-9474-1A3956D46DE8}") = "AXOpen.Base.Abstractions", "..\base\src\AXOpen.Base.Abstractions", "{42EFB9E4-DE7D-4835-B60C-9CFB6FE61EDF}"
EndProject
Project("{2150E333-8FDC-42A3-9474-1A3956D46DE8}") = "AXOpen.Logging", "..\base\src\AXOpen.Logging", "{7ABCE136-D741-4C66-8529-A50CC52EBBD5}"
EndProject
Project("{2150E333-8FDC-42A3-9474-1A3956D46DE8}") = "src", "..\base\src", "{5B5ED9D6-9012-42D4-8322-0AA7E0BEC83A}"
EndProject
Project("{2150E333-8FDC-42A3-9474-1A3956D46DE8}") = "base", "..\base", "{3A0EF0C3-569F-4649-88B2-DA95FFA57873}"
EndProject
Project("{2150E333-8FDC-42A3-9474-1A3956D46DE8}") = "ElementsComponents.blazor", "app\ix-blazor\ElementsComponents.blazor", "{0854A349-2DAD-428D-B5AD-0DDCF11B3D16}"
EndProject
Project("{2150E333-8FDC-42A3-9474-1A3956D46DE8}") = "ix-blazor", "app\ix-blazor", "{FBDEF0AC-B408-41A5-A3F7-6806EC1D43E1}"
EndProject
Project("{2150E333-8FDC-42A3-9474-1A3956D46DE8}") = "ix", "app\ix", "{2C1F8062-7C3F-459B-8FB4-959126E6F499}"
EndProject
Project("{2150E333-8FDC-42A3-9474-1A3956D46DE8}") = "app", "app", "{31BA20A5-4B64-4F60-92C9-AC78B9E59E1D}"
EndProject
Project("{2150E333-8FDC-42A3-9474-1A3956D46DE8}") = "AXOpen.Components.Elements.blazor", "src\AXOpen.Components.Elements.blazor", "{7B020E29-84A2-42C6-85EF-3077DFE3E246}"
EndProject
Project("{2150E333-8FDC-42A3-9474-1A3956D46DE8}") = "AXOpen.Components.Elements", "src\AXOpen.Components.Elements", "{98D7A4D8-A7B1-4988-B81D-A93A4CF46A6B}"
EndProject
Project("{2150E333-8FDC-42A3-9474-1A3956D46DE8}") = "src", "src", "{8324978A-9D48-403C-BF14-5C304BF01656}"
EndProject
Project("{2150E333-8FDC-42A3-9474-1A3956D46DE8}") = "AXOpen.Components.Elements.Tests", "tests\AXOpen.Components.Elements.Tests", "{3B0114B0-E36B-4DA2-94DE-1FBBACC733EE}"
EndProject
Project("{2150E333-8FDC-42A3-9474-1A3956D46DE8}") = "tests", "tests", "{19A37AA8-64BD-4054-9342-564BF7BB96B3}"
EndProject
Project("{2150E333-8FDC-42A3-9474-1A3956D46DE8}") = "components.elements", "..\components.elements", "{F3C36EBD-DF77-4779-9A84-043E0AA8BCFE}"
EndProject
Project("{2150E333-8FDC-42A3-9474-1A3956D46DE8}") = "AXOpen.Core.Blazor", "..\core\src\AXOpen.Core.Blazor", "{0FA5E5B1-78BB-4EB3-8220-33A47D17FE6B}"
EndProject
Project("{2150E333-8FDC-42A3-9474-1A3956D46DE8}") = "AXOpen.Core", "..\core\src\AXOpen.Core", "{5FAFDF4E-8802-42AA-B2BD-E3D25B7FB063}"
EndProject
Project("{2150E333-8FDC-42A3-9474-1A3956D46DE8}") = "src", "..\core\src", "{6175B4EE-C04F-461B-B252-6D76C9295F97}"
EndProject
Project("{2150E333-8FDC-42A3-9474-1A3956D46DE8}") = "core", "..\core", "{33C9E658-FFB4-4CB3-8DD2-52EC5232E3AF}"
EndProject
Project("{2150E333-8FDC-42A3-9474-1A3956D46DE8}") = "Json", "..\data\src\repositories\Json", "{AE744BE8-8F9B-4797-A912-068399C47033}"
EndProject
Project("{2150E333-8FDC-42A3-9474-1A3956D46DE8}") = "repositories", "..\data\src\repositories", "{92E691A1-D1F7-437A-98D4-F9D9F5AEB9D0}"
EndProject
Project("{2150E333-8FDC-42A3-9474-1A3956D46DE8}") = "src", "..\data\src", "{2013EA33-B90F-4353-8C93-546DE09C8E7C}"
EndProject
Project("{2150E333-8FDC-42A3-9474-1A3956D46DE8}") = "data", "..\data", "{B5271A9D-0AF2-4377-91E7-0C0DDAE04AFB}"
EndProject
Project("{2150E333-8FDC-42A3-9474-1A3956D46DE8}") = "AXOpen.Security.Blazor", "..\security\src\AXOpen.Security.Blazor", "{82EF79FC-A7B9-4156-87FE-D4A57A7171C0}"
EndProject
Project("{2150E333-8FDC-42A3-9474-1A3956D46DE8}") = "AXOpen.Security", "..\security\src\AXOpen.Security", "{9501C973-4608-4BA2-A770-DF54D62185D0}"
EndProject
Project("{2150E333-8FDC-42A3-9474-1A3956D46DE8}") = "src", "..\security\src", "{ABBF002E-5CAC-4E83-A81F-5691A974F84C}"
EndProject
Project("{2150E333-8FDC-42A3-9474-1A3956D46DE8}") = "security", "..\security", "{86981F25-DBFE-4182-B7E1-35802CB014C0}"
EndProject
Global
	GlobalSection(SolutionConfigurationPlatforms) = preSolution
		Debug|Any CPU = Debug|Any CPU
		Release|Any CPU = Release|Any CPU
	EndGlobalSection
	GlobalSection(ProjectConfigurationPlatforms) = postSolution
		{1DDB67FD-78D5-4111-A032-EC1BD42E7161}.Debug|Any CPU.ActiveCfg = Debug|Any CPU
		{1DDB67FD-78D5-4111-A032-EC1BD42E7161}.Debug|Any CPU.Build.0 = Debug|Any CPU
		{1DDB67FD-78D5-4111-A032-EC1BD42E7161}.Release|Any CPU.ActiveCfg = Release|Any CPU
		{1DDB67FD-78D5-4111-A032-EC1BD42E7161}.Release|Any CPU.Build.0 = Release|Any CPU
		{D12F8AE0-CA1C-42B9-A512-D05257623E67}.Debug|Any CPU.ActiveCfg = Debug|Any CPU
		{D12F8AE0-CA1C-42B9-A512-D05257623E67}.Debug|Any CPU.Build.0 = Debug|Any CPU
		{D12F8AE0-CA1C-42B9-A512-D05257623E67}.Release|Any CPU.ActiveCfg = Release|Any CPU
		{D12F8AE0-CA1C-42B9-A512-D05257623E67}.Release|Any CPU.Build.0 = Release|Any CPU
		{E80FA3FA-75BC-4597-872F-785DD7EC4557}.Debug|Any CPU.ActiveCfg = Debug|Any CPU
		{E80FA3FA-75BC-4597-872F-785DD7EC4557}.Debug|Any CPU.Build.0 = Debug|Any CPU
		{E80FA3FA-75BC-4597-872F-785DD7EC4557}.Release|Any CPU.ActiveCfg = Release|Any CPU
		{E80FA3FA-75BC-4597-872F-785DD7EC4557}.Release|Any CPU.Build.0 = Release|Any CPU
		{08D2BBD5-6F91-4865-8634-B4DB8BB0C85D}.Debug|Any CPU.ActiveCfg = Debug|Any CPU
		{08D2BBD5-6F91-4865-8634-B4DB8BB0C85D}.Debug|Any CPU.Build.0 = Debug|Any CPU
		{08D2BBD5-6F91-4865-8634-B4DB8BB0C85D}.Release|Any CPU.ActiveCfg = Release|Any CPU
		{08D2BBD5-6F91-4865-8634-B4DB8BB0C85D}.Release|Any CPU.Build.0 = Release|Any CPU
		{D5B9A193-0BD6-4507-9EB2-424F9142DE5E}.Debug|Any CPU.ActiveCfg = Debug|Any CPU
		{D5B9A193-0BD6-4507-9EB2-424F9142DE5E}.Debug|Any CPU.Build.0 = Debug|Any CPU
		{D5B9A193-0BD6-4507-9EB2-424F9142DE5E}.Release|Any CPU.ActiveCfg = Release|Any CPU
		{D5B9A193-0BD6-4507-9EB2-424F9142DE5E}.Release|Any CPU.Build.0 = Release|Any CPU
		{200A0595-707F-4B82-A52F-67EC0C742CFB}.Debug|Any CPU.ActiveCfg = Debug|Any CPU
		{200A0595-707F-4B82-A52F-67EC0C742CFB}.Debug|Any CPU.Build.0 = Debug|Any CPU
		{200A0595-707F-4B82-A52F-67EC0C742CFB}.Release|Any CPU.ActiveCfg = Release|Any CPU
		{200A0595-707F-4B82-A52F-67EC0C742CFB}.Release|Any CPU.Build.0 = Release|Any CPU
		{F0A3A3F8-D186-4E56-BE41-4B32F087F0BA}.Debug|Any CPU.ActiveCfg = Debug|Any CPU
		{F0A3A3F8-D186-4E56-BE41-4B32F087F0BA}.Debug|Any CPU.Build.0 = Debug|Any CPU
		{F0A3A3F8-D186-4E56-BE41-4B32F087F0BA}.Release|Any CPU.ActiveCfg = Release|Any CPU
		{F0A3A3F8-D186-4E56-BE41-4B32F087F0BA}.Release|Any CPU.Build.0 = Release|Any CPU
		{977A21BF-4C52-4043-B771-B41B531847A0}.Debug|Any CPU.ActiveCfg = Debug|Any CPU
		{977A21BF-4C52-4043-B771-B41B531847A0}.Debug|Any CPU.Build.0 = Debug|Any CPU
		{977A21BF-4C52-4043-B771-B41B531847A0}.Release|Any CPU.ActiveCfg = Release|Any CPU
		{977A21BF-4C52-4043-B771-B41B531847A0}.Release|Any CPU.Build.0 = Release|Any CPU
		{CED81857-C3AF-4A30-9E66-FEBFE349921C}.Debug|Any CPU.ActiveCfg = Debug|Any CPU
		{CED81857-C3AF-4A30-9E66-FEBFE349921C}.Debug|Any CPU.Build.0 = Debug|Any CPU
		{CED81857-C3AF-4A30-9E66-FEBFE349921C}.Release|Any CPU.ActiveCfg = Release|Any CPU
		{CED81857-C3AF-4A30-9E66-FEBFE349921C}.Release|Any CPU.Build.0 = Release|Any CPU
		{A52C9036-FF5C-4EA7-A4DE-33ADD82F63B5}.Debug|Any CPU.ActiveCfg = Debug|Any CPU
		{A52C9036-FF5C-4EA7-A4DE-33ADD82F63B5}.Debug|Any CPU.Build.0 = Debug|Any CPU
		{A52C9036-FF5C-4EA7-A4DE-33ADD82F63B5}.Release|Any CPU.ActiveCfg = Release|Any CPU
		{A52C9036-FF5C-4EA7-A4DE-33ADD82F63B5}.Release|Any CPU.Build.0 = Release|Any CPU
		{9462FB33-0B99-4F90-B216-57963F7B8ECD}.Debug|Any CPU.ActiveCfg = Debug|Any CPU
		{9462FB33-0B99-4F90-B216-57963F7B8ECD}.Debug|Any CPU.Build.0 = Debug|Any CPU
		{9462FB33-0B99-4F90-B216-57963F7B8ECD}.Release|Any CPU.ActiveCfg = Release|Any CPU
		{9462FB33-0B99-4F90-B216-57963F7B8ECD}.Release|Any CPU.Build.0 = Release|Any CPU
		{F831BE87-01B4-4110-9FEC-8FA629BD101B}.Debug|Any CPU.ActiveCfg = Debug|Any CPU
		{F831BE87-01B4-4110-9FEC-8FA629BD101B}.Debug|Any CPU.Build.0 = Debug|Any CPU
		{F831BE87-01B4-4110-9FEC-8FA629BD101B}.Release|Any CPU.ActiveCfg = Release|Any CPU
		{F831BE87-01B4-4110-9FEC-8FA629BD101B}.Release|Any CPU.Build.0 = Release|Any CPU
		{E8D63FC5-2C99-4494-8A36-F3249D2D56E1}.Debug|Any CPU.ActiveCfg = Debug|Any CPU
		{E8D63FC5-2C99-4494-8A36-F3249D2D56E1}.Debug|Any CPU.Build.0 = Debug|Any CPU
		{E8D63FC5-2C99-4494-8A36-F3249D2D56E1}.Release|Any CPU.ActiveCfg = Release|Any CPU
		{E8D63FC5-2C99-4494-8A36-F3249D2D56E1}.Release|Any CPU.Build.0 = Release|Any CPU
		{CCB772EA-708A-497E-969B-E900B4DA3E56}.Debug|Any CPU.ActiveCfg = Debug|Any CPU
		{CCB772EA-708A-497E-969B-E900B4DA3E56}.Debug|Any CPU.Build.0 = Debug|Any CPU
		{CCB772EA-708A-497E-969B-E900B4DA3E56}.Release|Any CPU.ActiveCfg = Release|Any CPU
		{CCB772EA-708A-497E-969B-E900B4DA3E56}.Release|Any CPU.Build.0 = Release|Any CPU
	EndGlobalSection
	GlobalSection(SolutionProperties) = preSolution
		HideSolutionNode = FALSE
	EndGlobalSection
	GlobalSection(NestedProjects) = preSolution
		{D12F8AE0-CA1C-42B9-A512-D05257623E67} = {64AFE683-11B1-4BC7-B20C-76BABE9399F9}
		{64AFE683-11B1-4BC7-B20C-76BABE9399F9} = {B6F7351D-3DD7-4F16-95E0-48BF9DFA245A}
		{B6F7351D-3DD7-4F16-95E0-48BF9DFA245A} = {087A30D4-8716-4804-A85F-1674F0150719}
		{E80FA3FA-75BC-4597-872F-785DD7EC4557} = {42EFB9E4-DE7D-4835-B60C-9CFB6FE61EDF}
		{42EFB9E4-DE7D-4835-B60C-9CFB6FE61EDF} = {5B5ED9D6-9012-42D4-8322-0AA7E0BEC83A}
		{08D2BBD5-6F91-4865-8634-B4DB8BB0C85D} = {7ABCE136-D741-4C66-8529-A50CC52EBBD5}
		{7ABCE136-D741-4C66-8529-A50CC52EBBD5} = {5B5ED9D6-9012-42D4-8322-0AA7E0BEC83A}
		{5B5ED9D6-9012-42D4-8322-0AA7E0BEC83A} = {3A0EF0C3-569F-4649-88B2-DA95FFA57873}
		{D5B9A193-0BD6-4507-9EB2-424F9142DE5E} = {0854A349-2DAD-428D-B5AD-0DDCF11B3D16}
		{0854A349-2DAD-428D-B5AD-0DDCF11B3D16} = {FBDEF0AC-B408-41A5-A3F7-6806EC1D43E1}
		{FBDEF0AC-B408-41A5-A3F7-6806EC1D43E1} = {31BA20A5-4B64-4F60-92C9-AC78B9E59E1D}
		{200A0595-707F-4B82-A52F-67EC0C742CFB} = {2C1F8062-7C3F-459B-8FB4-959126E6F499}
		{2C1F8062-7C3F-459B-8FB4-959126E6F499} = {31BA20A5-4B64-4F60-92C9-AC78B9E59E1D}
		{31BA20A5-4B64-4F60-92C9-AC78B9E59E1D} = {F3C36EBD-DF77-4779-9A84-043E0AA8BCFE}
		{F0A3A3F8-D186-4E56-BE41-4B32F087F0BA} = {7B020E29-84A2-42C6-85EF-3077DFE3E246}
		{7B020E29-84A2-42C6-85EF-3077DFE3E246} = {8324978A-9D48-403C-BF14-5C304BF01656}
		{977A21BF-4C52-4043-B771-B41B531847A0} = {98D7A4D8-A7B1-4988-B81D-A93A4CF46A6B}
		{98D7A4D8-A7B1-4988-B81D-A93A4CF46A6B} = {8324978A-9D48-403C-BF14-5C304BF01656}
		{8324978A-9D48-403C-BF14-5C304BF01656} = {F3C36EBD-DF77-4779-9A84-043E0AA8BCFE}
		{CED81857-C3AF-4A30-9E66-FEBFE349921C} = {3B0114B0-E36B-4DA2-94DE-1FBBACC733EE}
		{3B0114B0-E36B-4DA2-94DE-1FBBACC733EE} = {19A37AA8-64BD-4054-9342-564BF7BB96B3}
		{19A37AA8-64BD-4054-9342-564BF7BB96B3} = {F3C36EBD-DF77-4779-9A84-043E0AA8BCFE}
		{A52C9036-FF5C-4EA7-A4DE-33ADD82F63B5} = {0FA5E5B1-78BB-4EB3-8220-33A47D17FE6B}
		{0FA5E5B1-78BB-4EB3-8220-33A47D17FE6B} = {6175B4EE-C04F-461B-B252-6D76C9295F97}
		{9462FB33-0B99-4F90-B216-57963F7B8ECD} = {5FAFDF4E-8802-42AA-B2BD-E3D25B7FB063}
		{5FAFDF4E-8802-42AA-B2BD-E3D25B7FB063} = {6175B4EE-C04F-461B-B252-6D76C9295F97}
		{6175B4EE-C04F-461B-B252-6D76C9295F97} = {33C9E658-FFB4-4CB3-8DD2-52EC5232E3AF}
		{F831BE87-01B4-4110-9FEC-8FA629BD101B} = {AE744BE8-8F9B-4797-A912-068399C47033}
		{AE744BE8-8F9B-4797-A912-068399C47033} = {92E691A1-D1F7-437A-98D4-F9D9F5AEB9D0}
		{92E691A1-D1F7-437A-98D4-F9D9F5AEB9D0} = {2013EA33-B90F-4353-8C93-546DE09C8E7C}
		{2013EA33-B90F-4353-8C93-546DE09C8E7C} = {B5271A9D-0AF2-4377-91E7-0C0DDAE04AFB}
		{E8D63FC5-2C99-4494-8A36-F3249D2D56E1} = {82EF79FC-A7B9-4156-87FE-D4A57A7171C0}
		{82EF79FC-A7B9-4156-87FE-D4A57A7171C0} = {ABBF002E-5CAC-4E83-A81F-5691A974F84C}
		{CCB772EA-708A-497E-969B-E900B4DA3E56} = {9501C973-4608-4BA2-A770-DF54D62185D0}
		{9501C973-4608-4BA2-A770-DF54D62185D0} = {ABBF002E-5CAC-4E83-A81F-5691A974F84C}
		{ABBF002E-5CAC-4E83-A81F-5691A974F84C} = {86981F25-DBFE-4182-B7E1-35802CB014C0}
	EndGlobalSection
	GlobalSection(ExtensibilityGlobals) = postSolution
		SolutionGuid = {7E35BB8A-3C46-42AC-8973-2374FFF3749D}
	EndGlobalSection
EndGlobal
