Microsoft Visual Studio Solution File, Format Version 12.00
Project("{9A19103F-16F7-4668-BE54-9A1E7A4F7556}") = "this", "this.proj", "{2FD0887E-2B65-448F-A2C9-ECBF2AF6FA13}"
EndProject
Project("{9A19103F-16F7-4668-BE54-9A1E7A4F7556}") = "ix_ax_axopen_abstractions", "..\abstractions\src\AXOpen.Abstractions\ix_ax_axopen_abstractions.csproj", "{0F80734A-A385-4D95-9A36-62AF1C205479}"
EndProject
Project("{9A19103F-16F7-4668-BE54-9A1E7A4F7556}") = "AXOpen.Base.Abstractions", "..\base\src\AXOpen.Base.Abstractions\AXOpen.Base.Abstractions.csproj", "{6ECCB463-663E-4EA5-B933-0673499E5E11}"
EndProject
Project("{9A19103F-16F7-4668-BE54-9A1E7A4F7556}") = "ix_ax_axopen_core", "..\core\src\AXOpen.Core\ix_ax_axopen_core.csproj", "{5ABE5D24-A933-46E9-94A2-8D9AAD98A56F}"
EndProject
Project("{9A19103F-16F7-4668-BE54-9A1E7A4F7556}") = "ix_ax_ax_sdk", "..\sdk-ax\ctrl\ix\ix_ax_ax_sdk.csproj", "{B8048BE2-61B2-4DFC-BC5E-EA0297A68A87}"
EndProject
Project("{9A19103F-16F7-4668-BE54-9A1E7A4F7556}") = "ix_ax_axopen_simatic1500", "..\simatic1500\ctrl\ix\ix_ax_axopen_simatic1500.csproj", "{88000724-D9E4-4A2C-AC29-6D9C594BD410}"
EndProject
Project("{9A19103F-16F7-4668-BE54-9A1E7A4F7556}") = "timers_app", "app\ix\timers_app.csproj", "{425455C5-9865-47DF-BFCF-DFC4EBE5B6C8}"
EndProject
Project("{9A19103F-16F7-4668-BE54-9A1E7A4F7556}") = "ix_ax_axopen_timers", "src\AXOpen.Timers\ix_ax_axopen_timers.csproj", "{7F5EAF1D-6E06-4993-BF41-7881555894B6}"
EndProject
Project("{9A19103F-16F7-4668-BE54-9A1E7A4F7556}") = "AXOpen.ToolBox", "..\toolbox\src\AXOpen.ToolBox\AXOpen.ToolBox.csproj", "{5E4DCFF1-31CF-4260-B46E-790FDA23DF20}"
EndProject
Project("{2150E333-8FDC-42A3-9474-1A3956D46DE8}") = "AXOpen.Abstractions", "..\abstractions\src\AXOpen.Abstractions", "{24AB23CA-B4B2-413D-8E52-BEFD088806C0}"
EndProject
Project("{2150E333-8FDC-42A3-9474-1A3956D46DE8}") = "src", "..\abstractions\src", "{0E868224-A140-4FFC-B0C6-60B6879ABE49}"
EndProject
Project("{2150E333-8FDC-42A3-9474-1A3956D46DE8}") = "abstractions", "..\abstractions", "{F38B97C3-CF98-4C82-ADDB-C3F26A5F5BDA}"
EndProject
Project("{2150E333-8FDC-42A3-9474-1A3956D46DE8}") = "AXOpen.Base.Abstractions", "..\base\src\AXOpen.Base.Abstractions", "{E13B211F-1515-4E83-A38F-898819315807}"
EndProject
Project("{2150E333-8FDC-42A3-9474-1A3956D46DE8}") = "src", "..\base\src", "{D6CDC7C4-913B-48E6-B6C9-0638C373536A}"
EndProject
Project("{2150E333-8FDC-42A3-9474-1A3956D46DE8}") = "base", "..\base", "{F38535C6-4AC2-4E09-B23B-F613564DA26B}"
EndProject
Project("{2150E333-8FDC-42A3-9474-1A3956D46DE8}") = "AXOpen.Core", "..\core\src\AXOpen.Core", "{8F5E2D8D-4EDE-46CD-8F37-2B143DAD507B}"
EndProject
Project("{2150E333-8FDC-42A3-9474-1A3956D46DE8}") = "src", "..\core\src", "{BF63B5CF-F38D-48B6-B3D2-3ACDF5DE3E0A}"
EndProject
Project("{2150E333-8FDC-42A3-9474-1A3956D46DE8}") = "core", "..\core", "{E5573224-5C8D-48E9-A46E-201FB837CF9C}"
EndProject
Project("{2150E333-8FDC-42A3-9474-1A3956D46DE8}") = "ix", "..\sdk-ax\ctrl\ix", "{5E1D1E4F-444B-4F38-85BD-DA9E8806CE03}"
EndProject
Project("{2150E333-8FDC-42A3-9474-1A3956D46DE8}") = "ctrl", "..\sdk-ax\ctrl", "{6DD812F3-D96C-453E-81C5-AFFF6BB75EAC}"
EndProject
Project("{2150E333-8FDC-42A3-9474-1A3956D46DE8}") = "sdk-ax", "..\sdk-ax", "{55DB8DB8-1F73-4B44-ACC1-6920677E5BB8}"
EndProject
Project("{2150E333-8FDC-42A3-9474-1A3956D46DE8}") = "ix", "..\simatic1500\ctrl\ix", "{9EFA380D-9CD0-4B47-9989-CC8B432C02AD}"
EndProject
Project("{2150E333-8FDC-42A3-9474-1A3956D46DE8}") = "ctrl", "..\simatic1500\ctrl", "{A197F1EE-A4AB-4BE3-B9CD-DA8CF580B4B6}"
EndProject
Project("{2150E333-8FDC-42A3-9474-1A3956D46DE8}") = "simatic1500", "..\simatic1500", "{548A68E7-72B4-4D36-B4F1-3B12251B67F4}"
EndProject
Project("{2150E333-8FDC-42A3-9474-1A3956D46DE8}") = "ix", "app\ix", "{A133736E-D554-4D92-B3E3-137282281DA4}"
EndProject
Project("{2150E333-8FDC-42A3-9474-1A3956D46DE8}") = "app", "app", "{D79D74A8-2EC9-4D05-8F1E-F01CBE1F8CD6}"
EndProject
Project("{2150E333-8FDC-42A3-9474-1A3956D46DE8}") = "AXOpen.Timers", "src\AXOpen.Timers", "{0FA66E45-896F-491A-BD1B-2A39524FD4A2}"
EndProject
Project("{2150E333-8FDC-42A3-9474-1A3956D46DE8}") = "src", "src", "{FA10DA79-31CF-4A97-AF5C-9411CB0E5770}"
EndProject
Project("{2150E333-8FDC-42A3-9474-1A3956D46DE8}") = "timers", "..\timers", "{1835B00B-5A05-4C49-9261-4AB6F8A7695D}"
EndProject
Project("{2150E333-8FDC-42A3-9474-1A3956D46DE8}") = "AXOpen.ToolBox", "..\toolbox\src\AXOpen.ToolBox", "{E65DBB02-1BB0-4C33-BE90-66B4620DF7CE}"
EndProject
Project("{2150E333-8FDC-42A3-9474-1A3956D46DE8}") = "src", "..\toolbox\src", "{C8E86B9D-DEB0-4A50-A753-F83301C8A8ED}"
EndProject
Project("{2150E333-8FDC-42A3-9474-1A3956D46DE8}") = "toolbox", "..\toolbox", "{83B6FC7B-1B96-4899-8D52-BC9398FB46CA}"
EndProject
Global
	GlobalSection(SolutionConfigurationPlatforms) = preSolution
		Debug|Any CPU = Debug|Any CPU
		Release|Any CPU = Release|Any CPU
	EndGlobalSection
	GlobalSection(ProjectConfigurationPlatforms) = postSolution
		{2FD0887E-2B65-448F-A2C9-ECBF2AF6FA13}.Debug|Any CPU.ActiveCfg = Debug|Any CPU
		{2FD0887E-2B65-448F-A2C9-ECBF2AF6FA13}.Debug|Any CPU.Build.0 = Debug|Any CPU
		{2FD0887E-2B65-448F-A2C9-ECBF2AF6FA13}.Release|Any CPU.ActiveCfg = Release|Any CPU
		{2FD0887E-2B65-448F-A2C9-ECBF2AF6FA13}.Release|Any CPU.Build.0 = Release|Any CPU
		{0F80734A-A385-4D95-9A36-62AF1C205479}.Debug|Any CPU.ActiveCfg = Debug|Any CPU
		{0F80734A-A385-4D95-9A36-62AF1C205479}.Debug|Any CPU.Build.0 = Debug|Any CPU
		{0F80734A-A385-4D95-9A36-62AF1C205479}.Release|Any CPU.ActiveCfg = Release|Any CPU
		{0F80734A-A385-4D95-9A36-62AF1C205479}.Release|Any CPU.Build.0 = Release|Any CPU
		{6ECCB463-663E-4EA5-B933-0673499E5E11}.Debug|Any CPU.ActiveCfg = Debug|Any CPU
		{6ECCB463-663E-4EA5-B933-0673499E5E11}.Debug|Any CPU.Build.0 = Debug|Any CPU
		{6ECCB463-663E-4EA5-B933-0673499E5E11}.Release|Any CPU.ActiveCfg = Release|Any CPU
		{6ECCB463-663E-4EA5-B933-0673499E5E11}.Release|Any CPU.Build.0 = Release|Any CPU
		{5ABE5D24-A933-46E9-94A2-8D9AAD98A56F}.Debug|Any CPU.ActiveCfg = Debug|Any CPU
		{5ABE5D24-A933-46E9-94A2-8D9AAD98A56F}.Debug|Any CPU.Build.0 = Debug|Any CPU
		{5ABE5D24-A933-46E9-94A2-8D9AAD98A56F}.Release|Any CPU.ActiveCfg = Release|Any CPU
		{5ABE5D24-A933-46E9-94A2-8D9AAD98A56F}.Release|Any CPU.Build.0 = Release|Any CPU
		{B8048BE2-61B2-4DFC-BC5E-EA0297A68A87}.Debug|Any CPU.ActiveCfg = Debug|Any CPU
		{B8048BE2-61B2-4DFC-BC5E-EA0297A68A87}.Debug|Any CPU.Build.0 = Debug|Any CPU
		{B8048BE2-61B2-4DFC-BC5E-EA0297A68A87}.Release|Any CPU.ActiveCfg = Release|Any CPU
		{B8048BE2-61B2-4DFC-BC5E-EA0297A68A87}.Release|Any CPU.Build.0 = Release|Any CPU
		{88000724-D9E4-4A2C-AC29-6D9C594BD410}.Debug|Any CPU.ActiveCfg = Debug|Any CPU
		{88000724-D9E4-4A2C-AC29-6D9C594BD410}.Debug|Any CPU.Build.0 = Debug|Any CPU
		{88000724-D9E4-4A2C-AC29-6D9C594BD410}.Release|Any CPU.ActiveCfg = Release|Any CPU
		{88000724-D9E4-4A2C-AC29-6D9C594BD410}.Release|Any CPU.Build.0 = Release|Any CPU
		{425455C5-9865-47DF-BFCF-DFC4EBE5B6C8}.Debug|Any CPU.ActiveCfg = Debug|Any CPU
		{425455C5-9865-47DF-BFCF-DFC4EBE5B6C8}.Debug|Any CPU.Build.0 = Debug|Any CPU
		{425455C5-9865-47DF-BFCF-DFC4EBE5B6C8}.Release|Any CPU.ActiveCfg = Release|Any CPU
		{425455C5-9865-47DF-BFCF-DFC4EBE5B6C8}.Release|Any CPU.Build.0 = Release|Any CPU
		{7F5EAF1D-6E06-4993-BF41-7881555894B6}.Debug|Any CPU.ActiveCfg = Debug|Any CPU
		{7F5EAF1D-6E06-4993-BF41-7881555894B6}.Debug|Any CPU.Build.0 = Debug|Any CPU
		{7F5EAF1D-6E06-4993-BF41-7881555894B6}.Release|Any CPU.ActiveCfg = Release|Any CPU
		{7F5EAF1D-6E06-4993-BF41-7881555894B6}.Release|Any CPU.Build.0 = Release|Any CPU
		{5E4DCFF1-31CF-4260-B46E-790FDA23DF20}.Debug|Any CPU.ActiveCfg = Debug|Any CPU
		{5E4DCFF1-31CF-4260-B46E-790FDA23DF20}.Debug|Any CPU.Build.0 = Debug|Any CPU
		{5E4DCFF1-31CF-4260-B46E-790FDA23DF20}.Release|Any CPU.ActiveCfg = Release|Any CPU
		{5E4DCFF1-31CF-4260-B46E-790FDA23DF20}.Release|Any CPU.Build.0 = Release|Any CPU
	EndGlobalSection
	GlobalSection(SolutionProperties) = preSolution
		HideSolutionNode = FALSE
	EndGlobalSection
	GlobalSection(NestedProjects) = preSolution
		{0F80734A-A385-4D95-9A36-62AF1C205479} = {24AB23CA-B4B2-413D-8E52-BEFD088806C0}
		{24AB23CA-B4B2-413D-8E52-BEFD088806C0} = {0E868224-A140-4FFC-B0C6-60B6879ABE49}
		{0E868224-A140-4FFC-B0C6-60B6879ABE49} = {F38B97C3-CF98-4C82-ADDB-C3F26A5F5BDA}
		{6ECCB463-663E-4EA5-B933-0673499E5E11} = {E13B211F-1515-4E83-A38F-898819315807}
		{E13B211F-1515-4E83-A38F-898819315807} = {D6CDC7C4-913B-48E6-B6C9-0638C373536A}
		{D6CDC7C4-913B-48E6-B6C9-0638C373536A} = {F38535C6-4AC2-4E09-B23B-F613564DA26B}
		{5ABE5D24-A933-46E9-94A2-8D9AAD98A56F} = {8F5E2D8D-4EDE-46CD-8F37-2B143DAD507B}
		{8F5E2D8D-4EDE-46CD-8F37-2B143DAD507B} = {BF63B5CF-F38D-48B6-B3D2-3ACDF5DE3E0A}
		{BF63B5CF-F38D-48B6-B3D2-3ACDF5DE3E0A} = {E5573224-5C8D-48E9-A46E-201FB837CF9C}
		{B8048BE2-61B2-4DFC-BC5E-EA0297A68A87} = {5E1D1E4F-444B-4F38-85BD-DA9E8806CE03}
		{5E1D1E4F-444B-4F38-85BD-DA9E8806CE03} = {6DD812F3-D96C-453E-81C5-AFFF6BB75EAC}
		{6DD812F3-D96C-453E-81C5-AFFF6BB75EAC} = {55DB8DB8-1F73-4B44-ACC1-6920677E5BB8}
		{88000724-D9E4-4A2C-AC29-6D9C594BD410} = {9EFA380D-9CD0-4B47-9989-CC8B432C02AD}
		{9EFA380D-9CD0-4B47-9989-CC8B432C02AD} = {A197F1EE-A4AB-4BE3-B9CD-DA8CF580B4B6}
		{A197F1EE-A4AB-4BE3-B9CD-DA8CF580B4B6} = {548A68E7-72B4-4D36-B4F1-3B12251B67F4}
		{425455C5-9865-47DF-BFCF-DFC4EBE5B6C8} = {A133736E-D554-4D92-B3E3-137282281DA4}
		{A133736E-D554-4D92-B3E3-137282281DA4} = {D79D74A8-2EC9-4D05-8F1E-F01CBE1F8CD6}
		{D79D74A8-2EC9-4D05-8F1E-F01CBE1F8CD6} = {1835B00B-5A05-4C49-9261-4AB6F8A7695D}
		{7F5EAF1D-6E06-4993-BF41-7881555894B6} = {0FA66E45-896F-491A-BD1B-2A39524FD4A2}
		{0FA66E45-896F-491A-BD1B-2A39524FD4A2} = {FA10DA79-31CF-4A97-AF5C-9411CB0E5770}
		{FA10DA79-31CF-4A97-AF5C-9411CB0E5770} = {1835B00B-5A05-4C49-9261-4AB6F8A7695D}
		{5E4DCFF1-31CF-4260-B46E-790FDA23DF20} = {E65DBB02-1BB0-4C33-BE90-66B4620DF7CE}
		{E65DBB02-1BB0-4C33-BE90-66B4620DF7CE} = {C8E86B9D-DEB0-4A50-A753-F83301C8A8ED}
		{C8E86B9D-DEB0-4A50-A753-F83301C8A8ED} = {83B6FC7B-1B96-4899-8D52-BC9398FB46CA}
	EndGlobalSection
	GlobalSection(ExtensibilityGlobals) = postSolution
		SolutionGuid = {A2163718-EA77-4268-AB81-D489A34E4226}
	EndGlobalSection
EndGlobal
