Microsoft Visual Studio Solution File, Format Version 12.00
Project("{9A19103F-16F7-4668-BE54-9A1E7A4F7556}") = "AXOpen-L2-tests", "AXOpen-L2-tests.proj", "{9A85BB89-8946-42C7-AEEC-C777BBE31FCA}"
EndProject
Project("{9A19103F-16F7-4668-BE54-9A1E7A4F7556}") = "AXSharp.Abstractions", "..\..\axsharp\src\AXSharp.abstractions\src\AXSharp.Abstractions\AXSharp.Abstractions.csproj", "{327D2DED-331C-42EB-8E2F-446DB9E55C03}"
EndProject
Project("{9A19103F-16F7-4668-BE54-9A1E7A4F7556}") = "AXSharp.Presentation.Blazor.Controls", "..\..\axsharp\src\AXSharp.blazor\src\AXSharp.Presentation.Blazor.Controls\AXSharp.Presentation.Blazor.Controls.csproj", "{5ADF8E87-183A-46AF-B85F-2315FB73407E}"
EndProject
Project("{9A19103F-16F7-4668-BE54-9A1E7A4F7556}") = "AXSharp.Presentation.Blazor", "..\..\axsharp\src\AXSharp.blazor\src\AXSharp.Presentation.Blazor\AXSharp.Presentation.Blazor.csproj", "{F33B334A-FC72-4F71-B169-77F3A142574D}"
EndProject
Project("{9A19103F-16F7-4668-BE54-9A1E7A4F7556}") = "AXSharp.Connector.S71500.WebAPI", "..\..\axsharp\src\AXSharp.connectors\src\AXSharp.Connector.S71500.WebAPI\AXSharp.Connector.S71500.WebAPI.csproj", "{A488AAC4-AFD1-4505-BA4C-CC9F07897662}"
EndProject
Project("{9A19103F-16F7-4668-BE54-9A1E7A4F7556}") = "AXSharp.Connector", "..\..\axsharp\src\AXSharp.connectors\src\AXSharp.Connector\AXSharp.Connector.csproj", "{D9F326D9-DB0C-45B1-98EE-798A044264DF}"
EndProject
Project("{9A19103F-16F7-4668-BE54-9A1E7A4F7556}") = "Operon", "..\..\operon\src\Operon\Operon.csproj", "{493A93E2-946D-4210-B21F-F15CD12E5116}"
EndProject
Project("{2150E333-8FDC-42A3-9474-1A3956D46DE8}") = "AXSharp.Abstractions", "..\..\axsharp\src\AXSharp.abstractions\src\AXSharp.Abstractions", "{5DB89BC0-FDD6-4764-B115-04D2B6D6E3A7}"
EndProject
Project("{2150E333-8FDC-42A3-9474-1A3956D46DE8}") = "src", "..\..\axsharp\src\AXSharp.abstractions\src", "{DC64F485-2487-433D-84D7-E6225F044387}"
EndProject
Project("{2150E333-8FDC-42A3-9474-1A3956D46DE8}") = "AXSharp.abstractions", "..\..\axsharp\src\AXSharp.abstractions", "{2B0A7E20-99E3-4C12-BF26-17A253D0CB30}"
EndProject
Project("{2150E333-8FDC-42A3-9474-1A3956D46DE8}") = "AXSharp.Presentation.Blazor.Controls", "..\..\axsharp\src\AXSharp.blazor\src\AXSharp.Presentation.Blazor.Controls", "{4C01BFE5-704A-4863-A14B-18EB2F59B2A8}"
EndProject
Project("{2150E333-8FDC-42A3-9474-1A3956D46DE8}") = "AXSharp.Presentation.Blazor", "..\..\axsharp\src\AXSharp.blazor\src\AXSharp.Presentation.Blazor", "{6CAD9EB7-5040-4457-85E0-7941BFBBC6CD}"
EndProject
Project("{2150E333-8FDC-42A3-9474-1A3956D46DE8}") = "src", "..\..\axsharp\src\AXSharp.blazor\src", "{4BA76655-B3D2-4DA2-BB81-8C8BC50BD788}"
EndProject
Project("{2150E333-8FDC-42A3-9474-1A3956D46DE8}") = "AXSharp.blazor", "..\..\axsharp\src\AXSharp.blazor", "{568ED306-8BB8-415D-9879-0E6181F5B405}"
EndProject
Project("{2150E333-8FDC-42A3-9474-1A3956D46DE8}") = "AXSharp.Connector.S71500.WebAPI", "..\..\axsharp\src\AXSharp.connectors\src\AXSharp.Connector.S71500.WebAPI", "{88B82517-F697-4496-A984-828485622D1A}"
EndProject
Project("{2150E333-8FDC-42A3-9474-1A3956D46DE8}") = "AXSharp.Connector", "..\..\axsharp\src\AXSharp.connectors\src\AXSharp.Connector", "{8BD3E6F6-0005-4A15-A287-67709A62BF7E}"
EndProject
Project("{2150E333-8FDC-42A3-9474-1A3956D46DE8}") = "src", "..\..\axsharp\src\AXSharp.connectors\src", "{C955F783-020B-4D68-AE64-B335775EF805}"
EndProject
Project("{2150E333-8FDC-42A3-9474-1A3956D46DE8}") = "AXSharp.connectors", "..\..\axsharp\src\AXSharp.connectors", "{BC1ECAFB-2A89-48B5-9F1F-EDC60660EA53}"
EndProject
Project("{2150E333-8FDC-42A3-9474-1A3956D46DE8}") = "src", "..\..\axsharp\src", "{6C880513-DBAA-4886-86DA-0237D75D2717}"
EndProject
Project("{2150E333-8FDC-42A3-9474-1A3956D46DE8}") = "axsharp", "..\..\axsharp", "{EF606CD0-1FC3-4BA0-A38F-76D740E34E72}"
EndProject
Project("{2150E333-8FDC-42A3-9474-1A3956D46DE8}") = "Operon", "..\..\operon\src\Operon", "{84DBE2E5-94F4-4C71-BC62-C5BC85BE525A}"
EndProject
Project("{2150E333-8FDC-42A3-9474-1A3956D46DE8}") = "src", "..\..\operon\src", "{1DAFADE7-EDB4-4127-A1BD-03A58822781A}"
EndProject
Project("{2150E333-8FDC-42A3-9474-1A3956D46DE8}") = "operon", "..\..\operon", "{03640E04-2D6F-4F47-9F34-5275758D963D}"
EndProject
Global
	GlobalSection(SolutionConfigurationPlatforms) = preSolution
		Debug|Any CPU = Debug|Any CPU
		Release|Any CPU = Release|Any CPU
	EndGlobalSection
	GlobalSection(ProjectConfigurationPlatforms) = postSolution
		{9A85BB89-8946-42C7-AEEC-C777BBE31FCA}.Debug|Any CPU.ActiveCfg = Debug|Any CPU
		{9A85BB89-8946-42C7-AEEC-C777BBE31FCA}.Debug|Any CPU.Build.0 = Debug|Any CPU
		{9A85BB89-8946-42C7-AEEC-C777BBE31FCA}.Release|Any CPU.ActiveCfg = Release|Any CPU
		{9A85BB89-8946-42C7-AEEC-C777BBE31FCA}.Release|Any CPU.Build.0 = Release|Any CPU
		{327D2DED-331C-42EB-8E2F-446DB9E55C03}.Debug|Any CPU.ActiveCfg = Debug|Any CPU
		{327D2DED-331C-42EB-8E2F-446DB9E55C03}.Debug|Any CPU.Build.0 = Debug|Any CPU
		{327D2DED-331C-42EB-8E2F-446DB9E55C03}.Release|Any CPU.ActiveCfg = Release|Any CPU
		{327D2DED-331C-42EB-8E2F-446DB9E55C03}.Release|Any CPU.Build.0 = Release|Any CPU
		{5ADF8E87-183A-46AF-B85F-2315FB73407E}.Debug|Any CPU.ActiveCfg = Debug|Any CPU
		{5ADF8E87-183A-46AF-B85F-2315FB73407E}.Debug|Any CPU.Build.0 = Debug|Any CPU
		{5ADF8E87-183A-46AF-B85F-2315FB73407E}.Release|Any CPU.ActiveCfg = Release|Any CPU
		{5ADF8E87-183A-46AF-B85F-2315FB73407E}.Release|Any CPU.Build.0 = Release|Any CPU
		{F33B334A-FC72-4F71-B169-77F3A142574D}.Debug|Any CPU.ActiveCfg = Debug|Any CPU
		{F33B334A-FC72-4F71-B169-77F3A142574D}.Debug|Any CPU.Build.0 = Debug|Any CPU
		{F33B334A-FC72-4F71-B169-77F3A142574D}.Release|Any CPU.ActiveCfg = Release|Any CPU
		{F33B334A-FC72-4F71-B169-77F3A142574D}.Release|Any CPU.Build.0 = Release|Any CPU
		{A488AAC4-AFD1-4505-BA4C-CC9F07897662}.Debug|Any CPU.ActiveCfg = Debug|Any CPU
		{A488AAC4-AFD1-4505-BA4C-CC9F07897662}.Debug|Any CPU.Build.0 = Debug|Any CPU
		{A488AAC4-AFD1-4505-BA4C-CC9F07897662}.Release|Any CPU.ActiveCfg = Release|Any CPU
		{A488AAC4-AFD1-4505-BA4C-CC9F07897662}.Release|Any CPU.Build.0 = Release|Any CPU
		{D9F326D9-DB0C-45B1-98EE-798A044264DF}.Debug|Any CPU.ActiveCfg = Debug|Any CPU
		{D9F326D9-DB0C-45B1-98EE-798A044264DF}.Debug|Any CPU.Build.0 = Debug|Any CPU
		{D9F326D9-DB0C-45B1-98EE-798A044264DF}.Release|Any CPU.ActiveCfg = Release|Any CPU
		{D9F326D9-DB0C-45B1-98EE-798A044264DF}.Release|Any CPU.Build.0 = Release|Any CPU
		{493A93E2-946D-4210-B21F-F15CD12E5116}.Debug|Any CPU.ActiveCfg = Debug|Any CPU
		{493A93E2-946D-4210-B21F-F15CD12E5116}.Debug|Any CPU.Build.0 = Debug|Any CPU
		{493A93E2-946D-4210-B21F-F15CD12E5116}.Release|Any CPU.ActiveCfg = Release|Any CPU
		{493A93E2-946D-4210-B21F-F15CD12E5116}.Release|Any CPU.Build.0 = Release|Any CPU
	EndGlobalSection
	GlobalSection(SolutionProperties) = preSolution
		HideSolutionNode = FALSE
	EndGlobalSection
	GlobalSection(NestedProjects) = preSolution
		{327D2DED-331C-42EB-8E2F-446DB9E55C03} = {5DB89BC0-FDD6-4764-B115-04D2B6D6E3A7}
		{5DB89BC0-FDD6-4764-B115-04D2B6D6E3A7} = {DC64F485-2487-433D-84D7-E6225F044387}
		{DC64F485-2487-433D-84D7-E6225F044387} = {2B0A7E20-99E3-4C12-BF26-17A253D0CB30}
		{2B0A7E20-99E3-4C12-BF26-17A253D0CB30} = {6C880513-DBAA-4886-86DA-0237D75D2717}
		{5ADF8E87-183A-46AF-B85F-2315FB73407E} = {4C01BFE5-704A-4863-A14B-18EB2F59B2A8}
		{4C01BFE5-704A-4863-A14B-18EB2F59B2A8} = {4BA76655-B3D2-4DA2-BB81-8C8BC50BD788}
		{F33B334A-FC72-4F71-B169-77F3A142574D} = {6CAD9EB7-5040-4457-85E0-7941BFBBC6CD}
		{6CAD9EB7-5040-4457-85E0-7941BFBBC6CD} = {4BA76655-B3D2-4DA2-BB81-8C8BC50BD788}
		{4BA76655-B3D2-4DA2-BB81-8C8BC50BD788} = {568ED306-8BB8-415D-9879-0E6181F5B405}
		{568ED306-8BB8-415D-9879-0E6181F5B405} = {6C880513-DBAA-4886-86DA-0237D75D2717}
		{A488AAC4-AFD1-4505-BA4C-CC9F07897662} = {88B82517-F697-4496-A984-828485622D1A}
		{88B82517-F697-4496-A984-828485622D1A} = {C955F783-020B-4D68-AE64-B335775EF805}
		{D9F326D9-DB0C-45B1-98EE-798A044264DF} = {8BD3E6F6-0005-4A15-A287-67709A62BF7E}
		{8BD3E6F6-0005-4A15-A287-67709A62BF7E} = {C955F783-020B-4D68-AE64-B335775EF805}
		{C955F783-020B-4D68-AE64-B335775EF805} = {BC1ECAFB-2A89-48B5-9F1F-EDC60660EA53}
		{BC1ECAFB-2A89-48B5-9F1F-EDC60660EA53} = {6C880513-DBAA-4886-86DA-0237D75D2717}
		{6C880513-DBAA-4886-86DA-0237D75D2717} = {EF606CD0-1FC3-4BA0-A38F-76D740E34E72}
		{493A93E2-946D-4210-B21F-F15CD12E5116} = {84DBE2E5-94F4-4C71-BC62-C5BC85BE525A}
		{84DBE2E5-94F4-4C71-BC62-C5BC85BE525A} = {1DAFADE7-EDB4-4127-A1BD-03A58822781A}
		{1DAFADE7-EDB4-4127-A1BD-03A58822781A} = {03640E04-2D6F-4F47-9F34-5275758D963D}
	EndGlobalSection
	GlobalSection(ExtensibilityGlobals) = postSolution
		SolutionGuid = {A6A9117A-C650-4DBC-BF60-069C5851A541}
	EndGlobalSection
EndGlobal
